{
	"name": "@deepkit/type-angular",
	"version": "1.0.1-alpha.42",
	"lockfileVersion": 1,
	"requires": true,
	"dependencies": {
		"@angular/core": {
			"version": "11.0.9",
			"resolved": "https://registry.npmjs.org/@angular/core/-/core-11.0.9.tgz",
			"integrity": "sha512-J0ff3UK2Cw7Z0eNLtUXrpMFvmmkvPPZWLYIwimyc1pZys7qsIVT6cy2ybGEOhbJgC6qt3fo0DoJV3pGXTalb8A==",
			"dev": true,
			"requires": {
				"tslib": "^2.0.0"
			},
			"dependencies": {
				"tslib": {
					"version": "2.2.0",
					"resolved": "https://registry.npmjs.org/tslib/-/tslib-2.2.0.tgz",
					"integrity": "sha512-gS9GVHRU+RGn5KQM2rllAlR3dU6m7AcpJKdtH8gFvQiC4Otgk98XnmMU+nZenHt/+VhnBPWwgrJsyrdcw6i23w==",
					"dev": true
				}
			}
		},
		"@angular/forms": {
			"version": "11.0.9",
			"resolved": "https://registry.npmjs.org/@angular/forms/-/forms-11.0.9.tgz",
			"integrity": "sha512-DHi4puesP5iSBToT4FZVqLYZZpZDlAy2wgBe+OhCq7GCIqi8OLejB3bp9BnUd/WnNAHJd3zEjytexih6EPE0Xg==",
			"dev": true,
			"requires": {
				"tslib": "^2.0.0"
			},
			"dependencies": {
				"tslib": {
					"version": "2.2.0",
					"resolved": "https://registry.npmjs.org/tslib/-/tslib-2.2.0.tgz",
					"integrity": "sha512-gS9GVHRU+RGn5KQM2rllAlR3dU6m7AcpJKdtH8gFvQiC4Otgk98XnmMU+nZenHt/+VhnBPWwgrJsyrdcw6i23w==",
					"dev": true
				}
			}
		},
		"reflect-metadata": {
			"version": "0.1.13",
			"resolved": "https://registry.npmjs.org/reflect-metadata/-/reflect-metadata-0.1.13.tgz",
			"integrity": "sha512-Ts1Y/anZELhSsjMcU605fU9RE4Oi3p5ORujwbIKXfWa+0Zxs510Qrmrce5/Jowq3cHSZSJqBjypxmHarc+vEWg==",
			"dev": true
		},
		"rxjs": {
			"version": "6.6.3",
			"resolved": "https://registry.npmjs.org/rxjs/-/rxjs-6.6.3.tgz",
			"integrity": "sha512-trsQc+xYYXZ3urjOiJOuCOa5N3jAZ3eiSpQB5hIT8zGlL2QfnHLJ2r7GMkBGuIausdJN1OneaI6gQlsqNHHmZQ==",
			"dev": true,
			"requires": {
				"tslib": "^1.9.0"
			}
		},
		"tslib": {
			"version": "1.14.1",
			"resolved": "https://registry.npmjs.org/tslib/-/tslib-1.14.1.tgz",
			"integrity": "sha512-Xni35NKzjgMrwevysHTCArtLDpPvye8zV/0E4EyYn43P7/7qvQwPh9BGkHewbMulVntbigmcT7rdX3BNo9wRJg==",
			"dev": true
		}
	}
}
