{
	"name": "@deepkit/type-angular",
	"version": "1.0.1-alpha.75",
	"lockfileVersion": 2,
	"requires": true,
	"packages": {
		"": {
			"name": "@deepkit/type-angular",
			"version": "1.0.1-alpha.72",
			"license": "MIT",
			"devDependencies": {
				"@angular/core": "~10.2.3 || ~11.0.0",
				"@angular/forms": "~10.2.3 || ~11.0.0",
				"rxjs": "~6.6.0"
			},
			"peerDependencies": {
				"@deepkit/core": "^1.0.1-alpha.19",
				"@deepkit/type": "^1.0.1-alpha.19"
			}
		},
		"node_modules/@angular/common": {
			"version": "11.0.9",
			"resolved": "https://registry.npmjs.org/@angular/common/-/common-11.0.9.tgz",
			"integrity": "sha512-QYJx+Y7Bmqdwtyk8TZDqF6io7gPaiZnUPrS/JbV/qB1QA8Q0OVaJSRRy/d0ahsc385+OiUhT7gVnbEh92oWXmQ==",
			"dev": true,
			"peer": true,
			"dependencies": {
				"tslib": "^2.0.0"
			},
			"peerDependencies": {
				"@angular/core": "11.0.9",
				"rxjs": "^6.5.3"
			}
		},
		"node_modules/@angular/core": {
			"version": "11.0.9",
			"resolved": "https://registry.npmjs.org/@angular/core/-/core-11.0.9.tgz",
			"integrity": "sha512-J0ff3UK2Cw7Z0eNLtUXrpMFvmmkvPPZWLYIwimyc1pZys7qsIVT6cy2ybGEOhbJgC6qt3fo0DoJV3pGXTalb8A==",
			"dev": true,
			"dependencies": {
				"tslib": "^2.0.0"
			},
			"peerDependencies": {
				"rxjs": "^6.5.3",
				"zone.js": "~0.10.3"
			}
		},
		"node_modules/@angular/forms": {
			"version": "11.0.9",
			"resolved": "https://registry.npmjs.org/@angular/forms/-/forms-11.0.9.tgz",
			"integrity": "sha512-DHi4puesP5iSBToT4FZVqLYZZpZDlAy2wgBe+OhCq7GCIqi8OLejB3bp9BnUd/WnNAHJd3zEjytexih6EPE0Xg==",
			"dev": true,
			"dependencies": {
				"tslib": "^2.0.0"
			},
			"peerDependencies": {
				"@angular/common": "11.0.9",
				"@angular/core": "11.0.9",
				"@angular/platform-browser": "11.0.9",
				"rxjs": "^6.5.3"
			}
		},
		"node_modules/@angular/platform-browser": {
			"version": "11.0.9",
			"resolved": "https://registry.npmjs.org/@angular/platform-browser/-/platform-browser-11.0.9.tgz",
			"integrity": "sha512-snuq8SaIRuVDYJLy80kYCEuVITZZbtG3PvxamATvzpgYpAzBskToc4/7LKJk0IEVSMvKzi8eSBCDaK2f2ZJB3A==",
			"dev": true,
			"peer": true,
			"dependencies": {
				"tslib": "^2.0.0"
			},
			"peerDependencies": {
				"@angular/animations": "11.0.9",
				"@angular/common": "11.0.9",
				"@angular/core": "11.0.9"
			},
			"peerDependenciesMeta": {
				"@angular/animations": {
					"optional": true
				}
			}
		},
		"node_modules/@deepkit/core": {
			"version": "1.0.1-alpha.65",
			"resolved": "https://registry.npmjs.org/@deepkit/core/-/core-1.0.1-alpha.65.tgz",
			"integrity": "sha512-L52r3uSGu+kEjsq/9vVoora2fIWDFi/wmwkGtDJjbpbW1oY02jGYy73ImM7jeKeTfFen+3bw6Fk+tTVH4EChRg==",
			"peer": true,
			"dependencies": {
				"dot-prop": "^5.1.1",
				"to-fast-properties": "^3.0.1"
			}
		},
		"node_modules/@deepkit/type": {
			"version": "1.0.1-alpha.71",
			"resolved": "https://registry.npmjs.org/@deepkit/type/-/type-1.0.1-alpha.71.tgz",
			"integrity": "sha512-/fGp3qCus+lY/G2AUyb5rPI72SyFvA5f+X3djKXgfk0QAB7pxNPjBLNBHXD+yupzl0im+YEL9K1AL+KNLF9m0w==",
			"peer": true,
			"dependencies": {
				"@deepkit/type-spec": "^1.0.1-alpha.71",
				"@types/uuid": "^8.3.0",
				"buffer": "^5.2.1",
				"uuid": "^8.3.2"
			},
			"peerDependencies": {
				"@deepkit/core": "^1.0.1-alpha.13"
			}
		},
		"node_modules/@deepkit/type-spec": {
			"version": "1.0.1-alpha.71",
			"resolved": "https://registry.npmjs.org/@deepkit/type-spec/-/type-spec-1.0.1-alpha.71.tgz",
			"integrity": "sha512-Xug9GrBMMyZPyW4WLIVFd3wg126mNoViJpQaWZUbyDFTZWMIh+YCWbtsCSXTxOxk6QBZoB8Tq0OuUvrp+3crRg==",
			"peer": true
		},
		"node_modules/@types/uuid": {
			"version": "8.3.4",
			"resolved": "https://registry.npmjs.org/@types/uuid/-/uuid-8.3.4.tgz",
			"integrity": "sha512-c/I8ZRb51j+pYGAu5CrFMRxqZ2ke4y2grEBO5AUjgSkSk+qT2Ea+OdWElz/OiMf5MNpn2b17kuVBwZLQJXzihw==",
			"peer": true
		},
		"node_modules/base64-js": {
			"version": "1.5.1",
			"resolved": "https://registry.npmjs.org/base64-js/-/base64-js-1.5.1.tgz",
			"integrity": "sha512-AKpaYlHn8t4SVbOHCy+b5+KKgvR4vrsD8vbvrbiQJps7fKDTkjkDry6ji0rUJjC0kzbNePLwzxq8iypo41qeWA==",
			"funding": [
				{
					"type": "github",
					"url": "https://github.com/sponsors/feross"
				},
				{
					"type": "patreon",
					"url": "https://www.patreon.com/feross"
				},
				{
					"type": "consulting",
					"url": "https://feross.org/support"
				}
			],
			"peer": true
		},
		"node_modules/buffer": {
			"version": "5.7.1",
			"resolved": "https://registry.npmjs.org/buffer/-/buffer-5.7.1.tgz",
			"integrity": "sha512-EHcyIPBQ4BSGlvjB16k5KgAJ27CIsHY/2JBmCRReo48y9rQ3MaUzWX3KVlBa4U7MyX02HdVj0K7C3WaB3ju7FQ==",
			"funding": [
				{
					"type": "github",
					"url": "https://github.com/sponsors/feross"
				},
				{
					"type": "patreon",
					"url": "https://www.patreon.com/feross"
				},
				{
					"type": "consulting",
					"url": "https://feross.org/support"
				}
			],
			"peer": true,
			"dependencies": {
				"base64-js": "^1.3.1",
				"ieee754": "^1.1.13"
			}
		},
		"node_modules/dot-prop": {
			"version": "5.3.0",
			"resolved": "https://registry.npmjs.org/dot-prop/-/dot-prop-5.3.0.tgz",
			"integrity": "sha512-QM8q3zDe58hqUqjraQOmzZ1LIH9SWQJTlEKCH4kJ2oQvLZk7RbQXvtDM2XEq3fwkV9CCvvH4LA0AV+ogFsBM2Q==",
			"peer": true,
			"dependencies": {
				"is-obj": "^2.0.0"
			},
			"engines": {
				"node": ">=8"
			}
		},
		"node_modules/ieee754": {
			"version": "1.2.1",
			"resolved": "https://registry.npmjs.org/ieee754/-/ieee754-1.2.1.tgz",
			"integrity": "sha512-dcyqhDvX1C46lXZcVqCpK+FtMRQVdIMN6/Df5js2zouUsqG7I6sFxitIC+7KYK29KdXOLHdu9zL4sFnoVQnqaA==",
			"funding": [
				{
					"type": "github",
					"url": "https://github.com/sponsors/feross"
				},
				{
					"type": "patreon",
					"url": "https://www.patreon.com/feross"
				},
				{
					"type": "consulting",
					"url": "https://feross.org/support"
				}
			],
			"peer": true
		},
		"node_modules/is-obj": {
			"version": "2.0.0",
			"resolved": "https://registry.npmjs.org/is-obj/-/is-obj-2.0.0.tgz",
			"integrity": "sha512-drqDG3cbczxxEJRoOXcOjtdp1J/lyp1mNn0xaznRs8+muBhgQcrnbspox5X5fOw0HnMnbfDzvnEMEtqDEJEo8w==",
			"peer": true,
			"engines": {
				"node": ">=8"
			}
		},
		"node_modules/rxjs": {
			"version": "6.6.7",
			"resolved": "https://registry.npmjs.org/rxjs/-/rxjs-6.6.7.tgz",
			"integrity": "sha512-hTdwr+7yYNIT5n4AMYp85KA6yw2Va0FLa3Rguvbpa4W3I5xynaBZo41cM3XM+4Q6fRMj3sBYIR1VAmZMXYJvRQ==",
			"dev": true,
			"dependencies": {
				"tslib": "^1.9.0"
			},
			"engines": {
				"npm": ">=2.0.0"
			}
		},
		"node_modules/rxjs/node_modules/tslib": {
			"version": "1.14.1",
			"resolved": "https://registry.npmjs.org/tslib/-/tslib-1.14.1.tgz",
			"integrity": "sha512-Xni35NKzjgMrwevysHTCArtLDpPvye8zV/0E4EyYn43P7/7qvQwPh9BGkHewbMulVntbigmcT7rdX3BNo9wRJg==",
			"dev": true
		},
		"node_modules/to-fast-properties": {
			"version": "3.0.1",
			"resolved": "https://registry.npmjs.org/to-fast-properties/-/to-fast-properties-3.0.1.tgz",
			"integrity": "sha512-/wtNi1tW1F3nf0OL6AqVxGw9Tr1ET70InMhJuVxPwFdGqparF0nQ4UWGLf2DsoI2bFDtthlBnALncZpUzOnsUw==",
			"peer": true,
			"engines": {
				"node": ">=8"
			},
			"funding": {
				"url": "https://github.com/sponsors/sindresorhus"
			}
		},
		"node_modules/tslib": {
			"version": "2.4.0",
			"resolved": "https://registry.npmjs.org/tslib/-/tslib-2.4.0.tgz",
			"integrity": "sha512-d6xOpEDfsi2CZVlPQzGeux8XMwLT9hssAsaPYExaQMuYskwb+x1x7J371tWlbBdWHroy99KnVB6qIkUbs5X3UQ==",
			"dev": true
		},
		"node_modules/uuid": {
			"version": "8.3.2",
			"resolved": "https://registry.npmjs.org/uuid/-/uuid-8.3.2.tgz",
			"integrity": "sha512-+NYs2QeMWy+GWFOEm9xnn6HCDp0l7QBD7ml8zLUmJ+93Q5NF0NocErnwkTkXVFNiX3/fpC6afS8Dhb/gz7R7eg==",
			"peer": true,
			"bin": {
				"uuid": "dist/bin/uuid"
			}
		},
		"node_modules/zone.js": {
			"version": "0.10.3",
			"resolved": "https://registry.npmjs.org/zone.js/-/zone.js-0.10.3.tgz",
			"integrity": "sha512-LXVLVEq0NNOqK/fLJo3d0kfzd4sxwn2/h67/02pjCjfKDxgx1i9QqpvtHD8CrBnSSwMw5+dy11O7FRX5mkO7Cg==",
			"dev": true,
			"peer": true
		}
	},
	"dependencies": {
		"@angular/common": {
			"version": "11.0.9",
			"resolved": "https://registry.npmjs.org/@angular/common/-/common-11.0.9.tgz",
			"integrity": "sha512-QYJx+Y7Bmqdwtyk8TZDqF6io7gPaiZnUPrS/JbV/qB1QA8Q0OVaJSRRy/d0ahsc385+OiUhT7gVnbEh92oWXmQ==",
			"dev": true,
			"peer": true,
			"requires": {
				"tslib": "^2.0.0"
			}
		},
		"@angular/core": {
			"version": "11.0.9",
			"resolved": "https://registry.npmjs.org/@angular/core/-/core-11.0.9.tgz",
			"integrity": "sha512-J0ff3UK2Cw7Z0eNLtUXrpMFvmmkvPPZWLYIwimyc1pZys7qsIVT6cy2ybGEOhbJgC6qt3fo0DoJV3pGXTalb8A==",
			"dev": true,
			"requires": {
				"tslib": "^2.0.0"
			}
		},
		"@angular/forms": {
			"version": "11.0.9",
			"resolved": "https://registry.npmjs.org/@angular/forms/-/forms-11.0.9.tgz",
			"integrity": "sha512-DHi4puesP5iSBToT4FZVqLYZZpZDlAy2wgBe+OhCq7GCIqi8OLejB3bp9BnUd/WnNAHJd3zEjytexih6EPE0Xg==",
			"dev": true,
			"requires": {
				"tslib": "^2.0.0"
			}
		},
		"@angular/platform-browser": {
			"version": "11.0.9",
			"resolved": "https://registry.npmjs.org/@angular/platform-browser/-/platform-browser-11.0.9.tgz",
			"integrity": "sha512-snuq8SaIRuVDYJLy80kYCEuVITZZbtG3PvxamATvzpgYpAzBskToc4/7LKJk0IEVSMvKzi8eSBCDaK2f2ZJB3A==",
			"dev": true,
			"peer": true,
			"requires": {
				"tslib": "^2.0.0"
			}
		},
		"@deepkit/core": {
			"version": "1.0.1-alpha.65",
			"resolved": "https://registry.npmjs.org/@deepkit/core/-/core-1.0.1-alpha.65.tgz",
			"integrity": "sha512-L52r3uSGu+kEjsq/9vVoora2fIWDFi/wmwkGtDJjbpbW1oY02jGYy73ImM7jeKeTfFen+3bw6Fk+tTVH4EChRg==",
			"peer": true,
			"requires": {
				"dot-prop": "^5.1.1",
				"to-fast-properties": "^3.0.1"
			}
		},
		"@deepkit/type": {
			"version": "1.0.1-alpha.71",
			"resolved": "https://registry.npmjs.org/@deepkit/type/-/type-1.0.1-alpha.71.tgz",
			"integrity": "sha512-/fGp3qCus+lY/G2AUyb5rPI72SyFvA5f+X3djKXgfk0QAB7pxNPjBLNBHXD+yupzl0im+YEL9K1AL+KNLF9m0w==",
			"peer": true,
			"requires": {
				"@deepkit/type-spec": "^1.0.1-alpha.71",
				"@types/uuid": "^8.3.0",
				"buffer": "^5.2.1",
				"uuid": "^8.3.2"
			}
		},
		"@deepkit/type-spec": {
			"version": "1.0.1-alpha.71",
			"resolved": "https://registry.npmjs.org/@deepkit/type-spec/-/type-spec-1.0.1-alpha.71.tgz",
			"integrity": "sha512-Xug9GrBMMyZPyW4WLIVFd3wg126mNoViJpQaWZUbyDFTZWMIh+YCWbtsCSXTxOxk6QBZoB8Tq0OuUvrp+3crRg==",
			"peer": true
		},
		"@types/uuid": {
			"version": "8.3.4",
			"resolved": "https://registry.npmjs.org/@types/uuid/-/uuid-8.3.4.tgz",
			"integrity": "sha512-c/I8ZRb51j+pYGAu5CrFMRxqZ2ke4y2grEBO5AUjgSkSk+qT2Ea+OdWElz/OiMf5MNpn2b17kuVBwZLQJXzihw==",
			"peer": true
		},
		"base64-js": {
			"version": "1.5.1",
			"resolved": "https://registry.npmjs.org/base64-js/-/base64-js-1.5.1.tgz",
			"integrity": "sha512-AKpaYlHn8t4SVbOHCy+b5+KKgvR4vrsD8vbvrbiQJps7fKDTkjkDry6ji0rUJjC0kzbNePLwzxq8iypo41qeWA==",
			"peer": true
		},
		"buffer": {
			"version": "5.7.1",
			"resolved": "https://registry.npmjs.org/buffer/-/buffer-5.7.1.tgz",
			"integrity": "sha512-EHcyIPBQ4BSGlvjB16k5KgAJ27CIsHY/2JBmCRReo48y9rQ3MaUzWX3KVlBa4U7MyX02HdVj0K7C3WaB3ju7FQ==",
			"peer": true,
			"requires": {
				"base64-js": "^1.3.1",
				"ieee754": "^1.1.13"
			}
		},
		"dot-prop": {
			"version": "5.3.0",
			"resolved": "https://registry.npmjs.org/dot-prop/-/dot-prop-5.3.0.tgz",
			"integrity": "sha512-QM8q3zDe58hqUqjraQOmzZ1LIH9SWQJTlEKCH4kJ2oQvLZk7RbQXvtDM2XEq3fwkV9CCvvH4LA0AV+ogFsBM2Q==",
			"peer": true,
			"requires": {
				"is-obj": "^2.0.0"
			}
		},
		"ieee754": {
			"version": "1.2.1",
			"resolved": "https://registry.npmjs.org/ieee754/-/ieee754-1.2.1.tgz",
			"integrity": "sha512-dcyqhDvX1C46lXZcVqCpK+FtMRQVdIMN6/Df5js2zouUsqG7I6sFxitIC+7KYK29KdXOLHdu9zL4sFnoVQnqaA==",
			"peer": true
		},
		"is-obj": {
			"version": "2.0.0",
			"resolved": "https://registry.npmjs.org/is-obj/-/is-obj-2.0.0.tgz",
			"integrity": "sha512-drqDG3cbczxxEJRoOXcOjtdp1J/lyp1mNn0xaznRs8+muBhgQcrnbspox5X5fOw0HnMnbfDzvnEMEtqDEJEo8w==",
			"peer": true
		},
		"rxjs": {
			"version": "6.6.7",
			"resolved": "https://registry.npmjs.org/rxjs/-/rxjs-6.6.7.tgz",
			"integrity": "sha512-hTdwr+7yYNIT5n4AMYp85KA6yw2Va0FLa3Rguvbpa4W3I5xynaBZo41cM3XM+4Q6fRMj3sBYIR1VAmZMXYJvRQ==",
			"dev": true,
			"requires": {
				"tslib": "^1.9.0"
			},
			"dependencies": {
				"tslib": {
					"version": "1.14.1",
					"resolved": "https://registry.npmjs.org/tslib/-/tslib-1.14.1.tgz",
					"integrity": "sha512-Xni35NKzjgMrwevysHTCArtLDpPvye8zV/0E4EyYn43P7/7qvQwPh9BGkHewbMulVntbigmcT7rdX3BNo9wRJg==",
					"dev": true
				}
			}
		},
		"to-fast-properties": {
			"version": "3.0.1",
			"resolved": "https://registry.npmjs.org/to-fast-properties/-/to-fast-properties-3.0.1.tgz",
			"integrity": "sha512-/wtNi1tW1F3nf0OL6AqVxGw9Tr1ET70InMhJuVxPwFdGqparF0nQ4UWGLf2DsoI2bFDtthlBnALncZpUzOnsUw==",
			"peer": true
		},
		"tslib": {
			"version": "2.4.0",
			"resolved": "https://registry.npmjs.org/tslib/-/tslib-2.4.0.tgz",
			"integrity": "sha512-d6xOpEDfsi2CZVlPQzGeux8XMwLT9hssAsaPYExaQMuYskwb+x1x7J371tWlbBdWHroy99KnVB6qIkUbs5X3UQ==",
			"dev": true
		},
		"uuid": {
			"version": "8.3.2",
			"resolved": "https://registry.npmjs.org/uuid/-/uuid-8.3.2.tgz",
			"integrity": "sha512-+NYs2QeMWy+GWFOEm9xnn6HCDp0l7QBD7ml8zLUmJ+93Q5NF0NocErnwkTkXVFNiX3/fpC6afS8Dhb/gz7R7eg==",
			"peer": true
		},
		"zone.js": {
			"version": "0.10.3",
			"resolved": "https://registry.npmjs.org/zone.js/-/zone.js-0.10.3.tgz",
			"integrity": "sha512-LXVLVEq0NNOqK/fLJo3d0kfzd4sxwn2/h67/02pjCjfKDxgx1i9QqpvtHD8CrBnSSwMw5+dy11O7FRX5mkO7Cg==",
			"dev": true,
			"peer": true
		}
	}
}
