{
	"name": "@deepkit/type-angular",
	"version": "1.0.1-alpha.31",
	"lockfileVersion": 2,
	"requires": true,
	"packages": {
		"": {
			"name": "@deepkit/type-angular",
			"version": "1.0.1-alpha.30",
			"license": "MIT",
			"devDependencies": {
				"@angular/core": "~10.2.3 || ~11.0.0",
				"@angular/forms": "~10.2.3 || ~11.0.0",
				"reflect-metadata": "^0.1.13",
				"rxjs": "~6.6.0"
			},
			"peerDependencies": {
				"@angular/core": "~10.2.3 || ~11.0.0",
				"@angular/forms": "~10.2.3 || ~11.0.0",
				"@deepkit/core": "^1.0.1-alpha.19",
				"@deepkit/type": "^1.0.1-alpha.19"
			}
		},
		"node_modules/@angular/core": {
			"version": "11.0.9",
			"resolved": "https://registry.npmjs.org/@angular/core/-/core-11.0.9.tgz",
			"integrity": "sha512-J0ff3UK2Cw7Z0eNLtUXrpMFvmmkvPPZWLYIwimyc1pZys7qsIVT6cy2ybGEOhbJgC6qt3fo0DoJV3pGXTalb8A==",
			"dev": true,
			"dependencies": {
				"tslib": "^2.0.0"
			}
		},
		"node_modules/@angular/core/node_modules/tslib": {
			"version": "2.2.0",
			"resolved": "https://registry.npmjs.org/tslib/-/tslib-2.2.0.tgz",
			"integrity": "sha512-gS9GVHRU+RGn5KQM2rllAlR3dU6m7AcpJKdtH8gFvQiC4Otgk98XnmMU+nZenHt/+VhnBPWwgrJsyrdcw6i23w==",
			"dev": true
		},
		"node_modules/@angular/forms": {
			"version": "11.0.9",
			"resolved": "https://registry.npmjs.org/@angular/forms/-/forms-11.0.9.tgz",
			"integrity": "sha512-DHi4puesP5iSBToT4FZVqLYZZpZDlAy2wgBe+OhCq7GCIqi8OLejB3bp9BnUd/WnNAHJd3zEjytexih6EPE0Xg==",
			"dev": true,
			"dependencies": {
				"tslib": "^2.0.0"
			}
		},
		"node_modules/@angular/forms/node_modules/tslib": {
			"version": "2.2.0",
			"resolved": "https://registry.npmjs.org/tslib/-/tslib-2.2.0.tgz",
			"integrity": "sha512-gS9GVHRU+RGn5KQM2rllAlR3dU6m7AcpJKdtH8gFvQiC4Otgk98XnmMU+nZenHt/+VhnBPWwgrJsyrdcw6i23w==",
			"dev": true
		},
		"node_modules/@deepkit/core": {
			"version": "1.0.1-alpha.30",
			"resolved": "https://registry.npmjs.org/@deepkit/core/-/core-1.0.1-alpha.30.tgz",
			"integrity": "sha512-oEG5jV/naiiR2LNzxlA/JDM/ADcsp1fdT/c3ZE1YqeVldKYnGtvPS4R6luLX2utPMrMKSsL3jmgyio+juwbBHQ==",
			"peer": true,
			"dependencies": {
				"dot-prop": "^5.1.1",
				"to-fast-properties": "^3.0.1"
			}
		},
		"node_modules/@deepkit/type": {
			"version": "1.0.1-alpha.30",
			"resolved": "https://registry.npmjs.org/@deepkit/type/-/type-1.0.1-alpha.30.tgz",
			"integrity": "sha512-WfcAevmO9Z+s3zBjZOc0oIdkOhN0MHBdn9caQtDfEZp2MC8XlUvmMjoK2c8upWOV8E80N6YVEJ6BpAUEW4FB4Q==",
			"peer": true,
			"dependencies": {
				"@types/uuid": "^8.3.0",
				"@types/validator": "^13.1.0",
				"buffer": "^5.2.1",
				"clone": "^2.1.1",
				"uuid": "^8.3.2",
				"validator": "^13.1.17"
			},
			"peerDependencies": {
				"@deepkit/core": "^1.0.1-alpha.13",
				"reflect-metadata": "^0.1.13"
			}
		},
		"node_modules/@types/uuid": {
			"version": "8.3.0",
			"resolved": "https://registry.npmjs.org/@types/uuid/-/uuid-8.3.0.tgz",
			"integrity": "sha512-eQ9qFW/fhfGJF8WKHGEHZEyVWfZxrT+6CLIJGBcZPfxUh/+BnEj+UCGYMlr9qZuX/2AltsvwrGqp0LhEW8D0zQ==",
			"peer": true
		},
		"node_modules/@types/validator": {
			"version": "13.1.4",
			"resolved": "https://registry.npmjs.org/@types/validator/-/validator-13.1.4.tgz",
			"integrity": "sha512-19C02B8mr53HufY7S+HO/EHBD7a/R22IwEwyqiHaR19iwL37dN3o0M8RianVInfSSqP7InVSg/o0mUATM4JWsQ==",
			"peer": true
		},
		"node_modules/base64-js": {
			"version": "1.5.1",
			"resolved": "https://registry.npmjs.org/base64-js/-/base64-js-1.5.1.tgz",
			"integrity": "sha512-AKpaYlHn8t4SVbOHCy+b5+KKgvR4vrsD8vbvrbiQJps7fKDTkjkDry6ji0rUJjC0kzbNePLwzxq8iypo41qeWA==",
			"funding": [
				{
					"type": "github",
					"url": "https://github.com/sponsors/feross"
				},
				{
					"type": "patreon",
					"url": "https://www.patreon.com/feross"
				},
				{
					"type": "consulting",
					"url": "https://feross.org/support"
				}
			],
			"peer": true
		},
		"node_modules/buffer": {
			"version": "5.7.1",
			"resolved": "https://registry.npmjs.org/buffer/-/buffer-5.7.1.tgz",
			"integrity": "sha512-EHcyIPBQ4BSGlvjB16k5KgAJ27CIsHY/2JBmCRReo48y9rQ3MaUzWX3KVlBa4U7MyX02HdVj0K7C3WaB3ju7FQ==",
			"funding": [
				{
					"type": "github",
					"url": "https://github.com/sponsors/feross"
				},
				{
					"type": "patreon",
					"url": "https://www.patreon.com/feross"
				},
				{
					"type": "consulting",
					"url": "https://feross.org/support"
				}
			],
			"peer": true,
			"dependencies": {
				"base64-js": "^1.3.1",
				"ieee754": "^1.1.13"
			}
		},
		"node_modules/clone": {
			"version": "2.1.2",
			"resolved": "https://registry.npmjs.org/clone/-/clone-2.1.2.tgz",
			"integrity": "sha1-G39Ln1kfHo+DZwQBYANFoCiHQ18=",
			"peer": true,
			"engines": {
				"node": ">=0.8"
			}
		},
		"node_modules/dot-prop": {
			"version": "5.3.0",
			"resolved": "https://registry.npmjs.org/dot-prop/-/dot-prop-5.3.0.tgz",
			"integrity": "sha512-QM8q3zDe58hqUqjraQOmzZ1LIH9SWQJTlEKCH4kJ2oQvLZk7RbQXvtDM2XEq3fwkV9CCvvH4LA0AV+ogFsBM2Q==",
			"peer": true,
			"dependencies": {
				"is-obj": "^2.0.0"
			},
			"engines": {
				"node": ">=8"
			}
		},
		"node_modules/ieee754": {
			"version": "1.2.1",
			"resolved": "https://registry.npmjs.org/ieee754/-/ieee754-1.2.1.tgz",
			"integrity": "sha512-dcyqhDvX1C46lXZcVqCpK+FtMRQVdIMN6/Df5js2zouUsqG7I6sFxitIC+7KYK29KdXOLHdu9zL4sFnoVQnqaA==",
			"funding": [
				{
					"type": "github",
					"url": "https://github.com/sponsors/feross"
				},
				{
					"type": "patreon",
					"url": "https://www.patreon.com/feross"
				},
				{
					"type": "consulting",
					"url": "https://feross.org/support"
				}
			],
			"peer": true
		},
		"node_modules/is-obj": {
			"version": "2.0.0",
			"resolved": "https://registry.npmjs.org/is-obj/-/is-obj-2.0.0.tgz",
			"integrity": "sha512-drqDG3cbczxxEJRoOXcOjtdp1J/lyp1mNn0xaznRs8+muBhgQcrnbspox5X5fOw0HnMnbfDzvnEMEtqDEJEo8w==",
			"peer": true,
			"engines": {
				"node": ">=8"
			}
		},
		"node_modules/reflect-metadata": {
			"version": "0.1.13",
			"resolved": "https://registry.npmjs.org/reflect-metadata/-/reflect-metadata-0.1.13.tgz",
			"integrity": "sha512-Ts1Y/anZELhSsjMcU605fU9RE4Oi3p5ORujwbIKXfWa+0Zxs510Qrmrce5/Jowq3cHSZSJqBjypxmHarc+vEWg=="
		},
		"node_modules/rxjs": {
			"version": "6.6.3",
			"resolved": "https://registry.npmjs.org/rxjs/-/rxjs-6.6.3.tgz",
			"integrity": "sha512-trsQc+xYYXZ3urjOiJOuCOa5N3jAZ3eiSpQB5hIT8zGlL2QfnHLJ2r7GMkBGuIausdJN1OneaI6gQlsqNHHmZQ==",
			"dev": true,
			"dependencies": {
				"tslib": "^1.9.0"
			},
			"engines": {
				"npm": ">=2.0.0"
			}
		},
		"node_modules/to-fast-properties": {
			"version": "3.0.1",
			"resolved": "https://registry.npmjs.org/to-fast-properties/-/to-fast-properties-3.0.1.tgz",
			"integrity": "sha512-/wtNi1tW1F3nf0OL6AqVxGw9Tr1ET70InMhJuVxPwFdGqparF0nQ4UWGLf2DsoI2bFDtthlBnALncZpUzOnsUw==",
			"peer": true,
			"engines": {
				"node": ">=8"
			},
			"funding": {
				"url": "https://github.com/sponsors/sindresorhus"
			}
		},
		"node_modules/tslib": {
			"version": "1.14.1",
			"resolved": "https://registry.npmjs.org/tslib/-/tslib-1.14.1.tgz",
			"integrity": "sha512-Xni35NKzjgMrwevysHTCArtLDpPvye8zV/0E4EyYn43P7/7qvQwPh9BGkHewbMulVntbigmcT7rdX3BNo9wRJg==",
			"dev": true
		},
		"node_modules/uuid": {
			"version": "8.3.2",
			"resolved": "https://registry.npmjs.org/uuid/-/uuid-8.3.2.tgz",
			"integrity": "sha512-+NYs2QeMWy+GWFOEm9xnn6HCDp0l7QBD7ml8zLUmJ+93Q5NF0NocErnwkTkXVFNiX3/fpC6afS8Dhb/gz7R7eg==",
			"peer": true,
			"bin": {
				"uuid": "dist/bin/uuid"
			}
		},
		"node_modules/validator": {
			"version": "13.6.0",
			"resolved": "https://registry.npmjs.org/validator/-/validator-13.6.0.tgz",
			"integrity": "sha512-gVgKbdbHgtxpRyR8K0O6oFZPhhB5tT1jeEHZR0Znr9Svg03U0+r9DXWMrnRAB+HtCStDQKlaIZm42tVsVjqtjg==",
			"peer": true,
			"engines": {
				"node": ">= 0.10"
			}
		}
	},
	"dependencies": {
		"@angular/core": {
			"version": "11.0.9",
			"resolved": "https://registry.npmjs.org/@angular/core/-/core-11.0.9.tgz",
			"integrity": "sha512-J0ff3UK2Cw7Z0eNLtUXrpMFvmmkvPPZWLYIwimyc1pZys7qsIVT6cy2ybGEOhbJgC6qt3fo0DoJV3pGXTalb8A==",
			"dev": true,
			"requires": {
				"tslib": "^2.0.0"
			},
			"dependencies": {
				"tslib": {
					"version": "2.2.0",
					"resolved": "https://registry.npmjs.org/tslib/-/tslib-2.2.0.tgz",
					"integrity": "sha512-gS9GVHRU+RGn5KQM2rllAlR3dU6m7AcpJKdtH8gFvQiC4Otgk98XnmMU+nZenHt/+VhnBPWwgrJsyrdcw6i23w==",
					"dev": true
				}
			}
		},
		"@angular/forms": {
			"version": "11.0.9",
			"resolved": "https://registry.npmjs.org/@angular/forms/-/forms-11.0.9.tgz",
			"integrity": "sha512-DHi4puesP5iSBToT4FZVqLYZZpZDlAy2wgBe+OhCq7GCIqi8OLejB3bp9BnUd/WnNAHJd3zEjytexih6EPE0Xg==",
			"dev": true,
			"requires": {
				"tslib": "^2.0.0"
			},
			"dependencies": {
				"tslib": {
					"version": "2.2.0",
					"resolved": "https://registry.npmjs.org/tslib/-/tslib-2.2.0.tgz",
					"integrity": "sha512-gS9GVHRU+RGn5KQM2rllAlR3dU6m7AcpJKdtH8gFvQiC4Otgk98XnmMU+nZenHt/+VhnBPWwgrJsyrdcw6i23w==",
					"dev": true
				}
			}
		},
		"@deepkit/core": {
			"version": "1.0.1-alpha.30",
			"resolved": "https://registry.npmjs.org/@deepkit/core/-/core-1.0.1-alpha.30.tgz",
			"integrity": "sha512-oEG5jV/naiiR2LNzxlA/JDM/ADcsp1fdT/c3ZE1YqeVldKYnGtvPS4R6luLX2utPMrMKSsL3jmgyio+juwbBHQ==",
			"peer": true,
			"requires": {
				"dot-prop": "^5.1.1",
				"to-fast-properties": "^3.0.1"
			}
		},
		"@deepkit/type": {
			"version": "1.0.1-alpha.30",
			"resolved": "https://registry.npmjs.org/@deepkit/type/-/type-1.0.1-alpha.30.tgz",
			"integrity": "sha512-WfcAevmO9Z+s3zBjZOc0oIdkOhN0MHBdn9caQtDfEZp2MC8XlUvmMjoK2c8upWOV8E80N6YVEJ6BpAUEW4FB4Q==",
			"peer": true,
			"requires": {
				"@types/uuid": "^8.3.0",
				"@types/validator": "^13.1.0",
				"buffer": "^5.2.1",
				"clone": "^2.1.1",
				"uuid": "^8.3.2",
				"validator": "^13.1.17"
			}
		},
		"@types/uuid": {
			"version": "8.3.0",
			"resolved": "https://registry.npmjs.org/@types/uuid/-/uuid-8.3.0.tgz",
			"integrity": "sha512-eQ9qFW/fhfGJF8WKHGEHZEyVWfZxrT+6CLIJGBcZPfxUh/+BnEj+UCGYMlr9qZuX/2AltsvwrGqp0LhEW8D0zQ==",
			"peer": true
		},
		"@types/validator": {
			"version": "13.1.4",
			"resolved": "https://registry.npmjs.org/@types/validator/-/validator-13.1.4.tgz",
			"integrity": "sha512-19C02B8mr53HufY7S+HO/EHBD7a/R22IwEwyqiHaR19iwL37dN3o0M8RianVInfSSqP7InVSg/o0mUATM4JWsQ==",
			"peer": true
		},
		"base64-js": {
			"version": "1.5.1",
			"resolved": "https://registry.npmjs.org/base64-js/-/base64-js-1.5.1.tgz",
			"integrity": "sha512-AKpaYlHn8t4SVbOHCy+b5+KKgvR4vrsD8vbvrbiQJps7fKDTkjkDry6ji0rUJjC0kzbNePLwzxq8iypo41qeWA==",
			"peer": true
		},
		"buffer": {
			"version": "5.7.1",
			"resolved": "https://registry.npmjs.org/buffer/-/buffer-5.7.1.tgz",
			"integrity": "sha512-EHcyIPBQ4BSGlvjB16k5KgAJ27CIsHY/2JBmCRReo48y9rQ3MaUzWX3KVlBa4U7MyX02HdVj0K7C3WaB3ju7FQ==",
			"peer": true,
			"requires": {
				"base64-js": "^1.3.1",
				"ieee754": "^1.1.13"
			}
		},
		"clone": {
			"version": "2.1.2",
			"resolved": "https://registry.npmjs.org/clone/-/clone-2.1.2.tgz",
			"integrity": "sha1-G39Ln1kfHo+DZwQBYANFoCiHQ18=",
			"peer": true
		},
		"dot-prop": {
			"version": "5.3.0",
			"resolved": "https://registry.npmjs.org/dot-prop/-/dot-prop-5.3.0.tgz",
			"integrity": "sha512-QM8q3zDe58hqUqjraQOmzZ1LIH9SWQJTlEKCH4kJ2oQvLZk7RbQXvtDM2XEq3fwkV9CCvvH4LA0AV+ogFsBM2Q==",
			"peer": true,
			"requires": {
				"is-obj": "^2.0.0"
			}
		},
		"ieee754": {
			"version": "1.2.1",
			"resolved": "https://registry.npmjs.org/ieee754/-/ieee754-1.2.1.tgz",
			"integrity": "sha512-dcyqhDvX1C46lXZcVqCpK+FtMRQVdIMN6/Df5js2zouUsqG7I6sFxitIC+7KYK29KdXOLHdu9zL4sFnoVQnqaA==",
			"peer": true
		},
		"is-obj": {
			"version": "2.0.0",
			"resolved": "https://registry.npmjs.org/is-obj/-/is-obj-2.0.0.tgz",
			"integrity": "sha512-drqDG3cbczxxEJRoOXcOjtdp1J/lyp1mNn0xaznRs8+muBhgQcrnbspox5X5fOw0HnMnbfDzvnEMEtqDEJEo8w==",
			"peer": true
		},
		"reflect-metadata": {
			"version": "0.1.13",
			"resolved": "https://registry.npmjs.org/reflect-metadata/-/reflect-metadata-0.1.13.tgz",
			"integrity": "sha512-Ts1Y/anZELhSsjMcU605fU9RE4Oi3p5ORujwbIKXfWa+0Zxs510Qrmrce5/Jowq3cHSZSJqBjypxmHarc+vEWg=="
		},
		"rxjs": {
			"version": "6.6.3",
			"resolved": "https://registry.npmjs.org/rxjs/-/rxjs-6.6.3.tgz",
			"integrity": "sha512-trsQc+xYYXZ3urjOiJOuCOa5N3jAZ3eiSpQB5hIT8zGlL2QfnHLJ2r7GMkBGuIausdJN1OneaI6gQlsqNHHmZQ==",
			"dev": true,
			"requires": {
				"tslib": "^1.9.0"
			}
		},
		"to-fast-properties": {
			"version": "3.0.1",
			"resolved": "https://registry.npmjs.org/to-fast-properties/-/to-fast-properties-3.0.1.tgz",
			"integrity": "sha512-/wtNi1tW1F3nf0OL6AqVxGw9Tr1ET70InMhJuVxPwFdGqparF0nQ4UWGLf2DsoI2bFDtthlBnALncZpUzOnsUw==",
			"peer": true
		},
		"tslib": {
			"version": "1.14.1",
			"resolved": "https://registry.npmjs.org/tslib/-/tslib-1.14.1.tgz",
			"integrity": "sha512-Xni35NKzjgMrwevysHTCArtLDpPvye8zV/0E4EyYn43P7/7qvQwPh9BGkHewbMulVntbigmcT7rdX3BNo9wRJg==",
			"dev": true
		},
		"uuid": {
			"version": "8.3.2",
			"resolved": "https://registry.npmjs.org/uuid/-/uuid-8.3.2.tgz",
			"integrity": "sha512-+NYs2QeMWy+GWFOEm9xnn6HCDp0l7QBD7ml8zLUmJ+93Q5NF0NocErnwkTkXVFNiX3/fpC6afS8Dhb/gz7R7eg==",
			"peer": true
		},
		"validator": {
			"version": "13.6.0",
			"resolved": "https://registry.npmjs.org/validator/-/validator-13.6.0.tgz",
			"integrity": "sha512-gVgKbdbHgtxpRyR8K0O6oFZPhhB5tT1jeEHZR0Znr9Svg03U0+r9DXWMrnRAB+HtCStDQKlaIZm42tVsVjqtjg==",
			"peer": true
		}
	}
}
