{
	"name": "@deepkit/framework-client",
	"version": "1.0.0-alpha.5",
	"lockfileVersion": 1,
	"requires": true,
	"dependencies": {
		"@types/dot-prop": {
			"version": "4.2.0",
			"resolved": "https://registry.npmjs.org/@types/dot-prop/-/dot-prop-4.2.0.tgz",
			"integrity": "sha512-apjIE00iabw3WgAfjrqm4OVZwDM9TatnvyHWzyCKDQZxC0nmXo0TTL+sXWaZo+fTIHVQ7NoneD4xcxhKodESlg==",
			"dev": true
		},
		"@types/node": {
			"version": "14.0.18",
			"resolved": "https://registry.npmjs.org/@types/node/-/node-14.0.18.tgz",
			"integrity": "sha512-0Z3nS5acM0cIV4JPzrj9g/GH0Et5vmADWtip3YOXOp1NpOLU8V3KoZDc8ny9c1pe/YSYYzQkAWob6dyV/EWg4g==",
			"dev": true
		},
		"@types/ws": {
			"version": "6.0.4",
			"resolved": "https://registry.npmjs.org/@types/ws/-/ws-6.0.4.tgz",
			"integrity": "sha512-PpPrX7SZW9re6+Ha8ojZG4Se8AZXgf0GK6zmfqEuCsY49LFDNXO3SByp44X3dFEqtB73lkCDAdUazhAjVPiNwg==",
			"dev": true,
			"requires": {
				"@types/node": "*"
			}
		},
		"dot-prop": {
			"version": "5.3.0",
			"resolved": "https://registry.npmjs.org/dot-prop/-/dot-prop-5.3.0.tgz",
			"integrity": "sha512-QM8q3zDe58hqUqjraQOmzZ1LIH9SWQJTlEKCH4kJ2oQvLZk7RbQXvtDM2XEq3fwkV9CCvvH4LA0AV+ogFsBM2Q==",
			"requires": {
				"is-obj": "^2.0.0"
			}
		},
		"is-obj": {
			"version": "2.0.0",
			"resolved": "https://registry.npmjs.org/is-obj/-/is-obj-2.0.0.tgz",
			"integrity": "sha512-drqDG3cbczxxEJRoOXcOjtdp1J/lyp1mNn0xaznRs8+muBhgQcrnbspox5X5fOw0HnMnbfDzvnEMEtqDEJEo8w=="
		},
		"reflect-metadata": {
			"version": "0.1.13",
			"resolved": "https://registry.npmjs.org/reflect-metadata/-/reflect-metadata-0.1.13.tgz",
			"integrity": "sha512-Ts1Y/anZELhSsjMcU605fU9RE4Oi3p5ORujwbIKXfWa+0Zxs510Qrmrce5/Jowq3cHSZSJqBjypxmHarc+vEWg==",
			"dev": true
		},
		"rxjs": {
			"version": "6.5.5",
			"resolved": "https://registry.npmjs.org/rxjs/-/rxjs-6.5.5.tgz",
			"integrity": "sha512-WfQI+1gohdf0Dai/Bbmk5L5ItH5tYqm3ki2c5GdWhKjalzjg93N3avFjVStyZZz+A2Em+ZxKH5bNghw9UeylGQ==",
			"requires": {
				"tslib": "^1.9.0"
			}
		},
		"tslib": {
			"version": "1.13.0",
			"resolved": "https://registry.npmjs.org/tslib/-/tslib-1.13.0.tgz",
			"integrity": "sha512-i/6DQjL8Xf3be4K/E6Wgpekn5Qasl1usyw++dAA35Ue5orEn65VIxOA+YvNNl9HV3qv70T7CNwjODHZrLwvd1Q=="
		},
		"ws": {
			"version": "7.3.1",
			"resolved": "https://registry.npmjs.org/ws/-/ws-7.3.1.tgz",
			"integrity": "sha512-D3RuNkynyHmEJIpD2qrgVkc9DQ23OrN/moAwZX4L8DfvszsJxpjQuUq3LMx6HoYji9fbIOBY18XWBsAux1ZZUA=="
		}
	}
}
