{
	"name": "@deepkit/framework-debug-api",
	"version": "1.0.1-alpha.13",
	"lockfileVersion": 1,
	"requires": true,
	"dependencies": {
		"@deepkit/core": {
			"version": "1.0.0-y.0",
			"resolved": "https://registry.npmjs.org/@deepkit/core/-/core-1.0.0-y.0.tgz",
			"integrity": "sha512-5XCSISwR8VD3sqlb27vaAkPWOQKlDGKZj5x/1G3KZ1XuVnWMMooeCDp8u7Zr4Uux4ZhtAs+yvdevfwRa6iHmBA==",
			"requires": {
				"benchmark": "^2.1.4",
				"dot-prop": "^5.1.1",
				"to-fast-properties": "^3.0.1"
			},
			"dependencies": {
				"dot-prop": {
					"version": "5.3.0",
					"resolved": "https://registry.npmjs.org/dot-prop/-/dot-prop-5.3.0.tgz",
					"integrity": "sha512-QM8q3zDe58hqUqjraQOmzZ1LIH9SWQJTlEKCH4kJ2oQvLZk7RbQXvtDM2XEq3fwkV9CCvvH4LA0AV+ogFsBM2Q==",
					"requires": {
						"is-obj": "^2.0.0"
					}
				},
				"to-fast-properties": {
					"version": "3.0.1",
					"resolved": "https://registry.npmjs.org/to-fast-properties/-/to-fast-properties-3.0.1.tgz",
					"integrity": "sha512-/wtNi1tW1F3nf0OL6AqVxGw9Tr1ET70InMhJuVxPwFdGqparF0nQ4UWGLf2DsoI2bFDtthlBnALncZpUzOnsUw=="
				}
			}
		},
		"@deepkit/core-rxjs": {
			"version": "1.0.0-y.0",
			"resolved": "https://registry.npmjs.org/@deepkit/core-rxjs/-/core-rxjs-1.0.0-y.0.tgz",
			"integrity": "sha512-s4DD/HVyRP7eHvJZa9jrOplo9fOGAPH3ULzEGf/JSIcc4CssORJJBFZ7GgxAwtT51HicCs2mpExdaGJFSWtkpA=="
		},
		"@deepkit/framework-shared": {
			"version": "1.0.0-y.0",
			"resolved": "https://registry.npmjs.org/@deepkit/framework-shared/-/framework-shared-1.0.0-y.0.tgz",
			"integrity": "sha512-IHMuZLDAwCXJ3CdizSexp0lJiROJUKR54m76OtNQ2nXHSTgBTUo/PNWXxaPH3hgeqzOAJeIsCYs+ARQ2f6Vw1A==",
			"requires": {
				"@deepkit/core": "^1.0.0-y.0",
				"@deepkit/core-rxjs": "^1.0.0-y.0",
				"dot-prop": "^5.1.1",
				"fast-json-patch": "^2.1.0"
			},
			"dependencies": {
				"dot-prop": {
					"version": "5.3.0",
					"resolved": "https://registry.npmjs.org/dot-prop/-/dot-prop-5.3.0.tgz",
					"integrity": "sha512-QM8q3zDe58hqUqjraQOmzZ1LIH9SWQJTlEKCH4kJ2oQvLZk7RbQXvtDM2XEq3fwkV9CCvvH4LA0AV+ogFsBM2Q==",
					"requires": {
						"is-obj": "^2.0.0"
					}
				}
			}
		},
		"@deepkit/type": {
			"version": "1.0.0-alpha.21",
			"resolved": "https://registry.npmjs.org/@deepkit/type/-/type-1.0.0-alpha.21.tgz",
			"integrity": "sha512-A4egJCMNqawSBvneCbrmnk8X3SaLvK3LRClKB+ROnci/eA9ZGkyzg3+PiQLe4s8m1owKEuNNuKqRuIWJ5C84OA==",
			"requires": {
				"@deepkit/core": "^1.0.0-alpha.21",
				"buffer": "^5.2.1",
				"clone": "^2.1.1",
				"get-parameter-names": "^0.3.0",
				"moment": "^2.0.0",
				"uuid": "^3.2.1",
				"validator": "^13.1.17"
			}
		},
		"base64-js": {
			"version": "1.5.1",
			"resolved": "https://registry.npmjs.org/base64-js/-/base64-js-1.5.1.tgz",
			"integrity": "sha512-AKpaYlHn8t4SVbOHCy+b5+KKgvR4vrsD8vbvrbiQJps7fKDTkjkDry6ji0rUJjC0kzbNePLwzxq8iypo41qeWA=="
		},
		"benchmark": {
			"version": "2.1.4",
			"resolved": "https://registry.npmjs.org/benchmark/-/benchmark-2.1.4.tgz",
			"integrity": "sha1-CfPeMckWQl1JjMLuVloOvzwqVik=",
			"requires": {
				"lodash": "^4.17.4",
				"platform": "^1.3.3"
			}
		},
		"buffer": {
			"version": "5.7.1",
			"resolved": "https://registry.npmjs.org/buffer/-/buffer-5.7.1.tgz",
			"integrity": "sha512-EHcyIPBQ4BSGlvjB16k5KgAJ27CIsHY/2JBmCRReo48y9rQ3MaUzWX3KVlBa4U7MyX02HdVj0K7C3WaB3ju7FQ==",
			"requires": {
				"base64-js": "^1.3.1",
				"ieee754": "^1.1.13"
			}
		},
		"clone": {
			"version": "2.1.2",
			"resolved": "https://registry.npmjs.org/clone/-/clone-2.1.2.tgz",
			"integrity": "sha1-G39Ln1kfHo+DZwQBYANFoCiHQ18="
		},
		"fast-deep-equal": {
			"version": "2.0.1",
			"resolved": "https://registry.npmjs.org/fast-deep-equal/-/fast-deep-equal-2.0.1.tgz",
			"integrity": "sha1-ewUhjd+WZ79/Nwv3/bLLFf3Qqkk="
		},
		"fast-json-patch": {
			"version": "2.2.1",
			"resolved": "https://registry.npmjs.org/fast-json-patch/-/fast-json-patch-2.2.1.tgz",
			"integrity": "sha512-4j5uBaTnsYAV5ebkidvxiLUYOwjQ+JSFljeqfTxCrH9bDmlCQaOJFS84oDJ2rAXZq2yskmk3ORfoP9DCwqFNig==",
			"requires": {
				"fast-deep-equal": "^2.0.1"
			}
		},
		"get-parameter-names": {
			"version": "0.3.0",
			"resolved": "https://registry.npmjs.org/get-parameter-names/-/get-parameter-names-0.3.0.tgz",
			"integrity": "sha1-LSI3zVkubFuFmrLv2rQ18Ajlu5c="
		},
		"ieee754": {
			"version": "1.2.1",
			"resolved": "https://registry.npmjs.org/ieee754/-/ieee754-1.2.1.tgz",
			"integrity": "sha512-dcyqhDvX1C46lXZcVqCpK+FtMRQVdIMN6/Df5js2zouUsqG7I6sFxitIC+7KYK29KdXOLHdu9zL4sFnoVQnqaA=="
		},
		"is-obj": {
			"version": "2.0.0",
			"resolved": "https://registry.npmjs.org/is-obj/-/is-obj-2.0.0.tgz",
			"integrity": "sha512-drqDG3cbczxxEJRoOXcOjtdp1J/lyp1mNn0xaznRs8+muBhgQcrnbspox5X5fOw0HnMnbfDzvnEMEtqDEJEo8w=="
		},
		"lodash": {
			"version": "4.17.20",
			"resolved": "https://registry.npmjs.org/lodash/-/lodash-4.17.20.tgz",
			"integrity": "sha512-PlhdFcillOINfeV7Ni6oF1TAEayyZBoZ8bcshTHqOYJYlrqzRK5hagpagky5o4HfCzzd1TRkXPMFq6cKk9rGmA=="
		},
		"moment": {
			"version": "2.29.1",
			"resolved": "https://registry.npmjs.org/moment/-/moment-2.29.1.tgz",
			"integrity": "sha512-kHmoybcPV8Sqy59DwNDY3Jefr64lK/by/da0ViFcuA4DH0vQg5Q6Ze5VimxkfQNSC+Mls/Kx53s7TjP1RhFEDQ==",
			"optional": true
		},
		"platform": {
			"version": "1.3.6",
			"resolved": "https://registry.npmjs.org/platform/-/platform-1.3.6.tgz",
			"integrity": "sha512-fnWVljUchTro6RiCFvCXBbNhJc2NijN7oIQxbwsyL0buWJPG85v81ehlHI9fXrJsMNgTofEoWIQeClKpgxFLrg=="
		},
		"uuid": {
			"version": "3.4.0",
			"resolved": "https://registry.npmjs.org/uuid/-/uuid-3.4.0.tgz",
			"integrity": "sha512-HjSDRw6gZE5JMggctHBcjVak08+KEVhSIiDzFnT9S9aegmp85S/bReBVTb4QTFaRNptJ9kuYaNhnbNEOkbKb/A=="
		},
		"validator": {
			"version": "13.1.17",
			"resolved": "https://registry.npmjs.org/validator/-/validator-13.1.17.tgz",
			"integrity": "sha512-zL5QBoemJ3jYFb2/j38y7ljhwYGXVLUp8H6W1nVxadnAOvUOytec+L7BHh1oBQ82/TzWXHd+GSaxUWp4lROkLg=="
		}
	}
}
