{
	"name": "@deepkit/core-rxjs",
	"version": "1.0.1-alpha.100",
	"lockfileVersion": 3,
	"requires": true,
	"packages": {
		"": {
			"name": "@deepkit/core-rxjs",
			"version": "1.0.1-alpha.100",
			"license": "MIT",
			"devDependencies": {
				"rxjs": "~7.5.0"
			},
			"peerDependencies": {
				"@deepkit/core": "^1.0.1-alpha.0",
				"rxjs": "*"
			}
		},
		"node_modules/@deepkit/core": {
			"version": "1.0.1-alpha.100",
			"resolved": "https://registry.npmjs.org/@deepkit/core/-/core-1.0.1-alpha.100.tgz",
			"integrity": "sha512-6VtyrZtMIJ5++UEiF3CmWWcZHW1RMHNPa8we/NmDFMr1BNA0HmQeAzjkDQILhOfSyLuLpo1foIXev7Tf1xfp1w==",
			"peer": true,
			"dependencies": {
				"dot-prop": "^5.1.1",
				"to-fast-properties": "^3.0.1"
			}
		},
		"node_modules/dot-prop": {
			"version": "5.3.0",
			"resolved": "https://registry.npmjs.org/dot-prop/-/dot-prop-5.3.0.tgz",
			"integrity": "sha512-QM8q3zDe58hqUqjraQOmzZ1LIH9SWQJTlEKCH4kJ2oQvLZk7RbQXvtDM2XEq3fwkV9CCvvH4LA0AV+ogFsBM2Q==",
			"peer": true,
			"dependencies": {
				"is-obj": "^2.0.0"
			},
			"engines": {
				"node": ">=8"
			}
		},
		"node_modules/is-obj": {
			"version": "2.0.0",
			"resolved": "https://registry.npmjs.org/is-obj/-/is-obj-2.0.0.tgz",
			"integrity": "sha512-drqDG3cbczxxEJRoOXcOjtdp1J/lyp1mNn0xaznRs8+muBhgQcrnbspox5X5fOw0HnMnbfDzvnEMEtqDEJEo8w==",
			"peer": true,
			"engines": {
				"node": ">=8"
			}
		},
		"node_modules/rxjs": {
			"version": "7.5.7",
			"resolved": "https://registry.npmjs.org/rxjs/-/rxjs-7.5.7.tgz",
			"integrity": "sha512-z9MzKh/UcOqB3i20H6rtrlaE/CgjLOvheWK/9ILrbhROGTweAi1BaFsTT9FbwZi5Trr1qNRs+MXkhmR06awzQA==",
			"dev": true,
			"dependencies": {
				"tslib": "^2.1.0"
			}
		},
		"node_modules/to-fast-properties": {
			"version": "3.0.1",
			"resolved": "https://registry.npmjs.org/to-fast-properties/-/to-fast-properties-3.0.1.tgz",
			"integrity": "sha512-/wtNi1tW1F3nf0OL6AqVxGw9Tr1ET70InMhJuVxPwFdGqparF0nQ4UWGLf2DsoI2bFDtthlBnALncZpUzOnsUw==",
			"peer": true,
			"engines": {
				"node": ">=8"
			},
			"funding": {
				"url": "https://github.com/sponsors/sindresorhus"
			}
		},
		"node_modules/tslib": {
			"version": "2.6.2",
			"resolved": "https://registry.npmjs.org/tslib/-/tslib-2.6.2.tgz",
			"integrity": "sha512-AEYxH93jGFPn/a2iVAwW87VuUIkR1FVUKB77NwMF7nBTDkDrrT/Hpt/IrCJ0QXhW27jTBDcf5ZY7w6RiqTMw2Q==",
			"dev": true
		}
	}
}
