{
	"name": "@deepkit/type-compiler",
	"version": "1.0.1-alpha.75",
	"lockfileVersion": 2,
	"requires": true,
	"packages": {
		"": {
			"name": "@deepkit/type-compiler",
			"version": "1.0.1-alpha.75",
			"license": "MIT",
			"dependencies": {
				"@marcj/ts-clone-node": "^2.0.0",
				"@types/lz-string": "^1.3.34",
				"@typescript/vfs": "^1.4.0",
				"lz-string": "^1.4.4",
				"strip-json-comments": "^3.1.1"
			},
			"bin": {
				"deepkit-type-install": "dist/cjs/install-transformer.js"
			},
			"peerDependencies": {
				"typescript": "~"
			}
		},
		"node_modules/@marcj/ts-clone-node": {
			"version": "2.0.0",
			"resolved": "https://registry.npmjs.org/@marcj/ts-clone-node/-/ts-clone-node-2.0.0.tgz",
			"integrity": "sha512-GPafMHAdvXPOFzJ8mtnOa+S4NR+fWQEggKo1laAejeSzzp9k223xZjogkNQSVLrzn8sinHCkvJv9f7nVaX3gPQ==",
			"dependencies": {
				"compatfactory": "^1.0.1"
			},
			"engines": {
				"node": ">=14.9.0"
			},
			"funding": {
				"type": "github",
				"url": "https://github.com/wessberg/ts-clone-node?sponsor=1"
			},
			"peerDependencies": {
				"typescript": "^4.8"
			}
		},
		"node_modules/@marcj/ts-clone-node/node_modules/compatfactory": {
			"version": "1.0.1",
			"resolved": "https://registry.npmjs.org/compatfactory/-/compatfactory-1.0.1.tgz",
			"integrity": "sha512-hR9u0HSZTKDNNchPtMHg6myeNx0XO+av7UZIJPsi4rPALJBHi/W5Mbwi19hC/xm6y3JkYpxVYjTqnSGsU5X/iw==",
			"dependencies": {
				"helpertypes": "^0.0.18"
			},
			"engines": {
				"node": ">=14.9.0"
			},
			"peerDependencies": {
				"typescript": ">=3.x || >= 4.x"
			}
		},
		"node_modules/@types/lz-string": {
			"version": "1.3.34",
			"resolved": "https://registry.npmjs.org/@types/lz-string/-/lz-string-1.3.34.tgz",
			"integrity": "sha512-j6G1e8DULJx3ONf6NdR5JiR2ZY3K3PaaqiEuKYkLQO0Czfi1AzrtjfnfCROyWGeDd5IVMKCwsgSmMip9OWijow=="
		},
		"node_modules/@typescript/vfs": {
			"version": "1.4.0",
			"resolved": "https://registry.npmjs.org/@typescript/vfs/-/vfs-1.4.0.tgz",
			"integrity": "sha512-Pood7yv5YWMIX+yCHo176OnF8WUlKGImFG7XlsuH14Zb1YN5+dYD3uUtS7lqZtsH7tAveNUi2NzdpQCN0yRbaw==",
			"dependencies": {
				"debug": "^4.1.1"
			}
		},
		"node_modules/debug": {
			"version": "4.3.4",
			"resolved": "https://registry.npmjs.org/debug/-/debug-4.3.4.tgz",
			"integrity": "sha512-PRWFHuSU3eDtQJPvnNY7Jcket1j0t5OuOsFzPPzsekD52Zl8qUfFIPEiswXqIvHWGVHOgX+7G/vCNNhehwxfkQ==",
			"dependencies": {
				"ms": "2.1.2"
			},
			"engines": {
				"node": ">=6.0"
			},
			"peerDependenciesMeta": {
				"supports-color": {
					"optional": true
				}
			}
		},
		"node_modules/helpertypes": {
			"version": "0.0.18",
			"resolved": "https://registry.npmjs.org/helpertypes/-/helpertypes-0.0.18.tgz",
			"integrity": "sha512-XRhfbSEmR+poXUC5/8AbmYNJb2riOT6qPzjGJZr0S9YedHiaY+/tzPYzWMUclYMEdCYo/1l8PDYrQFCj02v97w==",
			"engines": {
				"node": ">=10.0.0"
			}
		},
		"node_modules/lz-string": {
			"version": "1.4.4",
			"resolved": "https://registry.npmjs.org/lz-string/-/lz-string-1.4.4.tgz",
			"integrity": "sha512-0ckx7ZHRPqb0oUm8zNr+90mtf9DQB60H1wMCjBtfi62Kl3a7JbHob6gA2bC+xRvZoOL+1hzUK8jeuEIQE8svEQ==",
			"bin": {
				"lz-string": "bin/bin.js"
			}
		},
		"node_modules/ms": {
			"version": "2.1.2",
			"resolved": "https://registry.npmjs.org/ms/-/ms-2.1.2.tgz",
			"integrity": "sha512-sGkPx+VjMtmA6MX27oA4FBFELFCZZ4S4XqeGOXCv68tT+jb3vk/RyaKWP0PTKyWtmLSM0b+adUTEvbs1PEaH2w=="
		},
		"node_modules/strip-json-comments": {
			"version": "3.1.1",
			"resolved": "https://registry.npmjs.org/strip-json-comments/-/strip-json-comments-3.1.1.tgz",
			"integrity": "sha512-6fPc+R4ihwqP6N/aIv2f1gMH8lOVtWQHoqC4yK6oSDVVocumAsfCqjkXnqiYMhmMwS/mEHLp7Vehlt3ql6lEig==",
			"engines": {
				"node": ">=8"
			},
			"funding": {
				"url": "https://github.com/sponsors/sindresorhus"
			}
		}
	},
	"dependencies": {
		"@marcj/ts-clone-node": {
			"version": "2.0.0",
			"resolved": "https://registry.npmjs.org/@marcj/ts-clone-node/-/ts-clone-node-2.0.0.tgz",
			"integrity": "sha512-GPafMHAdvXPOFzJ8mtnOa+S4NR+fWQEggKo1laAejeSzzp9k223xZjogkNQSVLrzn8sinHCkvJv9f7nVaX3gPQ==",
			"requires": {
				"compatfactory": "^1.0.1"
			},
			"dependencies": {
				"compatfactory": {
					"version": "1.0.1",
					"resolved": "https://registry.npmjs.org/compatfactory/-/compatfactory-1.0.1.tgz",
					"integrity": "sha512-hR9u0HSZTKDNNchPtMHg6myeNx0XO+av7UZIJPsi4rPALJBHi/W5Mbwi19hC/xm6y3JkYpxVYjTqnSGsU5X/iw==",
					"requires": {
						"helpertypes": "^0.0.18"
					}
				}
			}
		},
		"@types/lz-string": {
			"version": "1.3.34",
			"resolved": "https://registry.npmjs.org/@types/lz-string/-/lz-string-1.3.34.tgz",
			"integrity": "sha512-j6G1e8DULJx3ONf6NdR5JiR2ZY3K3PaaqiEuKYkLQO0Czfi1AzrtjfnfCROyWGeDd5IVMKCwsgSmMip9OWijow=="
		},
		"@typescript/vfs": {
			"version": "1.4.0",
			"resolved": "https://registry.npmjs.org/@typescript/vfs/-/vfs-1.4.0.tgz",
			"integrity": "sha512-Pood7yv5YWMIX+yCHo176OnF8WUlKGImFG7XlsuH14Zb1YN5+dYD3uUtS7lqZtsH7tAveNUi2NzdpQCN0yRbaw==",
			"requires": {
				"debug": "^4.1.1"
			}
		},
		"debug": {
			"version": "4.3.4",
			"resolved": "https://registry.npmjs.org/debug/-/debug-4.3.4.tgz",
			"integrity": "sha512-PRWFHuSU3eDtQJPvnNY7Jcket1j0t5OuOsFzPPzsekD52Zl8qUfFIPEiswXqIvHWGVHOgX+7G/vCNNhehwxfkQ==",
			"requires": {
				"ms": "2.1.2"
			}
		},
		"helpertypes": {
			"version": "0.0.18",
			"resolved": "https://registry.npmjs.org/helpertypes/-/helpertypes-0.0.18.tgz",
			"integrity": "sha512-XRhfbSEmR+poXUC5/8AbmYNJb2riOT6qPzjGJZr0S9YedHiaY+/tzPYzWMUclYMEdCYo/1l8PDYrQFCj02v97w=="
		},
		"lz-string": {
			"version": "1.4.4",
			"resolved": "https://registry.npmjs.org/lz-string/-/lz-string-1.4.4.tgz",
			"integrity": "sha512-0ckx7ZHRPqb0oUm8zNr+90mtf9DQB60H1wMCjBtfi62Kl3a7JbHob6gA2bC+xRvZoOL+1hzUK8jeuEIQE8svEQ=="
		},
		"ms": {
			"version": "2.1.2",
			"resolved": "https://registry.npmjs.org/ms/-/ms-2.1.2.tgz",
			"integrity": "sha512-sGkPx+VjMtmA6MX27oA4FBFELFCZZ4S4XqeGOXCv68tT+jb3vk/RyaKWP0PTKyWtmLSM0b+adUTEvbs1PEaH2w=="
		},
		"strip-json-comments": {
			"version": "3.1.1",
			"resolved": "https://registry.npmjs.org/strip-json-comments/-/strip-json-comments-3.1.1.tgz",
			"integrity": "sha512-6fPc+R4ihwqP6N/aIv2f1gMH8lOVtWQHoqC4yK6oSDVVocumAsfCqjkXnqiYMhmMwS/mEHLp7Vehlt3ql6lEig=="
		}
	}
}
