{
	"name": "@deepkit/type-compiler",
	"version": "1.0.1-alpha.102",
	"lockfileVersion": 3,
	"requires": true,
	"packages": {
		"": {
			"name": "@deepkit/type-compiler",
			"version": "1.0.1-alpha.102",
			"license": "MIT",
			"dependencies": {
				"@marcj/ts-clone-node": "^2.0.0",
				"@typescript/vfs": "^1.4.0",
				"get-tsconfig": "^4.5.0",
				"lz-string": "^1.4.4",
				"micromatch": "^4.0.5",
				"strip-json-comments": "^3.1.1"
			},
			"bin": {
				"deepkit-type-install": "deepkit-type-install.js"
			},
			"devDependencies": {
				"@types/lz-string": "^1.3.34",
				"@types/micromatch": "^4.0.2"
			},
			"peerDependencies": {
				"typescript": "*"
			}
		},
		"node_modules/@marcj/ts-clone-node": {
			"version": "2.2.0",
			"resolved": "https://registry.npmjs.org/@marcj/ts-clone-node/-/ts-clone-node-2.2.0.tgz",
			"integrity": "sha512-72i531GZWaiHDvNZr0Fz+uiZMMyWzQqJxbhxD5g2dpU3eqEBk6p6mcDNBcOdiNhngAJ5Ebqv2krrs7MwuFg9rw==",
			"dependencies": {
				"compatfactory": "^2.0.9"
			},
			"engines": {
				"node": ">=14.9.0"
			},
			"funding": {
				"type": "github",
				"url": "https://github.com/wessberg/ts-clone-node?sponsor=1"
			}
		},
		"node_modules/@types/braces": {
			"version": "3.0.3",
			"resolved": "https://registry.npmjs.org/@types/braces/-/braces-3.0.3.tgz",
			"integrity": "sha512-8pfphQ0Gtn58PJ+pWB9LsZGz8Q6FTTvc4egkqGT9K1lp4fVF/HeX3d6w/YEkHt/9Luv1r2i+HekuwhAm8UX6/A==",
			"dev": true
		},
		"node_modules/@types/lz-string": {
			"version": "1.5.0",
			"resolved": "https://registry.npmjs.org/@types/lz-string/-/lz-string-1.5.0.tgz",
			"integrity": "sha512-s84fKOrzqqNCAPljhVyC5TjAo6BH4jKHw9NRNFNiRUY5QSgZCmVm5XILlWbisiKl+0OcS7eWihmKGS5akc2iQw==",
			"deprecated": "This is a stub types definition. lz-string provides its own type definitions, so you do not need this installed.",
			"dev": true,
			"dependencies": {
				"lz-string": "*"
			}
		},
		"node_modules/@types/micromatch": {
			"version": "4.0.4",
			"resolved": "https://registry.npmjs.org/@types/micromatch/-/micromatch-4.0.4.tgz",
			"integrity": "sha512-ZeDgs/tFSdUqkAZmgdnu5enRwFXJ+nIF4TxK5ENw6x0bvfcgMD1H3GnTS+fIkBUcvijQNF7ZOa2tuOtOaEjt3w==",
			"dev": true,
			"dependencies": {
				"@types/braces": "*"
			}
		},
		"node_modules/@typescript/vfs": {
			"version": "1.5.0",
			"resolved": "https://registry.npmjs.org/@typescript/vfs/-/vfs-1.5.0.tgz",
			"integrity": "sha512-AJS307bPgbsZZ9ggCT3wwpg3VbTKMFNHfaY/uF0ahSkYYrPF2dSSKDNIDIQAHm9qJqbLvCsSJH7yN4Vs/CsMMg==",
			"dependencies": {
				"debug": "^4.1.1"
			}
		},
		"node_modules/braces": {
			"version": "3.0.2",
			"resolved": "https://registry.npmjs.org/braces/-/braces-3.0.2.tgz",
			"integrity": "sha512-b8um+L1RzM3WDSzvhm6gIz1yfTbBt6YTlcEKAvsmqCZZFw46z626lVj9j1yEPW33H5H+lBQpZMP1k8l+78Ha0A==",
			"dependencies": {
				"fill-range": "^7.0.1"
			},
			"engines": {
				"node": ">=8"
			}
		},
		"node_modules/compatfactory": {
			"version": "2.0.9",
			"resolved": "https://registry.npmjs.org/compatfactory/-/compatfactory-2.0.9.tgz",
			"integrity": "sha512-fvO+AWcmbO7P1S+A3mwm3IGr74eHMeq5ZLhNhyNQc9mVDNHT4oe0Gg0ksdIFFNXLK7k7Z/TYcLAUSQdRgh1bsA==",
			"dependencies": {
				"helpertypes": "^0.0.19"
			},
			"engines": {
				"node": ">=14.9.0"
			},
			"peerDependencies": {
				"typescript": ">=3.x || >= 4.x"
			}
		},
		"node_modules/debug": {
			"version": "4.3.4",
			"resolved": "https://registry.npmjs.org/debug/-/debug-4.3.4.tgz",
			"integrity": "sha512-PRWFHuSU3eDtQJPvnNY7Jcket1j0t5OuOsFzPPzsekD52Zl8qUfFIPEiswXqIvHWGVHOgX+7G/vCNNhehwxfkQ==",
			"dependencies": {
				"ms": "2.1.2"
			},
			"engines": {
				"node": ">=6.0"
			},
			"peerDependenciesMeta": {
				"supports-color": {
					"optional": true
				}
			}
		},
		"node_modules/fill-range": {
			"version": "7.0.1",
			"resolved": "https://registry.npmjs.org/fill-range/-/fill-range-7.0.1.tgz",
			"integrity": "sha512-qOo9F+dMUmC2Lcb4BbVvnKJxTPjCm+RRpe4gDuGrzkL7mEVl/djYSu2OdQ2Pa302N4oqkSg9ir6jaLWJ2USVpQ==",
			"dependencies": {
				"to-regex-range": "^5.0.1"
			},
			"engines": {
				"node": ">=8"
			}
		},
		"node_modules/get-tsconfig": {
			"version": "4.7.2",
			"resolved": "https://registry.npmjs.org/get-tsconfig/-/get-tsconfig-4.7.2.tgz",
			"integrity": "sha512-wuMsz4leaj5hbGgg4IvDU0bqJagpftG5l5cXIAvo8uZrqn0NJqwtfupTN00VnkQJPcIRrxYrm1Ue24btpCha2A==",
			"dependencies": {
				"resolve-pkg-maps": "^1.0.0"
			},
			"funding": {
				"url": "https://github.com/privatenumber/get-tsconfig?sponsor=1"
			}
		},
		"node_modules/helpertypes": {
			"version": "0.0.19",
			"resolved": "https://registry.npmjs.org/helpertypes/-/helpertypes-0.0.19.tgz",
			"integrity": "sha512-J00e55zffgi3yVnUp0UdbMztNkr2PnizEkOe9URNohnrNhW5X0QpegkuLpOmFQInpi93Nb8MCjQRHAiCDF42NQ==",
			"engines": {
				"node": ">=10.0.0"
			}
		},
		"node_modules/is-number": {
			"version": "7.0.0",
			"resolved": "https://registry.npmjs.org/is-number/-/is-number-7.0.0.tgz",
			"integrity": "sha512-41Cifkg6e8TylSpdtTpeLVMqvSBEVzTttHvERD741+pnZ8ANv0004MRL43QKPDlK9cGvNp6NZWZUBlbGXYxxng==",
			"engines": {
				"node": ">=0.12.0"
			}
		},
		"node_modules/lz-string": {
			"version": "1.5.0",
			"resolved": "https://registry.npmjs.org/lz-string/-/lz-string-1.5.0.tgz",
			"integrity": "sha512-h5bgJWpxJNswbU7qCrV0tIKQCaS3blPDrqKWx+QxzuzL1zGUzij9XCWLrSLsJPu5t+eWA/ycetzYAO5IOMcWAQ==",
			"bin": {
				"lz-string": "bin/bin.js"
			}
		},
		"node_modules/micromatch": {
			"version": "4.0.5",
			"resolved": "https://registry.npmjs.org/micromatch/-/micromatch-4.0.5.tgz",
			"integrity": "sha512-DMy+ERcEW2q8Z2Po+WNXuw3c5YaUSFjAO5GsJqfEl7UjvtIuFKO6ZrKvcItdy98dwFI2N1tg3zNIdKaQT+aNdA==",
			"dependencies": {
				"braces": "^3.0.2",
				"picomatch": "^2.3.1"
			},
			"engines": {
				"node": ">=8.6"
			}
		},
		"node_modules/ms": {
			"version": "2.1.2",
			"resolved": "https://registry.npmjs.org/ms/-/ms-2.1.2.tgz",
			"integrity": "sha512-sGkPx+VjMtmA6MX27oA4FBFELFCZZ4S4XqeGOXCv68tT+jb3vk/RyaKWP0PTKyWtmLSM0b+adUTEvbs1PEaH2w=="
		},
		"node_modules/picomatch": {
			"version": "2.3.1",
			"resolved": "https://registry.npmjs.org/picomatch/-/picomatch-2.3.1.tgz",
			"integrity": "sha512-JU3teHTNjmE2VCGFzuY8EXzCDVwEqB2a8fsIvwaStHhAWJEeVd1o1QD80CU6+ZdEXXSLbSsuLwJjkCBWqRQUVA==",
			"engines": {
				"node": ">=8.6"
			},
			"funding": {
				"url": "https://github.com/sponsors/jonschlinkert"
			}
		},
		"node_modules/resolve-pkg-maps": {
			"version": "1.0.0",
			"resolved": "https://registry.npmjs.org/resolve-pkg-maps/-/resolve-pkg-maps-1.0.0.tgz",
			"integrity": "sha512-seS2Tj26TBVOC2NIc2rOe2y2ZO7efxITtLZcGSOnHHNOQ7CkiUBfw0Iw2ck6xkIhPwLhKNLS8BO+hEpngQlqzw==",
			"funding": {
				"url": "https://github.com/privatenumber/resolve-pkg-maps?sponsor=1"
			}
		},
		"node_modules/strip-json-comments": {
			"version": "3.1.1",
			"resolved": "https://registry.npmjs.org/strip-json-comments/-/strip-json-comments-3.1.1.tgz",
			"integrity": "sha512-6fPc+R4ihwqP6N/aIv2f1gMH8lOVtWQHoqC4yK6oSDVVocumAsfCqjkXnqiYMhmMwS/mEHLp7Vehlt3ql6lEig==",
			"engines": {
				"node": ">=8"
			},
			"funding": {
				"url": "https://github.com/sponsors/sindresorhus"
			}
		},
		"node_modules/to-regex-range": {
			"version": "5.0.1",
			"resolved": "https://registry.npmjs.org/to-regex-range/-/to-regex-range-5.0.1.tgz",
			"integrity": "sha512-65P7iz6X5yEr1cwcgvQxbbIw7Uk3gOy5dIdtZ4rDveLqhrdJP+Li/Hx6tyK0NEb+2GCyneCMJiGqrADCSNk8sQ==",
			"dependencies": {
				"is-number": "^7.0.0"
			},
			"engines": {
				"node": ">=8.0"
			}
		},
		"node_modules/typescript": {
			"version": "5.2.2",
			"resolved": "https://registry.npmjs.org/typescript/-/typescript-5.2.2.tgz",
			"integrity": "sha512-mI4WrpHsbCIcwT9cF4FZvr80QUeKvsUsUvKDoR+X/7XHQH98xYD8YHZg7ANtz2GtZt/CBq2QJ0thkGJMHfqc1w==",
			"peer": true,
			"bin": {
				"tsc": "bin/tsc",
				"tsserver": "bin/tsserver"
			},
			"engines": {
				"node": ">=14.17"
			}
		}
	}
}
