{
	"name": "@deepkit/type-compiler",
	"version": "1.0.1-alpha.97",
	"lockfileVersion": 2,
	"requires": true,
	"packages": {
		"": {
			"name": "@deepkit/type-compiler",
			"version": "1.0.1-alpha.93",
			"license": "MIT",
			"dependencies": {
				"@marcj/ts-clone-node": "^2.0.0",
				"@typescript/vfs": "^1.4.0",
				"get-tsconfig": "^4.5.0",
				"lz-string": "^1.4.4",
				"micromatch": "^4.0.5",
				"strip-json-comments": "^3.1.1"
			},
			"bin": {
				"deepkit-type-install": "dist/cjs/install-transformer.js"
			},
			"devDependencies": {
				"@types/lz-string": "^1.3.34",
				"@types/micromatch": "^4.0.2"
			},
			"peerDependencies": {
				"typescript": "^4.8.2 || ^5.0.0"
			}
		},
		"node_modules/@marcj/ts-clone-node": {
			"version": "2.0.0",
			"resolved": "https://registry.npmjs.org/@marcj/ts-clone-node/-/ts-clone-node-2.0.0.tgz",
			"integrity": "sha512-GPafMHAdvXPOFzJ8mtnOa+S4NR+fWQEggKo1laAejeSzzp9k223xZjogkNQSVLrzn8sinHCkvJv9f7nVaX3gPQ==",
			"dependencies": {
				"compatfactory": "^1.0.1"
			},
			"engines": {
				"node": ">=14.9.0"
			},
			"funding": {
				"type": "github",
				"url": "https://github.com/wessberg/ts-clone-node?sponsor=1"
			},
			"peerDependencies": {
				"typescript": "^4.8"
			}
		},
		"node_modules/@marcj/ts-clone-node/node_modules/compatfactory": {
			"version": "1.0.1",
			"resolved": "https://registry.npmjs.org/compatfactory/-/compatfactory-1.0.1.tgz",
			"integrity": "sha512-hR9u0HSZTKDNNchPtMHg6myeNx0XO+av7UZIJPsi4rPALJBHi/W5Mbwi19hC/xm6y3JkYpxVYjTqnSGsU5X/iw==",
			"dependencies": {
				"helpertypes": "^0.0.18"
			},
			"engines": {
				"node": ">=14.9.0"
			},
			"peerDependencies": {
				"typescript": ">=3.x || >= 4.x"
			}
		},
		"node_modules/@types/braces": {
			"version": "3.0.1",
			"resolved": "https://registry.npmjs.org/@types/braces/-/braces-3.0.1.tgz",
			"integrity": "sha512-+euflG6ygo4bn0JHtn4pYqcXwRtLvElQ7/nnjDu7iYG56H0+OhCd7d6Ug0IE3WcFpZozBKW2+80FUbv5QGk5AQ==",
			"dev": true
		},
		"node_modules/@types/lz-string": {
			"version": "1.3.34",
			"resolved": "https://registry.npmjs.org/@types/lz-string/-/lz-string-1.3.34.tgz",
			"integrity": "sha512-j6G1e8DULJx3ONf6NdR5JiR2ZY3K3PaaqiEuKYkLQO0Czfi1AzrtjfnfCROyWGeDd5IVMKCwsgSmMip9OWijow==",
			"dev": true
		},
		"node_modules/@types/micromatch": {
			"version": "4.0.2",
			"resolved": "https://registry.npmjs.org/@types/micromatch/-/micromatch-4.0.2.tgz",
			"integrity": "sha512-oqXqVb0ci19GtH0vOA/U2TmHTcRY9kuZl4mqUxe0QmJAlIW13kzhuK5pi1i9+ngav8FjpSb9FVS/GE00GLX1VA==",
			"dev": true,
			"dependencies": {
				"@types/braces": "*"
			}
		},
		"node_modules/@typescript/vfs": {
			"version": "1.4.0",
			"resolved": "https://registry.npmjs.org/@typescript/vfs/-/vfs-1.4.0.tgz",
			"integrity": "sha512-Pood7yv5YWMIX+yCHo176OnF8WUlKGImFG7XlsuH14Zb1YN5+dYD3uUtS7lqZtsH7tAveNUi2NzdpQCN0yRbaw==",
			"dependencies": {
				"debug": "^4.1.1"
			}
		},
		"node_modules/braces": {
			"version": "3.0.2",
			"resolved": "https://registry.npmjs.org/braces/-/braces-3.0.2.tgz",
			"integrity": "sha512-b8um+L1RzM3WDSzvhm6gIz1yfTbBt6YTlcEKAvsmqCZZFw46z626lVj9j1yEPW33H5H+lBQpZMP1k8l+78Ha0A==",
			"dependencies": {
				"fill-range": "^7.0.1"
			},
			"engines": {
				"node": ">=8"
			}
		},
		"node_modules/debug": {
			"version": "4.3.4",
			"resolved": "https://registry.npmjs.org/debug/-/debug-4.3.4.tgz",
			"integrity": "sha512-PRWFHuSU3eDtQJPvnNY7Jcket1j0t5OuOsFzPPzsekD52Zl8qUfFIPEiswXqIvHWGVHOgX+7G/vCNNhehwxfkQ==",
			"dependencies": {
				"ms": "2.1.2"
			},
			"engines": {
				"node": ">=6.0"
			},
			"peerDependenciesMeta": {
				"supports-color": {
					"optional": true
				}
			}
		},
		"node_modules/fill-range": {
			"version": "7.0.1",
			"resolved": "https://registry.npmjs.org/fill-range/-/fill-range-7.0.1.tgz",
			"integrity": "sha512-qOo9F+dMUmC2Lcb4BbVvnKJxTPjCm+RRpe4gDuGrzkL7mEVl/djYSu2OdQ2Pa302N4oqkSg9ir6jaLWJ2USVpQ==",
			"dependencies": {
				"to-regex-range": "^5.0.1"
			},
			"engines": {
				"node": ">=8"
			}
		},
		"node_modules/get-tsconfig": {
			"version": "4.5.0",
			"resolved": "https://registry.npmjs.org/get-tsconfig/-/get-tsconfig-4.5.0.tgz",
			"integrity": "sha512-MjhiaIWCJ1sAU4pIQ5i5OfOuHHxVo1oYeNsWTON7jxYkod8pHocXeh+SSbmu5OZZZK73B6cbJ2XADzXehLyovQ==",
			"funding": {
				"url": "https://github.com/privatenumber/get-tsconfig?sponsor=1"
			}
		},
		"node_modules/helpertypes": {
			"version": "0.0.18",
			"resolved": "https://registry.npmjs.org/helpertypes/-/helpertypes-0.0.18.tgz",
			"integrity": "sha512-XRhfbSEmR+poXUC5/8AbmYNJb2riOT6qPzjGJZr0S9YedHiaY+/tzPYzWMUclYMEdCYo/1l8PDYrQFCj02v97w==",
			"engines": {
				"node": ">=10.0.0"
			}
		},
		"node_modules/is-number": {
			"version": "7.0.0",
			"resolved": "https://registry.npmjs.org/is-number/-/is-number-7.0.0.tgz",
			"integrity": "sha512-41Cifkg6e8TylSpdtTpeLVMqvSBEVzTttHvERD741+pnZ8ANv0004MRL43QKPDlK9cGvNp6NZWZUBlbGXYxxng==",
			"engines": {
				"node": ">=0.12.0"
			}
		},
		"node_modules/lz-string": {
			"version": "1.4.4",
			"resolved": "https://registry.npmjs.org/lz-string/-/lz-string-1.4.4.tgz",
			"integrity": "sha512-0ckx7ZHRPqb0oUm8zNr+90mtf9DQB60H1wMCjBtfi62Kl3a7JbHob6gA2bC+xRvZoOL+1hzUK8jeuEIQE8svEQ==",
			"bin": {
				"lz-string": "bin/bin.js"
			}
		},
		"node_modules/micromatch": {
			"version": "4.0.5",
			"resolved": "https://registry.npmjs.org/micromatch/-/micromatch-4.0.5.tgz",
			"integrity": "sha512-DMy+ERcEW2q8Z2Po+WNXuw3c5YaUSFjAO5GsJqfEl7UjvtIuFKO6ZrKvcItdy98dwFI2N1tg3zNIdKaQT+aNdA==",
			"dependencies": {
				"braces": "^3.0.2",
				"picomatch": "^2.3.1"
			},
			"engines": {
				"node": ">=8.6"
			}
		},
		"node_modules/ms": {
			"version": "2.1.2",
			"resolved": "https://registry.npmjs.org/ms/-/ms-2.1.2.tgz",
			"integrity": "sha512-sGkPx+VjMtmA6MX27oA4FBFELFCZZ4S4XqeGOXCv68tT+jb3vk/RyaKWP0PTKyWtmLSM0b+adUTEvbs1PEaH2w=="
		},
		"node_modules/picomatch": {
			"version": "2.3.1",
			"resolved": "https://registry.npmjs.org/picomatch/-/picomatch-2.3.1.tgz",
			"integrity": "sha512-JU3teHTNjmE2VCGFzuY8EXzCDVwEqB2a8fsIvwaStHhAWJEeVd1o1QD80CU6+ZdEXXSLbSsuLwJjkCBWqRQUVA==",
			"engines": {
				"node": ">=8.6"
			},
			"funding": {
				"url": "https://github.com/sponsors/jonschlinkert"
			}
		},
		"node_modules/strip-json-comments": {
			"version": "3.1.1",
			"resolved": "https://registry.npmjs.org/strip-json-comments/-/strip-json-comments-3.1.1.tgz",
			"integrity": "sha512-6fPc+R4ihwqP6N/aIv2f1gMH8lOVtWQHoqC4yK6oSDVVocumAsfCqjkXnqiYMhmMwS/mEHLp7Vehlt3ql6lEig==",
			"engines": {
				"node": ">=8"
			},
			"funding": {
				"url": "https://github.com/sponsors/sindresorhus"
			}
		},
		"node_modules/to-regex-range": {
			"version": "5.0.1",
			"resolved": "https://registry.npmjs.org/to-regex-range/-/to-regex-range-5.0.1.tgz",
			"integrity": "sha512-65P7iz6X5yEr1cwcgvQxbbIw7Uk3gOy5dIdtZ4rDveLqhrdJP+Li/Hx6tyK0NEb+2GCyneCMJiGqrADCSNk8sQ==",
			"dependencies": {
				"is-number": "^7.0.0"
			},
			"engines": {
				"node": ">=8.0"
			}
		},
		"node_modules/typescript": {
			"version": "4.9.3",
			"resolved": "https://registry.npmjs.org/typescript/-/typescript-4.9.3.tgz",
			"integrity": "sha512-CIfGzTelbKNEnLpLdGFgdyKhG23CKdKgQPOBc+OUNrkJ2vr+KSzsSV5kq5iWhEQbok+quxgGzrAtGWCyU7tHnA==",
			"peer": true,
			"bin": {
				"tsc": "bin/tsc",
				"tsserver": "bin/tsserver"
			},
			"engines": {
				"node": ">=4.2.0"
			}
		}
	},
	"dependencies": {
		"@marcj/ts-clone-node": {
			"version": "2.0.0",
			"resolved": "https://registry.npmjs.org/@marcj/ts-clone-node/-/ts-clone-node-2.0.0.tgz",
			"integrity": "sha512-GPafMHAdvXPOFzJ8mtnOa+S4NR+fWQEggKo1laAejeSzzp9k223xZjogkNQSVLrzn8sinHCkvJv9f7nVaX3gPQ==",
			"requires": {
				"compatfactory": "^1.0.1"
			},
			"dependencies": {
				"compatfactory": {
					"version": "1.0.1",
					"resolved": "https://registry.npmjs.org/compatfactory/-/compatfactory-1.0.1.tgz",
					"integrity": "sha512-hR9u0HSZTKDNNchPtMHg6myeNx0XO+av7UZIJPsi4rPALJBHi/W5Mbwi19hC/xm6y3JkYpxVYjTqnSGsU5X/iw==",
					"requires": {
						"helpertypes": "^0.0.18"
					}
				}
			}
		},
		"@types/braces": {
			"version": "3.0.1",
			"resolved": "https://registry.npmjs.org/@types/braces/-/braces-3.0.1.tgz",
			"integrity": "sha512-+euflG6ygo4bn0JHtn4pYqcXwRtLvElQ7/nnjDu7iYG56H0+OhCd7d6Ug0IE3WcFpZozBKW2+80FUbv5QGk5AQ==",
			"dev": true
		},
		"@types/lz-string": {
			"version": "1.3.34",
			"resolved": "https://registry.npmjs.org/@types/lz-string/-/lz-string-1.3.34.tgz",
			"integrity": "sha512-j6G1e8DULJx3ONf6NdR5JiR2ZY3K3PaaqiEuKYkLQO0Czfi1AzrtjfnfCROyWGeDd5IVMKCwsgSmMip9OWijow==",
			"dev": true
		},
		"@types/micromatch": {
			"version": "4.0.2",
			"resolved": "https://registry.npmjs.org/@types/micromatch/-/micromatch-4.0.2.tgz",
			"integrity": "sha512-oqXqVb0ci19GtH0vOA/U2TmHTcRY9kuZl4mqUxe0QmJAlIW13kzhuK5pi1i9+ngav8FjpSb9FVS/GE00GLX1VA==",
			"dev": true,
			"requires": {
				"@types/braces": "*"
			}
		},
		"@typescript/vfs": {
			"version": "1.4.0",
			"resolved": "https://registry.npmjs.org/@typescript/vfs/-/vfs-1.4.0.tgz",
			"integrity": "sha512-Pood7yv5YWMIX+yCHo176OnF8WUlKGImFG7XlsuH14Zb1YN5+dYD3uUtS7lqZtsH7tAveNUi2NzdpQCN0yRbaw==",
			"requires": {
				"debug": "^4.1.1"
			}
		},
		"braces": {
			"version": "3.0.2",
			"resolved": "https://registry.npmjs.org/braces/-/braces-3.0.2.tgz",
			"integrity": "sha512-b8um+L1RzM3WDSzvhm6gIz1yfTbBt6YTlcEKAvsmqCZZFw46z626lVj9j1yEPW33H5H+lBQpZMP1k8l+78Ha0A==",
			"requires": {
				"fill-range": "^7.0.1"
			}
		},
		"debug": {
			"version": "4.3.4",
			"resolved": "https://registry.npmjs.org/debug/-/debug-4.3.4.tgz",
			"integrity": "sha512-PRWFHuSU3eDtQJPvnNY7Jcket1j0t5OuOsFzPPzsekD52Zl8qUfFIPEiswXqIvHWGVHOgX+7G/vCNNhehwxfkQ==",
			"requires": {
				"ms": "2.1.2"
			}
		},
		"fill-range": {
			"version": "7.0.1",
			"resolved": "https://registry.npmjs.org/fill-range/-/fill-range-7.0.1.tgz",
			"integrity": "sha512-qOo9F+dMUmC2Lcb4BbVvnKJxTPjCm+RRpe4gDuGrzkL7mEVl/djYSu2OdQ2Pa302N4oqkSg9ir6jaLWJ2USVpQ==",
			"requires": {
				"to-regex-range": "^5.0.1"
			}
		},
		"get-tsconfig": {
			"version": "4.5.0",
			"resolved": "https://registry.npmjs.org/get-tsconfig/-/get-tsconfig-4.5.0.tgz",
			"integrity": "sha512-MjhiaIWCJ1sAU4pIQ5i5OfOuHHxVo1oYeNsWTON7jxYkod8pHocXeh+SSbmu5OZZZK73B6cbJ2XADzXehLyovQ=="
		},
		"helpertypes": {
			"version": "0.0.18",
			"resolved": "https://registry.npmjs.org/helpertypes/-/helpertypes-0.0.18.tgz",
			"integrity": "sha512-XRhfbSEmR+poXUC5/8AbmYNJb2riOT6qPzjGJZr0S9YedHiaY+/tzPYzWMUclYMEdCYo/1l8PDYrQFCj02v97w=="
		},
		"is-number": {
			"version": "7.0.0",
			"resolved": "https://registry.npmjs.org/is-number/-/is-number-7.0.0.tgz",
			"integrity": "sha512-41Cifkg6e8TylSpdtTpeLVMqvSBEVzTttHvERD741+pnZ8ANv0004MRL43QKPDlK9cGvNp6NZWZUBlbGXYxxng=="
		},
		"lz-string": {
			"version": "1.4.4",
			"resolved": "https://registry.npmjs.org/lz-string/-/lz-string-1.4.4.tgz",
			"integrity": "sha512-0ckx7ZHRPqb0oUm8zNr+90mtf9DQB60H1wMCjBtfi62Kl3a7JbHob6gA2bC+xRvZoOL+1hzUK8jeuEIQE8svEQ=="
		},
		"micromatch": {
			"version": "4.0.5",
			"resolved": "https://registry.npmjs.org/micromatch/-/micromatch-4.0.5.tgz",
			"integrity": "sha512-DMy+ERcEW2q8Z2Po+WNXuw3c5YaUSFjAO5GsJqfEl7UjvtIuFKO6ZrKvcItdy98dwFI2N1tg3zNIdKaQT+aNdA==",
			"requires": {
				"braces": "^3.0.2",
				"picomatch": "^2.3.1"
			}
		},
		"ms": {
			"version": "2.1.2",
			"resolved": "https://registry.npmjs.org/ms/-/ms-2.1.2.tgz",
			"integrity": "sha512-sGkPx+VjMtmA6MX27oA4FBFELFCZZ4S4XqeGOXCv68tT+jb3vk/RyaKWP0PTKyWtmLSM0b+adUTEvbs1PEaH2w=="
		},
		"picomatch": {
			"version": "2.3.1",
			"resolved": "https://registry.npmjs.org/picomatch/-/picomatch-2.3.1.tgz",
			"integrity": "sha512-JU3teHTNjmE2VCGFzuY8EXzCDVwEqB2a8fsIvwaStHhAWJEeVd1o1QD80CU6+ZdEXXSLbSsuLwJjkCBWqRQUVA=="
		},
		"strip-json-comments": {
			"version": "3.1.1",
			"resolved": "https://registry.npmjs.org/strip-json-comments/-/strip-json-comments-3.1.1.tgz",
			"integrity": "sha512-6fPc+R4ihwqP6N/aIv2f1gMH8lOVtWQHoqC4yK6oSDVVocumAsfCqjkXnqiYMhmMwS/mEHLp7Vehlt3ql6lEig=="
		},
		"to-regex-range": {
			"version": "5.0.1",
			"resolved": "https://registry.npmjs.org/to-regex-range/-/to-regex-range-5.0.1.tgz",
			"integrity": "sha512-65P7iz6X5yEr1cwcgvQxbbIw7Uk3gOy5dIdtZ4rDveLqhrdJP+Li/Hx6tyK0NEb+2GCyneCMJiGqrADCSNk8sQ==",
			"requires": {
				"is-number": "^7.0.0"
			}
		},
		"typescript": {
			"version": "4.9.3",
			"resolved": "https://registry.npmjs.org/typescript/-/typescript-4.9.3.tgz",
			"integrity": "sha512-CIfGzTelbKNEnLpLdGFgdyKhG23CKdKgQPOBc+OUNrkJ2vr+KSzsSV5kq5iWhEQbok+quxgGzrAtGWCyU7tHnA==",
			"peer": true
		}
	}
}
