{
  "name": "@deepkit/filesystem-ftp",
  "version": "1.0.1-alpha.107",
  "lockfileVersion": 3,
  "requires": true,
  "packages": {
    "": {
      "name": "@deepkit/filesystem-ftp",
      "version": "1.0.1-alpha.107",
      "license": "MIT",
      "dependencies": {
        "basic-ftp": "^5.0.3"
      }
    },
    "node_modules/basic-ftp": {
      "version": "5.0.3",
      "resolved": "https://registry.npmjs.org/basic-ftp/-/basic-ftp-5.0.3.tgz",
      "integrity": "sha512-QHX8HLlncOLpy54mh+k/sWIFd0ThmRqwe9ZjELybGZK+tZ8rUb9VO0saKJUROTbE+KhzDUT7xziGpGrW8Kmd+g==",
      "engines": {
        "node": ">=10.0.0"
      }
    }
  }
}
