{
	"name": "@deepkit/orm",
	"version": "1.0.1-alpha.83",
	"lockfileVersion": 2,
	"requires": true,
	"packages": {
		"": {
			"name": "@deepkit/orm",
			"version": "1.0.1-alpha.71",
			"license": "MIT",
			"dependencies": {
				"sift": "^7.0.1"
			},
			"devDependencies": {
				"@types/sqlstring": "^2.2.1",
				"conditional-type-checks": "^1.0.5"
			},
			"peerDependencies": {
				"@deepkit/core": "^1.0.1-alpha.13",
				"@deepkit/event": "^1.0.1-alpha.13",
				"@deepkit/injector": "^1.0.1-alpha.13",
				"@deepkit/logger": "^1.0.1-alpha.13",
				"@deepkit/stopwatch": "^1.0.1-alpha.13",
				"@deepkit/type": "^1.0.1-alpha.13"
			}
		},
		"node_modules/@deepkit/core": {
			"version": "1.0.1-alpha.65",
			"resolved": "https://registry.npmjs.org/@deepkit/core/-/core-1.0.1-alpha.65.tgz",
			"integrity": "sha512-L52r3uSGu+kEjsq/9vVoora2fIWDFi/wmwkGtDJjbpbW1oY02jGYy73ImM7jeKeTfFen+3bw6Fk+tTVH4EChRg==",
			"peer": true,
			"dependencies": {
				"dot-prop": "^5.1.1",
				"to-fast-properties": "^3.0.1"
			}
		},
		"node_modules/@deepkit/event": {
			"version": "1.0.1-alpha.71",
			"resolved": "https://registry.npmjs.org/@deepkit/event/-/event-1.0.1-alpha.71.tgz",
			"integrity": "sha512-JwlqtSNbCWf8iSj/ESmuX0W4jp9shyyckjwEgXxitGeUXICghDsRYfChs7+Y4LnI7J9IDNMTaUJi7pyn+gscLA==",
			"peer": true,
			"peerDependencies": {
				"@deepkit/core": "^1.0.1-alpha.13",
				"@deepkit/injector": "^1.0.1-alpha.13",
				"@deepkit/type": "^1.0.1-alpha.13"
			}
		},
		"node_modules/@deepkit/injector": {
			"version": "1.0.1-alpha.71",
			"resolved": "https://registry.npmjs.org/@deepkit/injector/-/injector-1.0.1-alpha.71.tgz",
			"integrity": "sha512-4Qi8rJXSz7zoTgArL7Z2sLuiGPkTx7D/FPWcGlroLHfz/J1l6n0C5rEkw3H7qfAbPemQjLkkZ2YeD6EmbTK6lw==",
			"peer": true,
			"peerDependencies": {
				"@deepkit/core": "^1.0.1-alpha.13",
				"@deepkit/type": "^1.0.1-alpha.13"
			}
		},
		"node_modules/@deepkit/logger": {
			"version": "1.0.1-alpha.65",
			"resolved": "https://registry.npmjs.org/@deepkit/logger/-/logger-1.0.1-alpha.65.tgz",
			"integrity": "sha512-uVZUgx21qnt/es98SKmWp9Oc4smNlYHWmH3hQgrTM6DxEGef/36EMpUQEQBd+7T+wln9HcBU4CxA8LmpipLF2w==",
			"peer": true,
			"dependencies": {
				"@types/format-util": "^1.0.1",
				"ansi-styles": "^4.3.0",
				"format-util": "^1.0.5"
			},
			"peerDependencies": {
				"@deepkit/core": "^1.0.1-alpha.13"
			}
		},
		"node_modules/@deepkit/stopwatch": {
			"version": "1.0.1-alpha.71",
			"resolved": "https://registry.npmjs.org/@deepkit/stopwatch/-/stopwatch-1.0.1-alpha.71.tgz",
			"integrity": "sha512-bhGjzkeqmC1/SyfYCln7IDcTDHfktFW76uky3reZXT/CzPXPANCzz2xdflVLAwsRnQ9V4hKZQrQlJlLIkWg13w==",
			"peer": true,
			"peerDependencies": {
				"@deepkit/core": "^1.0.1-alpha.13",
				"@deepkit/type": "^1.0.1-alpha.13"
			}
		},
		"node_modules/@deepkit/type": {
			"version": "1.0.1-alpha.71",
			"resolved": "https://registry.npmjs.org/@deepkit/type/-/type-1.0.1-alpha.71.tgz",
			"integrity": "sha512-/fGp3qCus+lY/G2AUyb5rPI72SyFvA5f+X3djKXgfk0QAB7pxNPjBLNBHXD+yupzl0im+YEL9K1AL+KNLF9m0w==",
			"peer": true,
			"dependencies": {
				"@deepkit/type-spec": "^1.0.1-alpha.71",
				"@types/uuid": "^8.3.0",
				"buffer": "^5.2.1",
				"uuid": "^8.3.2"
			},
			"peerDependencies": {
				"@deepkit/core": "^1.0.1-alpha.13"
			}
		},
		"node_modules/@deepkit/type-spec": {
			"version": "1.0.1-alpha.71",
			"resolved": "https://registry.npmjs.org/@deepkit/type-spec/-/type-spec-1.0.1-alpha.71.tgz",
			"integrity": "sha512-Xug9GrBMMyZPyW4WLIVFd3wg126mNoViJpQaWZUbyDFTZWMIh+YCWbtsCSXTxOxk6QBZoB8Tq0OuUvrp+3crRg==",
			"peer": true
		},
		"node_modules/@types/format-util": {
			"version": "1.0.2",
			"resolved": "https://registry.npmjs.org/@types/format-util/-/format-util-1.0.2.tgz",
			"integrity": "sha512-9SrLCpgzWo2yHHhiMOX0WwgDh37nSbDbWUsRc1ss++o8O97E3tB6SJiyUQM21UeUsKvZNuhDCmkRaINZ4uJAfg==",
			"peer": true
		},
		"node_modules/@types/sqlstring": {
			"version": "2.3.0",
			"resolved": "https://registry.npmjs.org/@types/sqlstring/-/sqlstring-2.3.0.tgz",
			"integrity": "sha512-kMFecDYYFk/f5fljO0UFrSPwU1JxY4mIjX6ic7MHv5nD6sEd3NYLoWcOV/3s6Drs7RHdCwTQdD5NdgVl0I2zzg==",
			"dev": true
		},
		"node_modules/@types/uuid": {
			"version": "8.3.4",
			"resolved": "https://registry.npmjs.org/@types/uuid/-/uuid-8.3.4.tgz",
			"integrity": "sha512-c/I8ZRb51j+pYGAu5CrFMRxqZ2ke4y2grEBO5AUjgSkSk+qT2Ea+OdWElz/OiMf5MNpn2b17kuVBwZLQJXzihw==",
			"peer": true
		},
		"node_modules/ansi-styles": {
			"version": "4.3.0",
			"resolved": "https://registry.npmjs.org/ansi-styles/-/ansi-styles-4.3.0.tgz",
			"integrity": "sha512-zbB9rCJAT1rbjiVDb2hqKFHNYLxgtk8NURxZ3IZwD3F6NtxbXZQCnnSi1Lkx+IDohdPlFp222wVALIheZJQSEg==",
			"peer": true,
			"dependencies": {
				"color-convert": "^2.0.1"
			},
			"engines": {
				"node": ">=8"
			},
			"funding": {
				"url": "https://github.com/chalk/ansi-styles?sponsor=1"
			}
		},
		"node_modules/base64-js": {
			"version": "1.5.1",
			"resolved": "https://registry.npmjs.org/base64-js/-/base64-js-1.5.1.tgz",
			"integrity": "sha512-AKpaYlHn8t4SVbOHCy+b5+KKgvR4vrsD8vbvrbiQJps7fKDTkjkDry6ji0rUJjC0kzbNePLwzxq8iypo41qeWA==",
			"funding": [
				{
					"type": "github",
					"url": "https://github.com/sponsors/feross"
				},
				{
					"type": "patreon",
					"url": "https://www.patreon.com/feross"
				},
				{
					"type": "consulting",
					"url": "https://feross.org/support"
				}
			],
			"peer": true
		},
		"node_modules/buffer": {
			"version": "5.7.1",
			"resolved": "https://registry.npmjs.org/buffer/-/buffer-5.7.1.tgz",
			"integrity": "sha512-EHcyIPBQ4BSGlvjB16k5KgAJ27CIsHY/2JBmCRReo48y9rQ3MaUzWX3KVlBa4U7MyX02HdVj0K7C3WaB3ju7FQ==",
			"funding": [
				{
					"type": "github",
					"url": "https://github.com/sponsors/feross"
				},
				{
					"type": "patreon",
					"url": "https://www.patreon.com/feross"
				},
				{
					"type": "consulting",
					"url": "https://feross.org/support"
				}
			],
			"peer": true,
			"dependencies": {
				"base64-js": "^1.3.1",
				"ieee754": "^1.1.13"
			}
		},
		"node_modules/color-convert": {
			"version": "2.0.1",
			"resolved": "https://registry.npmjs.org/color-convert/-/color-convert-2.0.1.tgz",
			"integrity": "sha512-RRECPsj7iu/xb5oKYcsFHSppFNnsj/52OVTRKb4zP5onXwVF3zVmmToNcOfGC+CRDpfK/U584fMg38ZHCaElKQ==",
			"peer": true,
			"dependencies": {
				"color-name": "~1.1.4"
			},
			"engines": {
				"node": ">=7.0.0"
			}
		},
		"node_modules/color-name": {
			"version": "1.1.4",
			"resolved": "https://registry.npmjs.org/color-name/-/color-name-1.1.4.tgz",
			"integrity": "sha512-dOy+3AuW3a2wNbZHIuMZpTcgjGuLU/uBL/ubcZF9OXbDo8ff4O8yVp5Bf0efS8uEoYo5q4Fx7dY9OgQGXgAsQA==",
			"peer": true
		},
		"node_modules/conditional-type-checks": {
			"version": "1.0.6",
			"resolved": "https://registry.npmjs.org/conditional-type-checks/-/conditional-type-checks-1.0.6.tgz",
			"integrity": "sha512-3vyi+yNcmKq+xl1sTX7Ta+4pUvjusMYbC6FSbrS6YJV8TI51wiRn24u4bfdFVhDKKH5GtpKQzxW7bqXbPWllgQ==",
			"dev": true
		},
		"node_modules/dot-prop": {
			"version": "5.3.0",
			"resolved": "https://registry.npmjs.org/dot-prop/-/dot-prop-5.3.0.tgz",
			"integrity": "sha512-QM8q3zDe58hqUqjraQOmzZ1LIH9SWQJTlEKCH4kJ2oQvLZk7RbQXvtDM2XEq3fwkV9CCvvH4LA0AV+ogFsBM2Q==",
			"peer": true,
			"dependencies": {
				"is-obj": "^2.0.0"
			},
			"engines": {
				"node": ">=8"
			}
		},
		"node_modules/format-util": {
			"version": "1.0.5",
			"resolved": "https://registry.npmjs.org/format-util/-/format-util-1.0.5.tgz",
			"integrity": "sha512-varLbTj0e0yVyRpqQhuWV+8hlePAgaoFRhNFj50BNjEIrw1/DphHSObtqwskVCPWNgzwPoQrZAbfa/SBiicNeg==",
			"peer": true
		},
		"node_modules/ieee754": {
			"version": "1.2.1",
			"resolved": "https://registry.npmjs.org/ieee754/-/ieee754-1.2.1.tgz",
			"integrity": "sha512-dcyqhDvX1C46lXZcVqCpK+FtMRQVdIMN6/Df5js2zouUsqG7I6sFxitIC+7KYK29KdXOLHdu9zL4sFnoVQnqaA==",
			"funding": [
				{
					"type": "github",
					"url": "https://github.com/sponsors/feross"
				},
				{
					"type": "patreon",
					"url": "https://www.patreon.com/feross"
				},
				{
					"type": "consulting",
					"url": "https://feross.org/support"
				}
			],
			"peer": true
		},
		"node_modules/is-obj": {
			"version": "2.0.0",
			"resolved": "https://registry.npmjs.org/is-obj/-/is-obj-2.0.0.tgz",
			"integrity": "sha512-drqDG3cbczxxEJRoOXcOjtdp1J/lyp1mNn0xaznRs8+muBhgQcrnbspox5X5fOw0HnMnbfDzvnEMEtqDEJEo8w==",
			"peer": true,
			"engines": {
				"node": ">=8"
			}
		},
		"node_modules/sift": {
			"version": "7.0.1",
			"resolved": "https://registry.npmjs.org/sift/-/sift-7.0.1.tgz",
			"integrity": "sha512-oqD7PMJ+uO6jV9EQCl0LrRw1OwsiPsiFQR5AR30heR+4Dl7jBBbDLnNvWiak20tzZlSE1H7RB30SX/1j/YYT7g=="
		},
		"node_modules/to-fast-properties": {
			"version": "3.0.1",
			"resolved": "https://registry.npmjs.org/to-fast-properties/-/to-fast-properties-3.0.1.tgz",
			"integrity": "sha512-/wtNi1tW1F3nf0OL6AqVxGw9Tr1ET70InMhJuVxPwFdGqparF0nQ4UWGLf2DsoI2bFDtthlBnALncZpUzOnsUw==",
			"peer": true,
			"engines": {
				"node": ">=8"
			},
			"funding": {
				"url": "https://github.com/sponsors/sindresorhus"
			}
		},
		"node_modules/uuid": {
			"version": "8.3.2",
			"resolved": "https://registry.npmjs.org/uuid/-/uuid-8.3.2.tgz",
			"integrity": "sha512-+NYs2QeMWy+GWFOEm9xnn6HCDp0l7QBD7ml8zLUmJ+93Q5NF0NocErnwkTkXVFNiX3/fpC6afS8Dhb/gz7R7eg==",
			"peer": true,
			"bin": {
				"uuid": "dist/bin/uuid"
			}
		}
	},
	"dependencies": {
		"@deepkit/core": {
			"version": "1.0.1-alpha.65",
			"resolved": "https://registry.npmjs.org/@deepkit/core/-/core-1.0.1-alpha.65.tgz",
			"integrity": "sha512-L52r3uSGu+kEjsq/9vVoora2fIWDFi/wmwkGtDJjbpbW1oY02jGYy73ImM7jeKeTfFen+3bw6Fk+tTVH4EChRg==",
			"peer": true,
			"requires": {
				"dot-prop": "^5.1.1",
				"to-fast-properties": "^3.0.1"
			}
		},
		"@deepkit/event": {
			"version": "1.0.1-alpha.71",
			"resolved": "https://registry.npmjs.org/@deepkit/event/-/event-1.0.1-alpha.71.tgz",
			"integrity": "sha512-JwlqtSNbCWf8iSj/ESmuX0W4jp9shyyckjwEgXxitGeUXICghDsRYfChs7+Y4LnI7J9IDNMTaUJi7pyn+gscLA==",
			"peer": true,
			"requires": {}
		},
		"@deepkit/injector": {
			"version": "1.0.1-alpha.71",
			"resolved": "https://registry.npmjs.org/@deepkit/injector/-/injector-1.0.1-alpha.71.tgz",
			"integrity": "sha512-4Qi8rJXSz7zoTgArL7Z2sLuiGPkTx7D/FPWcGlroLHfz/J1l6n0C5rEkw3H7qfAbPemQjLkkZ2YeD6EmbTK6lw==",
			"peer": true,
			"requires": {}
		},
		"@deepkit/logger": {
			"version": "1.0.1-alpha.65",
			"resolved": "https://registry.npmjs.org/@deepkit/logger/-/logger-1.0.1-alpha.65.tgz",
			"integrity": "sha512-uVZUgx21qnt/es98SKmWp9Oc4smNlYHWmH3hQgrTM6DxEGef/36EMpUQEQBd+7T+wln9HcBU4CxA8LmpipLF2w==",
			"peer": true,
			"requires": {
				"@types/format-util": "^1.0.1",
				"ansi-styles": "^4.3.0",
				"format-util": "^1.0.5"
			}
		},
		"@deepkit/stopwatch": {
			"version": "1.0.1-alpha.71",
			"resolved": "https://registry.npmjs.org/@deepkit/stopwatch/-/stopwatch-1.0.1-alpha.71.tgz",
			"integrity": "sha512-bhGjzkeqmC1/SyfYCln7IDcTDHfktFW76uky3reZXT/CzPXPANCzz2xdflVLAwsRnQ9V4hKZQrQlJlLIkWg13w==",
			"peer": true,
			"requires": {}
		},
		"@deepkit/type": {
			"version": "1.0.1-alpha.71",
			"resolved": "https://registry.npmjs.org/@deepkit/type/-/type-1.0.1-alpha.71.tgz",
			"integrity": "sha512-/fGp3qCus+lY/G2AUyb5rPI72SyFvA5f+X3djKXgfk0QAB7pxNPjBLNBHXD+yupzl0im+YEL9K1AL+KNLF9m0w==",
			"peer": true,
			"requires": {
				"@deepkit/type-spec": "^1.0.1-alpha.71",
				"@types/uuid": "^8.3.0",
				"buffer": "^5.2.1",
				"uuid": "^8.3.2"
			}
		},
		"@deepkit/type-spec": {
			"version": "1.0.1-alpha.71",
			"resolved": "https://registry.npmjs.org/@deepkit/type-spec/-/type-spec-1.0.1-alpha.71.tgz",
			"integrity": "sha512-Xug9GrBMMyZPyW4WLIVFd3wg126mNoViJpQaWZUbyDFTZWMIh+YCWbtsCSXTxOxk6QBZoB8Tq0OuUvrp+3crRg==",
			"peer": true
		},
		"@types/format-util": {
			"version": "1.0.2",
			"resolved": "https://registry.npmjs.org/@types/format-util/-/format-util-1.0.2.tgz",
			"integrity": "sha512-9SrLCpgzWo2yHHhiMOX0WwgDh37nSbDbWUsRc1ss++o8O97E3tB6SJiyUQM21UeUsKvZNuhDCmkRaINZ4uJAfg==",
			"peer": true
		},
		"@types/sqlstring": {
			"version": "2.3.0",
			"resolved": "https://registry.npmjs.org/@types/sqlstring/-/sqlstring-2.3.0.tgz",
			"integrity": "sha512-kMFecDYYFk/f5fljO0UFrSPwU1JxY4mIjX6ic7MHv5nD6sEd3NYLoWcOV/3s6Drs7RHdCwTQdD5NdgVl0I2zzg==",
			"dev": true
		},
		"@types/uuid": {
			"version": "8.3.4",
			"resolved": "https://registry.npmjs.org/@types/uuid/-/uuid-8.3.4.tgz",
			"integrity": "sha512-c/I8ZRb51j+pYGAu5CrFMRxqZ2ke4y2grEBO5AUjgSkSk+qT2Ea+OdWElz/OiMf5MNpn2b17kuVBwZLQJXzihw==",
			"peer": true
		},
		"ansi-styles": {
			"version": "4.3.0",
			"resolved": "https://registry.npmjs.org/ansi-styles/-/ansi-styles-4.3.0.tgz",
			"integrity": "sha512-zbB9rCJAT1rbjiVDb2hqKFHNYLxgtk8NURxZ3IZwD3F6NtxbXZQCnnSi1Lkx+IDohdPlFp222wVALIheZJQSEg==",
			"peer": true,
			"requires": {
				"color-convert": "^2.0.1"
			}
		},
		"base64-js": {
			"version": "1.5.1",
			"resolved": "https://registry.npmjs.org/base64-js/-/base64-js-1.5.1.tgz",
			"integrity": "sha512-AKpaYlHn8t4SVbOHCy+b5+KKgvR4vrsD8vbvrbiQJps7fKDTkjkDry6ji0rUJjC0kzbNePLwzxq8iypo41qeWA==",
			"peer": true
		},
		"buffer": {
			"version": "5.7.1",
			"resolved": "https://registry.npmjs.org/buffer/-/buffer-5.7.1.tgz",
			"integrity": "sha512-EHcyIPBQ4BSGlvjB16k5KgAJ27CIsHY/2JBmCRReo48y9rQ3MaUzWX3KVlBa4U7MyX02HdVj0K7C3WaB3ju7FQ==",
			"peer": true,
			"requires": {
				"base64-js": "^1.3.1",
				"ieee754": "^1.1.13"
			}
		},
		"color-convert": {
			"version": "2.0.1",
			"resolved": "https://registry.npmjs.org/color-convert/-/color-convert-2.0.1.tgz",
			"integrity": "sha512-RRECPsj7iu/xb5oKYcsFHSppFNnsj/52OVTRKb4zP5onXwVF3zVmmToNcOfGC+CRDpfK/U584fMg38ZHCaElKQ==",
			"peer": true,
			"requires": {
				"color-name": "~1.1.4"
			}
		},
		"color-name": {
			"version": "1.1.4",
			"resolved": "https://registry.npmjs.org/color-name/-/color-name-1.1.4.tgz",
			"integrity": "sha512-dOy+3AuW3a2wNbZHIuMZpTcgjGuLU/uBL/ubcZF9OXbDo8ff4O8yVp5Bf0efS8uEoYo5q4Fx7dY9OgQGXgAsQA==",
			"peer": true
		},
		"conditional-type-checks": {
			"version": "1.0.6",
			"resolved": "https://registry.npmjs.org/conditional-type-checks/-/conditional-type-checks-1.0.6.tgz",
			"integrity": "sha512-3vyi+yNcmKq+xl1sTX7Ta+4pUvjusMYbC6FSbrS6YJV8TI51wiRn24u4bfdFVhDKKH5GtpKQzxW7bqXbPWllgQ==",
			"dev": true
		},
		"dot-prop": {
			"version": "5.3.0",
			"resolved": "https://registry.npmjs.org/dot-prop/-/dot-prop-5.3.0.tgz",
			"integrity": "sha512-QM8q3zDe58hqUqjraQOmzZ1LIH9SWQJTlEKCH4kJ2oQvLZk7RbQXvtDM2XEq3fwkV9CCvvH4LA0AV+ogFsBM2Q==",
			"peer": true,
			"requires": {
				"is-obj": "^2.0.0"
			}
		},
		"format-util": {
			"version": "1.0.5",
			"resolved": "https://registry.npmjs.org/format-util/-/format-util-1.0.5.tgz",
			"integrity": "sha512-varLbTj0e0yVyRpqQhuWV+8hlePAgaoFRhNFj50BNjEIrw1/DphHSObtqwskVCPWNgzwPoQrZAbfa/SBiicNeg==",
			"peer": true
		},
		"ieee754": {
			"version": "1.2.1",
			"resolved": "https://registry.npmjs.org/ieee754/-/ieee754-1.2.1.tgz",
			"integrity": "sha512-dcyqhDvX1C46lXZcVqCpK+FtMRQVdIMN6/Df5js2zouUsqG7I6sFxitIC+7KYK29KdXOLHdu9zL4sFnoVQnqaA==",
			"peer": true
		},
		"is-obj": {
			"version": "2.0.0",
			"resolved": "https://registry.npmjs.org/is-obj/-/is-obj-2.0.0.tgz",
			"integrity": "sha512-drqDG3cbczxxEJRoOXcOjtdp1J/lyp1mNn0xaznRs8+muBhgQcrnbspox5X5fOw0HnMnbfDzvnEMEtqDEJEo8w==",
			"peer": true
		},
		"sift": {
			"version": "7.0.1",
			"resolved": "https://registry.npmjs.org/sift/-/sift-7.0.1.tgz",
			"integrity": "sha512-oqD7PMJ+uO6jV9EQCl0LrRw1OwsiPsiFQR5AR30heR+4Dl7jBBbDLnNvWiak20tzZlSE1H7RB30SX/1j/YYT7g=="
		},
		"to-fast-properties": {
			"version": "3.0.1",
			"resolved": "https://registry.npmjs.org/to-fast-properties/-/to-fast-properties-3.0.1.tgz",
			"integrity": "sha512-/wtNi1tW1F3nf0OL6AqVxGw9Tr1ET70InMhJuVxPwFdGqparF0nQ4UWGLf2DsoI2bFDtthlBnALncZpUzOnsUw==",
			"peer": true
		},
		"uuid": {
			"version": "8.3.2",
			"resolved": "https://registry.npmjs.org/uuid/-/uuid-8.3.2.tgz",
			"integrity": "sha512-+NYs2QeMWy+GWFOEm9xnn6HCDp0l7QBD7ml8zLUmJ+93Q5NF0NocErnwkTkXVFNiX3/fpC6afS8Dhb/gz7R7eg==",
			"peer": true
		}
	}
}
