{
	"name": "@deepkit/orm",
	"version": "1.0.1-alpha.53",
	"lockfileVersion": 1,
	"requires": true,
	"dependencies": {
		"@types/sqlstring": {
			"version": "2.3.0",
			"resolved": "https://registry.npmjs.org/@types/sqlstring/-/sqlstring-2.3.0.tgz",
			"integrity": "sha512-kMFecDYYFk/f5fljO0UFrSPwU1JxY4mIjX6ic7MHv5nD6sEd3NYLoWcOV/3s6Drs7RHdCwTQdD5NdgVl0I2zzg==",
			"dev": true
		},
		"conditional-type-checks": {
			"version": "1.0.5",
			"resolved": "https://registry.npmjs.org/conditional-type-checks/-/conditional-type-checks-1.0.5.tgz",
			"integrity": "sha512-DkfkvmjXVe4ye4llJ1JADtO3dNvqqcQM08cA9BhNt9Oe8pyRW8X1CZyBg9Qst05bDV9BJM01KLmnFh78NcJgNg==",
			"dev": true
		},
		"reflect-metadata": {
			"version": "0.1.13",
			"resolved": "https://registry.npmjs.org/reflect-metadata/-/reflect-metadata-0.1.13.tgz",
			"integrity": "sha512-Ts1Y/anZELhSsjMcU605fU9RE4Oi3p5ORujwbIKXfWa+0Zxs510Qrmrce5/Jowq3cHSZSJqBjypxmHarc+vEWg==",
			"dev": true
		},
		"sift": {
			"version": "7.0.1",
			"resolved": "https://registry.npmjs.org/sift/-/sift-7.0.1.tgz",
			"integrity": "sha512-oqD7PMJ+uO6jV9EQCl0LrRw1OwsiPsiFQR5AR30heR+4Dl7jBBbDLnNvWiak20tzZlSE1H7RB30SX/1j/YYT7g=="
		}
	}
}
