{
	"name": "@deepkit/orm",
	"version": "1.0.0-alpha.15",
	"lockfileVersion": 1,
	"requires": true,
	"dependencies": {
		"@types/sqlstring": {
			"version": "2.2.1",
			"resolved": "https://registry.npmjs.org/@types/sqlstring/-/sqlstring-2.2.1.tgz",
			"integrity": "sha512-aoPCWl1XeUuVXslgwN06FKhVyJq8rqlKk2czbEnk9+R0OQd+JPJDmOjySnULGTeZzr6YB6+3VyFrEiOlFoMgYA==",
			"dev": true
		},
		"reflect-metadata": {
			"version": "0.1.13",
			"resolved": "https://registry.npmjs.org/reflect-metadata/-/reflect-metadata-0.1.13.tgz",
			"integrity": "sha512-Ts1Y/anZELhSsjMcU605fU9RE4Oi3p5ORujwbIKXfWa+0Zxs510Qrmrce5/Jowq3cHSZSJqBjypxmHarc+vEWg==",
			"dev": true
		},
		"sqlstring": {
			"version": "2.3.2",
			"resolved": "https://registry.npmjs.org/sqlstring/-/sqlstring-2.3.2.tgz",
			"integrity": "sha512-vF4ZbYdKS8OnoJAWBmMxCQDkiEBkGQYU7UZPtL8flbDRSNkhaXvRJ279ZtI6M+zDaQovVU4tuRgzK5fVhvFAhg=="
		}
	}
}
