{
	"name": "@deepkit/injector",
	"version": "1.0.1-alpha.52",
	"lockfileVersion": 1,
	"requires": true,
	"dependencies": {
		"benchmark": {
			"version": "2.1.4",
			"resolved": "https://registry.npmjs.org/benchmark/-/benchmark-2.1.4.tgz",
			"integrity": "sha1-CfPeMckWQl1JjMLuVloOvzwqVik=",
			"dev": true,
			"requires": {
				"lodash": "^4.17.4",
				"platform": "^1.3.3"
			}
		},
		"lodash": {
			"version": "4.17.21",
			"resolved": "https://registry.npmjs.org/lodash/-/lodash-4.17.21.tgz",
			"integrity": "sha512-v2kDEe57lecTulaDIuNTPy3Ry4gLGJ6Z1O3vE1krgXZNrsQ+LFTGHVxVjcXPs17LhbZVGedAJv8XZ1tvj5FvSg==",
			"dev": true
		},
		"platform": {
			"version": "1.3.6",
			"resolved": "https://registry.npmjs.org/platform/-/platform-1.3.6.tgz",
			"integrity": "sha512-fnWVljUchTro6RiCFvCXBbNhJc2NijN7oIQxbwsyL0buWJPG85v81ehlHI9fXrJsMNgTofEoWIQeClKpgxFLrg==",
			"dev": true
		},
		"reflect-metadata": {
			"version": "0.1.13",
			"resolved": "https://registry.npmjs.org/reflect-metadata/-/reflect-metadata-0.1.13.tgz",
			"integrity": "sha512-Ts1Y/anZELhSsjMcU605fU9RE4Oi3p5ORujwbIKXfWa+0Zxs510Qrmrce5/Jowq3cHSZSJqBjypxmHarc+vEWg==",
			"dev": true
		}
	}
}
