{
	"name": "@deepkit/angular-universal",
	"version": "1.0.1-alpha.22",
	"lockfileVersion": 1,
	"requires": true,
	"dependencies": {
		"@angular/animations": {
			"version": "11.2.0",
			"resolved": "https://registry.npmjs.org/@angular/animations/-/animations-11.2.0.tgz",
			"integrity": "sha512-orYrBPNAsF8VpvuOaXTtPltwK2nsje5R8sWJnRC2dh1RCRdyIqHwmRIU0Mi6qLMiEaLNrFPGEMyQ9gB+sC/vYg==",
			"dev": true,
			"requires": {
				"tslib": "^2.0.0"
			}
		},
		"@angular/common": {
			"version": "11.2.0",
			"resolved": "https://registry.npmjs.org/@angular/common/-/common-11.2.0.tgz",
			"integrity": "sha512-wsWI5F6Y2DNxne2D5uk8e9U/vn95UYZLMNBW+QXI9U/I9kDSXoa8yEvNcn1x0XfNXBMst5pi4iSF5M8mIck1eg==",
			"dev": true,
			"requires": {
				"tslib": "^2.0.0"
			}
		},
		"@angular/core": {
			"version": "11.2.0",
			"resolved": "https://registry.npmjs.org/@angular/core/-/core-11.2.0.tgz",
			"integrity": "sha512-jnbnJTW2GwfkRoXG8J4zs5FMcahMZwo6jrZGe9FiXjCYG9cLEuOXy4h99Z1s/o0vc/VXyWgym7SmeEgv+urf8g==",
			"dev": true,
			"requires": {
				"tslib": "^2.0.0"
			}
		},
		"@angular/platform-server": {
			"version": "11.2.0",
			"resolved": "https://registry.npmjs.org/@angular/platform-server/-/platform-server-11.2.0.tgz",
			"integrity": "sha512-6H/E9bbfu8UcH9F+ZqCkum811NzwDWAvGw75rtvwzjGppMJTwdSITFvOp1zJ4DHaaJv09R3f0RM88G5o0/94eA==",
			"dev": true,
			"requires": {
				"domino": "^2.1.2",
				"tslib": "^2.0.0",
				"xhr2": "^0.2.0"
			}
		},
		"@angular/router": {
			"version": "11.2.0",
			"resolved": "https://registry.npmjs.org/@angular/router/-/router-11.2.0.tgz",
			"integrity": "sha512-Gw08D6W4SGEIgm5zKdGs1yCW7FnwYjF8cycWczrpU8fmZh+WLbIjPAy/blI/nByCDU9BGyZ7cWGOiQJHEnzWmg==",
			"dev": true,
			"requires": {
				"tslib": "^2.0.0"
			}
		},
		"@types/node": {
			"version": "14.14.27",
			"resolved": "https://registry.npmjs.org/@types/node/-/node-14.14.27.tgz",
			"integrity": "sha512-Ecfmo4YDQPwuqTCl1yBxLV5ihKfRlkBmzUEDcfIRvDxOTGQEeikr317Ln7Gcv0tjA8dVgKI3rniqW2G1OyKDng==",
			"dev": true
		},
		"domino": {
			"version": "2.1.6",
			"resolved": "https://registry.npmjs.org/domino/-/domino-2.1.6.tgz",
			"integrity": "sha512-3VdM/SXBZX2omc9JF9nOPCtDaYQ67BGp5CoLpIQlO2KCAPETs8TcDHacF26jXadGbvUteZzRTeos2fhID5+ucQ=="
		},
		"tslib": {
			"version": "2.1.0",
			"resolved": "https://registry.npmjs.org/tslib/-/tslib-2.1.0.tgz",
			"integrity": "sha512-hcVC3wYEziELGGmEEXue7D75zbwIIVUMWAVbHItGPx0ziyXxrOMQx4rQEVEV45Ut/1IotuEvwqPopzIOkDMf0A==",
			"dev": true
		},
		"xhr2": {
			"version": "0.2.1",
			"resolved": "https://registry.npmjs.org/xhr2/-/xhr2-0.2.1.tgz",
			"integrity": "sha512-sID0rrVCqkVNUn8t6xuv9+6FViXjUVXq8H5rWOH2rz9fDNQEd4g0EA2XlcEdJXRz5BMEn4O1pJFdT+z4YHhoWw==",
			"dev": true
		}
	}
}
