{
	"name": "@deepkit/bson",
	"version": "1.0.1-alpha.101",
	"lockfileVersion": 2,
	"requires": true,
	"packages": {
		"": {
			"name": "@deepkit/bson",
			"version": "1.0.1-alpha.93",
			"license": "MIT",
			"devDependencies": {
				"@types/bson": "^4.0.3",
				"@types/node": "14.14.28",
				"bson": "^4.4.0",
				"bson-ext": "^4.0.0"
			},
			"peerDependencies": {
				"@deepkit/core": "^1.0.1-alpha.13",
				"@deepkit/type": "^1.0.1-alpha.13"
			}
		},
		"node_modules/@deepkit/core": {
			"version": "1.0.1-alpha.65",
			"license": "MIT",
			"peer": true,
			"dependencies": {
				"dot-prop": "^5.1.1",
				"to-fast-properties": "^3.0.1"
			}
		},
		"node_modules/@deepkit/type": {
			"version": "1.0.1-alpha.71",
			"license": "MIT",
			"peer": true,
			"dependencies": {
				"@deepkit/type-spec": "^1.0.1-alpha.71",
				"@types/uuid": "^8.3.0",
				"buffer": "^5.2.1",
				"uuid": "^8.3.2"
			},
			"peerDependencies": {
				"@deepkit/core": "^1.0.1-alpha.13"
			}
		},
		"node_modules/@deepkit/type-spec": {
			"version": "1.0.1-alpha.71",
			"license": "MIT",
			"peer": true
		},
		"node_modules/@types/bson": {
			"version": "4.2.0",
			"dev": true,
			"license": "MIT",
			"dependencies": {
				"bson": "*"
			}
		},
		"node_modules/@types/node": {
			"version": "14.14.28",
			"dev": true,
			"license": "MIT"
		},
		"node_modules/@types/uuid": {
			"version": "8.3.4",
			"license": "MIT",
			"peer": true
		},
		"node_modules/ansi-regex": {
			"version": "2.1.1",
			"dev": true,
			"license": "MIT",
			"engines": {
				"node": ">=0.10.0"
			}
		},
		"node_modules/aproba": {
			"version": "1.2.0",
			"dev": true,
			"license": "ISC"
		},
		"node_modules/are-we-there-yet": {
			"version": "1.1.7",
			"dev": true,
			"license": "ISC",
			"dependencies": {
				"delegates": "^1.0.0",
				"readable-stream": "^2.0.6"
			}
		},
		"node_modules/base64-js": {
			"version": "1.5.1",
			"funding": [
				{
					"type": "github",
					"url": "https://github.com/sponsors/feross"
				},
				{
					"type": "patreon",
					"url": "https://www.patreon.com/feross"
				},
				{
					"type": "consulting",
					"url": "https://feross.org/support"
				}
			],
			"license": "MIT"
		},
		"node_modules/bindings": {
			"version": "1.5.0",
			"dev": true,
			"license": "MIT",
			"dependencies": {
				"file-uri-to-path": "1.0.0"
			}
		},
		"node_modules/bl": {
			"version": "4.1.0",
			"dev": true,
			"license": "MIT",
			"dependencies": {
				"buffer": "^5.5.0",
				"inherits": "^2.0.4",
				"readable-stream": "^3.4.0"
			}
		},
		"node_modules/bl/node_modules/readable-stream": {
			"version": "3.6.0",
			"dev": true,
			"license": "MIT",
			"dependencies": {
				"inherits": "^2.0.3",
				"string_decoder": "^1.1.1",
				"util-deprecate": "^1.0.1"
			},
			"engines": {
				"node": ">= 6"
			}
		},
		"node_modules/bson": {
			"version": "4.6.5",
			"dev": true,
			"license": "Apache-2.0",
			"dependencies": {
				"buffer": "^5.6.0"
			},
			"engines": {
				"node": ">=6.9.0"
			}
		},
		"node_modules/bson-ext": {
			"version": "4.0.2",
			"resolved": "https://registry.npmjs.org/bson-ext/-/bson-ext-4.0.2.tgz",
			"integrity": "sha512-Nrf6KyyBtTLVrns1++ODGkRgR4UDU2LkkVb7UZvr1Q7YxNd23omlyDdh1yva2Nm4ehGJ9hceIJzFfIZaf2UoCQ==",
			"dev": true,
			"hasInstallScript": true,
			"dependencies": {
				"bindings": "^1.5.0",
				"bson": "^4.5.2",
				"nan": "^2.14.2",
				"prebuild-install": "^6.1.2"
			},
			"engines": {
				"node": ">=6.9.0"
			}
		},
		"node_modules/buffer": {
			"version": "5.7.1",
			"funding": [
				{
					"type": "github",
					"url": "https://github.com/sponsors/feross"
				},
				{
					"type": "patreon",
					"url": "https://www.patreon.com/feross"
				},
				{
					"type": "consulting",
					"url": "https://feross.org/support"
				}
			],
			"license": "MIT",
			"dependencies": {
				"base64-js": "^1.3.1",
				"ieee754": "^1.1.13"
			}
		},
		"node_modules/chownr": {
			"version": "1.1.4",
			"dev": true,
			"license": "ISC"
		},
		"node_modules/code-point-at": {
			"version": "1.1.0",
			"dev": true,
			"license": "MIT",
			"engines": {
				"node": ">=0.10.0"
			}
		},
		"node_modules/console-control-strings": {
			"version": "1.1.0",
			"dev": true,
			"license": "ISC"
		},
		"node_modules/core-util-is": {
			"version": "1.0.3",
			"dev": true,
			"license": "MIT"
		},
		"node_modules/decompress-response": {
			"version": "4.2.1",
			"dev": true,
			"license": "MIT",
			"dependencies": {
				"mimic-response": "^2.0.0"
			},
			"engines": {
				"node": ">=8"
			}
		},
		"node_modules/deep-extend": {
			"version": "0.6.0",
			"dev": true,
			"license": "MIT",
			"engines": {
				"node": ">=4.0.0"
			}
		},
		"node_modules/delegates": {
			"version": "1.0.0",
			"dev": true,
			"license": "MIT"
		},
		"node_modules/detect-libc": {
			"version": "1.0.3",
			"dev": true,
			"license": "Apache-2.0",
			"bin": {
				"detect-libc": "bin/detect-libc.js"
			},
			"engines": {
				"node": ">=0.10"
			}
		},
		"node_modules/dot-prop": {
			"version": "5.3.0",
			"license": "MIT",
			"peer": true,
			"dependencies": {
				"is-obj": "^2.0.0"
			},
			"engines": {
				"node": ">=8"
			}
		},
		"node_modules/end-of-stream": {
			"version": "1.4.4",
			"dev": true,
			"license": "MIT",
			"dependencies": {
				"once": "^1.4.0"
			}
		},
		"node_modules/expand-template": {
			"version": "2.0.3",
			"dev": true,
			"license": "(MIT OR WTFPL)",
			"engines": {
				"node": ">=6"
			}
		},
		"node_modules/file-uri-to-path": {
			"version": "1.0.0",
			"dev": true,
			"license": "MIT"
		},
		"node_modules/fs-constants": {
			"version": "1.0.0",
			"dev": true,
			"license": "MIT"
		},
		"node_modules/gauge": {
			"version": "2.7.4",
			"dev": true,
			"license": "ISC",
			"dependencies": {
				"aproba": "^1.0.3",
				"console-control-strings": "^1.0.0",
				"has-unicode": "^2.0.0",
				"object-assign": "^4.1.0",
				"signal-exit": "^3.0.0",
				"string-width": "^1.0.1",
				"strip-ansi": "^3.0.1",
				"wide-align": "^1.1.0"
			}
		},
		"node_modules/github-from-package": {
			"version": "0.0.0",
			"dev": true,
			"license": "MIT"
		},
		"node_modules/has-unicode": {
			"version": "2.0.1",
			"dev": true,
			"license": "ISC"
		},
		"node_modules/ieee754": {
			"version": "1.2.1",
			"funding": [
				{
					"type": "github",
					"url": "https://github.com/sponsors/feross"
				},
				{
					"type": "patreon",
					"url": "https://www.patreon.com/feross"
				},
				{
					"type": "consulting",
					"url": "https://feross.org/support"
				}
			],
			"license": "BSD-3-Clause"
		},
		"node_modules/inherits": {
			"version": "2.0.4",
			"dev": true,
			"license": "ISC"
		},
		"node_modules/ini": {
			"version": "1.3.8",
			"dev": true,
			"license": "ISC"
		},
		"node_modules/is-fullwidth-code-point": {
			"version": "1.0.0",
			"dev": true,
			"license": "MIT",
			"dependencies": {
				"number-is-nan": "^1.0.0"
			},
			"engines": {
				"node": ">=0.10.0"
			}
		},
		"node_modules/is-obj": {
			"version": "2.0.0",
			"license": "MIT",
			"peer": true,
			"engines": {
				"node": ">=8"
			}
		},
		"node_modules/isarray": {
			"version": "1.0.0",
			"dev": true,
			"license": "MIT"
		},
		"node_modules/mimic-response": {
			"version": "2.1.0",
			"dev": true,
			"license": "MIT",
			"engines": {
				"node": ">=8"
			},
			"funding": {
				"url": "https://github.com/sponsors/sindresorhus"
			}
		},
		"node_modules/minimist": {
			"version": "1.2.6",
			"dev": true,
			"license": "MIT"
		},
		"node_modules/mkdirp-classic": {
			"version": "0.5.3",
			"dev": true,
			"license": "MIT"
		},
		"node_modules/nan": {
			"version": "2.16.0",
			"dev": true,
			"license": "MIT"
		},
		"node_modules/napi-build-utils": {
			"version": "1.0.2",
			"dev": true,
			"license": "MIT"
		},
		"node_modules/node-abi": {
			"version": "2.30.1",
			"dev": true,
			"license": "MIT",
			"dependencies": {
				"semver": "^5.4.1"
			}
		},
		"node_modules/npmlog": {
			"version": "4.1.2",
			"dev": true,
			"license": "ISC",
			"dependencies": {
				"are-we-there-yet": "~1.1.2",
				"console-control-strings": "~1.1.0",
				"gauge": "~2.7.3",
				"set-blocking": "~2.0.0"
			}
		},
		"node_modules/number-is-nan": {
			"version": "1.0.1",
			"dev": true,
			"license": "MIT",
			"engines": {
				"node": ">=0.10.0"
			}
		},
		"node_modules/object-assign": {
			"version": "4.1.1",
			"dev": true,
			"license": "MIT",
			"engines": {
				"node": ">=0.10.0"
			}
		},
		"node_modules/once": {
			"version": "1.4.0",
			"dev": true,
			"license": "ISC",
			"dependencies": {
				"wrappy": "1"
			}
		},
		"node_modules/prebuild-install": {
			"version": "6.1.4",
			"dev": true,
			"license": "MIT",
			"dependencies": {
				"detect-libc": "^1.0.3",
				"expand-template": "^2.0.3",
				"github-from-package": "0.0.0",
				"minimist": "^1.2.3",
				"mkdirp-classic": "^0.5.3",
				"napi-build-utils": "^1.0.1",
				"node-abi": "^2.21.0",
				"npmlog": "^4.0.1",
				"pump": "^3.0.0",
				"rc": "^1.2.7",
				"simple-get": "^3.0.3",
				"tar-fs": "^2.0.0",
				"tunnel-agent": "^0.6.0"
			},
			"bin": {
				"prebuild-install": "bin.js"
			},
			"engines": {
				"node": ">=6"
			}
		},
		"node_modules/process-nextick-args": {
			"version": "2.0.1",
			"dev": true,
			"license": "MIT"
		},
		"node_modules/pump": {
			"version": "3.0.0",
			"dev": true,
			"license": "MIT",
			"dependencies": {
				"end-of-stream": "^1.1.0",
				"once": "^1.3.1"
			}
		},
		"node_modules/rc": {
			"version": "1.2.8",
			"dev": true,
			"license": "(BSD-2-Clause OR MIT OR Apache-2.0)",
			"dependencies": {
				"deep-extend": "^0.6.0",
				"ini": "~1.3.0",
				"minimist": "^1.2.0",
				"strip-json-comments": "~2.0.1"
			},
			"bin": {
				"rc": "cli.js"
			}
		},
		"node_modules/readable-stream": {
			"version": "2.3.7",
			"dev": true,
			"license": "MIT",
			"dependencies": {
				"core-util-is": "~1.0.0",
				"inherits": "~2.0.3",
				"isarray": "~1.0.0",
				"process-nextick-args": "~2.0.0",
				"safe-buffer": "~5.1.1",
				"string_decoder": "~1.1.1",
				"util-deprecate": "~1.0.1"
			}
		},
		"node_modules/safe-buffer": {
			"version": "5.1.2",
			"dev": true,
			"license": "MIT"
		},
		"node_modules/semver": {
			"version": "5.7.1",
			"dev": true,
			"license": "ISC",
			"bin": {
				"semver": "bin/semver"
			}
		},
		"node_modules/set-blocking": {
			"version": "2.0.0",
			"dev": true,
			"license": "ISC"
		},
		"node_modules/signal-exit": {
			"version": "3.0.7",
			"dev": true,
			"license": "ISC"
		},
		"node_modules/simple-concat": {
			"version": "1.0.1",
			"dev": true,
			"funding": [
				{
					"type": "github",
					"url": "https://github.com/sponsors/feross"
				},
				{
					"type": "patreon",
					"url": "https://www.patreon.com/feross"
				},
				{
					"type": "consulting",
					"url": "https://feross.org/support"
				}
			],
			"license": "MIT"
		},
		"node_modules/simple-get": {
			"version": "3.1.1",
			"dev": true,
			"license": "MIT",
			"dependencies": {
				"decompress-response": "^4.2.0",
				"once": "^1.3.1",
				"simple-concat": "^1.0.0"
			}
		},
		"node_modules/string_decoder": {
			"version": "1.1.1",
			"dev": true,
			"license": "MIT",
			"dependencies": {
				"safe-buffer": "~5.1.0"
			}
		},
		"node_modules/string-width": {
			"version": "1.0.2",
			"dev": true,
			"license": "MIT",
			"dependencies": {
				"code-point-at": "^1.0.0",
				"is-fullwidth-code-point": "^1.0.0",
				"strip-ansi": "^3.0.0"
			},
			"engines": {
				"node": ">=0.10.0"
			}
		},
		"node_modules/strip-ansi": {
			"version": "3.0.1",
			"dev": true,
			"license": "MIT",
			"dependencies": {
				"ansi-regex": "^2.0.0"
			},
			"engines": {
				"node": ">=0.10.0"
			}
		},
		"node_modules/strip-json-comments": {
			"version": "2.0.1",
			"dev": true,
			"license": "MIT",
			"engines": {
				"node": ">=0.10.0"
			}
		},
		"node_modules/tar-fs": {
			"version": "2.1.1",
			"dev": true,
			"license": "MIT",
			"dependencies": {
				"chownr": "^1.1.1",
				"mkdirp-classic": "^0.5.2",
				"pump": "^3.0.0",
				"tar-stream": "^2.1.4"
			}
		},
		"node_modules/tar-stream": {
			"version": "2.2.0",
			"dev": true,
			"license": "MIT",
			"dependencies": {
				"bl": "^4.0.3",
				"end-of-stream": "^1.4.1",
				"fs-constants": "^1.0.0",
				"inherits": "^2.0.3",
				"readable-stream": "^3.1.1"
			},
			"engines": {
				"node": ">=6"
			}
		},
		"node_modules/tar-stream/node_modules/readable-stream": {
			"version": "3.6.0",
			"dev": true,
			"license": "MIT",
			"dependencies": {
				"inherits": "^2.0.3",
				"string_decoder": "^1.1.1",
				"util-deprecate": "^1.0.1"
			},
			"engines": {
				"node": ">= 6"
			}
		},
		"node_modules/to-fast-properties": {
			"version": "3.0.1",
			"license": "MIT",
			"peer": true,
			"engines": {
				"node": ">=8"
			},
			"funding": {
				"url": "https://github.com/sponsors/sindresorhus"
			}
		},
		"node_modules/tunnel-agent": {
			"version": "0.6.0",
			"dev": true,
			"license": "Apache-2.0",
			"dependencies": {
				"safe-buffer": "^5.0.1"
			},
			"engines": {
				"node": "*"
			}
		},
		"node_modules/util-deprecate": {
			"version": "1.0.2",
			"dev": true,
			"license": "MIT"
		},
		"node_modules/uuid": {
			"version": "8.3.2",
			"license": "MIT",
			"peer": true,
			"bin": {
				"uuid": "dist/bin/uuid"
			}
		},
		"node_modules/wide-align": {
			"version": "1.1.5",
			"dev": true,
			"license": "ISC",
			"dependencies": {
				"string-width": "^1.0.2 || 2 || 3 || 4"
			}
		},
		"node_modules/wrappy": {
			"version": "1.0.2",
			"dev": true,
			"license": "ISC"
		}
	},
	"dependencies": {
		"@deepkit/core": {
			"version": "1.0.1-alpha.65",
			"peer": true,
			"requires": {
				"dot-prop": "^5.1.1",
				"to-fast-properties": "^3.0.1"
			}
		},
		"@deepkit/type": {
			"version": "1.0.1-alpha.71",
			"peer": true,
			"requires": {
				"@deepkit/type-spec": "^1.0.1-alpha.71",
				"@types/uuid": "^8.3.0",
				"buffer": "^5.2.1",
				"uuid": "^8.3.2"
			}
		},
		"@deepkit/type-spec": {
			"version": "1.0.1-alpha.71",
			"peer": true
		},
		"@types/bson": {
			"version": "4.2.0",
			"dev": true,
			"requires": {
				"bson": "*"
			}
		},
		"@types/node": {
			"version": "14.14.28",
			"dev": true
		},
		"@types/uuid": {
			"version": "8.3.4",
			"peer": true
		},
		"ansi-regex": {
			"version": "2.1.1",
			"dev": true
		},
		"aproba": {
			"version": "1.2.0",
			"dev": true
		},
		"are-we-there-yet": {
			"version": "1.1.7",
			"dev": true,
			"requires": {
				"delegates": "^1.0.0",
				"readable-stream": "^2.0.6"
			}
		},
		"base64-js": {
			"version": "1.5.1"
		},
		"bindings": {
			"version": "1.5.0",
			"dev": true,
			"requires": {
				"file-uri-to-path": "1.0.0"
			}
		},
		"bl": {
			"version": "4.1.0",
			"dev": true,
			"requires": {
				"buffer": "^5.5.0",
				"inherits": "^2.0.4",
				"readable-stream": "^3.4.0"
			},
			"dependencies": {
				"readable-stream": {
					"version": "3.6.0",
					"dev": true,
					"requires": {
						"inherits": "^2.0.3",
						"string_decoder": "^1.1.1",
						"util-deprecate": "^1.0.1"
					}
				}
			}
		},
		"bson": {
			"version": "4.6.5",
			"dev": true,
			"requires": {
				"buffer": "^5.6.0"
			}
		},
		"bson-ext": {
			"version": "4.0.2",
			"resolved": "https://registry.npmjs.org/bson-ext/-/bson-ext-4.0.2.tgz",
			"integrity": "sha512-Nrf6KyyBtTLVrns1++ODGkRgR4UDU2LkkVb7UZvr1Q7YxNd23omlyDdh1yva2Nm4ehGJ9hceIJzFfIZaf2UoCQ==",
			"dev": true,
			"requires": {
				"bindings": "^1.5.0",
				"bson": "^4.5.2",
				"nan": "^2.14.2",
				"prebuild-install": "^6.1.2"
			}
		},
		"buffer": {
			"version": "5.7.1",
			"requires": {
				"base64-js": "^1.3.1",
				"ieee754": "^1.1.13"
			}
		},
		"chownr": {
			"version": "1.1.4",
			"dev": true
		},
		"code-point-at": {
			"version": "1.1.0",
			"dev": true
		},
		"console-control-strings": {
			"version": "1.1.0",
			"dev": true
		},
		"core-util-is": {
			"version": "1.0.3",
			"dev": true
		},
		"decompress-response": {
			"version": "4.2.1",
			"dev": true,
			"requires": {
				"mimic-response": "^2.0.0"
			}
		},
		"deep-extend": {
			"version": "0.6.0",
			"dev": true
		},
		"delegates": {
			"version": "1.0.0",
			"dev": true
		},
		"detect-libc": {
			"version": "1.0.3",
			"dev": true
		},
		"dot-prop": {
			"version": "5.3.0",
			"peer": true,
			"requires": {
				"is-obj": "^2.0.0"
			}
		},
		"end-of-stream": {
			"version": "1.4.4",
			"dev": true,
			"requires": {
				"once": "^1.4.0"
			}
		},
		"expand-template": {
			"version": "2.0.3",
			"dev": true
		},
		"file-uri-to-path": {
			"version": "1.0.0",
			"dev": true
		},
		"fs-constants": {
			"version": "1.0.0",
			"dev": true
		},
		"gauge": {
			"version": "2.7.4",
			"dev": true,
			"requires": {
				"aproba": "^1.0.3",
				"console-control-strings": "^1.0.0",
				"has-unicode": "^2.0.0",
				"object-assign": "^4.1.0",
				"signal-exit": "^3.0.0",
				"string-width": "^1.0.1",
				"strip-ansi": "^3.0.1",
				"wide-align": "^1.1.0"
			}
		},
		"github-from-package": {
			"version": "0.0.0",
			"dev": true
		},
		"has-unicode": {
			"version": "2.0.1",
			"dev": true
		},
		"ieee754": {
			"version": "1.2.1"
		},
		"inherits": {
			"version": "2.0.4",
			"dev": true
		},
		"ini": {
			"version": "1.3.8",
			"dev": true
		},
		"is-fullwidth-code-point": {
			"version": "1.0.0",
			"dev": true,
			"requires": {
				"number-is-nan": "^1.0.0"
			}
		},
		"is-obj": {
			"version": "2.0.0",
			"peer": true
		},
		"isarray": {
			"version": "1.0.0",
			"dev": true
		},
		"mimic-response": {
			"version": "2.1.0",
			"dev": true
		},
		"minimist": {
			"version": "1.2.6",
			"dev": true
		},
		"mkdirp-classic": {
			"version": "0.5.3",
			"dev": true
		},
		"nan": {
			"version": "2.16.0",
			"dev": true
		},
		"napi-build-utils": {
			"version": "1.0.2",
			"dev": true
		},
		"node-abi": {
			"version": "2.30.1",
			"dev": true,
			"requires": {
				"semver": "^5.4.1"
			}
		},
		"npmlog": {
			"version": "4.1.2",
			"dev": true,
			"requires": {
				"are-we-there-yet": "~1.1.2",
				"console-control-strings": "~1.1.0",
				"gauge": "~2.7.3",
				"set-blocking": "~2.0.0"
			}
		},
		"number-is-nan": {
			"version": "1.0.1",
			"dev": true
		},
		"object-assign": {
			"version": "4.1.1",
			"dev": true
		},
		"once": {
			"version": "1.4.0",
			"dev": true,
			"requires": {
				"wrappy": "1"
			}
		},
		"prebuild-install": {
			"version": "6.1.4",
			"dev": true,
			"requires": {
				"detect-libc": "^1.0.3",
				"expand-template": "^2.0.3",
				"github-from-package": "0.0.0",
				"minimist": "^1.2.3",
				"mkdirp-classic": "^0.5.3",
				"napi-build-utils": "^1.0.1",
				"node-abi": "^2.21.0",
				"npmlog": "^4.0.1",
				"pump": "^3.0.0",
				"rc": "^1.2.7",
				"simple-get": "^3.0.3",
				"tar-fs": "^2.0.0",
				"tunnel-agent": "^0.6.0"
			}
		},
		"process-nextick-args": {
			"version": "2.0.1",
			"dev": true
		},
		"pump": {
			"version": "3.0.0",
			"dev": true,
			"requires": {
				"end-of-stream": "^1.1.0",
				"once": "^1.3.1"
			}
		},
		"rc": {
			"version": "1.2.8",
			"dev": true,
			"requires": {
				"deep-extend": "^0.6.0",
				"ini": "~1.3.0",
				"minimist": "^1.2.0",
				"strip-json-comments": "~2.0.1"
			}
		},
		"readable-stream": {
			"version": "2.3.7",
			"dev": true,
			"requires": {
				"core-util-is": "~1.0.0",
				"inherits": "~2.0.3",
				"isarray": "~1.0.0",
				"process-nextick-args": "~2.0.0",
				"safe-buffer": "~5.1.1",
				"string_decoder": "~1.1.1",
				"util-deprecate": "~1.0.1"
			}
		},
		"safe-buffer": {
			"version": "5.1.2",
			"dev": true
		},
		"semver": {
			"version": "5.7.1",
			"dev": true
		},
		"set-blocking": {
			"version": "2.0.0",
			"dev": true
		},
		"signal-exit": {
			"version": "3.0.7",
			"dev": true
		},
		"simple-concat": {
			"version": "1.0.1",
			"dev": true
		},
		"simple-get": {
			"version": "3.1.1",
			"dev": true,
			"requires": {
				"decompress-response": "^4.2.0",
				"once": "^1.3.1",
				"simple-concat": "^1.0.0"
			}
		},
		"string_decoder": {
			"version": "1.1.1",
			"dev": true,
			"requires": {
				"safe-buffer": "~5.1.0"
			}
		},
		"string-width": {
			"version": "1.0.2",
			"dev": true,
			"requires": {
				"code-point-at": "^1.0.0",
				"is-fullwidth-code-point": "^1.0.0",
				"strip-ansi": "^3.0.0"
			}
		},
		"strip-ansi": {
			"version": "3.0.1",
			"dev": true,
			"requires": {
				"ansi-regex": "^2.0.0"
			}
		},
		"strip-json-comments": {
			"version": "2.0.1",
			"dev": true
		},
		"tar-fs": {
			"version": "2.1.1",
			"dev": true,
			"requires": {
				"chownr": "^1.1.1",
				"mkdirp-classic": "^0.5.2",
				"pump": "^3.0.0",
				"tar-stream": "^2.1.4"
			}
		},
		"tar-stream": {
			"version": "2.2.0",
			"dev": true,
			"requires": {
				"bl": "^4.0.3",
				"end-of-stream": "^1.4.1",
				"fs-constants": "^1.0.0",
				"inherits": "^2.0.3",
				"readable-stream": "^3.1.1"
			},
			"dependencies": {
				"readable-stream": {
					"version": "3.6.0",
					"dev": true,
					"requires": {
						"inherits": "^2.0.3",
						"string_decoder": "^1.1.1",
						"util-deprecate": "^1.0.1"
					}
				}
			}
		},
		"to-fast-properties": {
			"version": "3.0.1",
			"peer": true
		},
		"tunnel-agent": {
			"version": "0.6.0",
			"dev": true,
			"requires": {
				"safe-buffer": "^5.0.1"
			}
		},
		"util-deprecate": {
			"version": "1.0.2",
			"dev": true
		},
		"uuid": {
			"version": "8.3.2",
			"peer": true
		},
		"wide-align": {
			"version": "1.1.5",
			"dev": true,
			"requires": {
				"string-width": "^1.0.2 || 2 || 3 || 4"
			}
		},
		"wrappy": {
			"version": "1.0.2",
			"dev": true
		}
	}
}
