{
	"name": "@deepkit/create-app",
	"version": "1.0.1-alpha.98",
	"lockfileVersion": 2,
	"requires": true,
	"packages": {
		"": {
			"name": "@deepkit/create-app",
			"version": "1.0.1-alpha.93",
			"license": "MIT",
			"dependencies": {
				"fs-extra": "^9.1.0"
			},
			"bin": {
				"deepkit-app": "dist/cjs/main.js"
			},
			"devDependencies": {
				"@types/fs-extra": "^9.0.13"
			}
		},
		"../app": {
			"name": "@deepkit/app",
			"version": "1.0.1-alpha.93",
			"extraneous": true,
			"license": "MIT",
			"dependencies": {
				"@oclif/command": "^1.8.20",
				"@oclif/config": "^1.18.6",
				"@oclif/errors": "^1.3.6"
			},
			"devDependencies": {
				"@deepkit/core": "^1.0.1-alpha.93",
				"@deepkit/event": "^1.0.1-alpha.93",
				"@deepkit/injector": "^1.0.1-alpha.93",
				"@deepkit/stopwatch": "^1.0.1-alpha.93",
				"@deepkit/type": "^1.0.1-alpha.93",
				"@deepkit/workflow": "^1.0.1-alpha.93",
				"conditional-type-checks": "^1.0.5"
			},
			"peerDependencies": {
				"@deepkit/core": "^1.0.1-alpha.13",
				"@deepkit/event": "^1.0.1-alpha.13",
				"@deepkit/injector": "^1.0.1-alpha.13",
				"@deepkit/stopwatch": "^1.0.1-alpha.13",
				"@deepkit/type": "^1.0.1-alpha.13",
				"@deepkit/workflow": "^1.0.1-alpha.13"
			}
		},
		"../core": {
			"name": "@deepkit/core",
			"version": "1.0.1-alpha.93",
			"extraneous": true,
			"license": "MIT",
			"dependencies": {
				"dot-prop": "^5.1.1",
				"to-fast-properties": "^3.0.1"
			},
			"devDependencies": {
				"@types/dot-prop": "~4.2.0"
			}
		},
		"../event": {
			"name": "@deepkit/event",
			"version": "1.0.1-alpha.93",
			"extraneous": true,
			"license": "MIT",
			"devDependencies": {
				"@deepkit/core": "^1.0.1-alpha.93",
				"@deepkit/injector": "^1.0.1-alpha.93",
				"@deepkit/type": "^1.0.1-alpha.93"
			},
			"peerDependencies": {
				"@deepkit/core": "^1.0.1-alpha.13",
				"@deepkit/injector": "^1.0.1-alpha.13",
				"@deepkit/type": "^1.0.1-alpha.13"
			}
		},
		"../injector": {
			"name": "@deepkit/injector",
			"version": "1.0.1-alpha.93",
			"extraneous": true,
			"license": "MIT",
			"devDependencies": {
				"@deepkit/core": "^1.0.1-alpha.93",
				"@deepkit/type": "^1.0.1-alpha.93",
				"benchmark": "^2.1.4"
			},
			"peerDependencies": {
				"@deepkit/core": "^1.0.1-alpha.13",
				"@deepkit/type": "^1.0.1-alpha.13"
			}
		},
		"../logger": {
			"name": "@deepkit/logger",
			"version": "1.0.1-alpha.93",
			"extraneous": true,
			"license": "MIT",
			"dependencies": {
				"@types/format-util": "^1.0.1",
				"ansi-styles": "^4.3.0",
				"format-util": "^1.0.5"
			},
			"devDependencies": {
				"@deepkit/core": "^1.0.1-alpha.93"
			},
			"peerDependencies": {
				"@deepkit/core": "^1.0.1-alpha.13"
			}
		},
		"../stopwatch": {
			"name": "@deepkit/stopwatch",
			"version": "1.0.1-alpha.93",
			"extraneous": true,
			"license": "MIT",
			"devDependencies": {
				"@deepkit/core": "^1.0.1-alpha.93",
				"@deepkit/type": "^1.0.1-alpha.93"
			},
			"peerDependencies": {
				"@deepkit/core": "^1.0.1-alpha.13",
				"@deepkit/type": "^1.0.1-alpha.13"
			}
		},
		"../type": {
			"name": "@deepkit/type",
			"version": "1.0.1-alpha.93",
			"extraneous": true,
			"license": "MIT",
			"dependencies": {
				"@deepkit/type-spec": "^1.0.1-alpha.93",
				"@types/uuid": "^8.3.0",
				"buffer": "^5.2.1",
				"uuid": "^8.3.2"
			},
			"devDependencies": {
				"@deepkit/core": "^1.0.1-alpha.93",
				"@deepkit/type-compiler": "^1.0.1-alpha.93",
				"@types/lz-string": "^1.3.34",
				"@types/node": "14.14.28",
				"@typescript/vfs": "^1.3.5",
				"lz-string": "^1.4.4"
			},
			"peerDependencies": {
				"@deepkit/core": "^1.0.1-alpha.13"
			}
		},
		"../type-compiler": {
			"name": "@deepkit/type-compiler",
			"version": "1.0.1-alpha.93",
			"extraneous": true,
			"hasInstallScript": true,
			"license": "MIT",
			"dependencies": {
				"@deepkit/type-spec": "^1.0.1-alpha.93",
				"@marcj/ts-clone-node": "^2.0.0",
				"@typescript/vfs": "^1.4.0",
				"get-tsconfig": "^4.5.0",
				"lz-string": "^1.4.4",
				"micromatch": "^4.0.5",
				"strip-json-comments": "^3.1.1"
			},
			"bin": {
				"deepkit-type-install": "dist/cjs/install-transformer.js"
			},
			"devDependencies": {
				"@types/lz-string": "^1.3.34",
				"@types/micromatch": "^4.0.2"
			},
			"peerDependencies": {
				"typescript": "^4.8.2 || ^5.0.0"
			}
		},
		"../type-spec": {
			"name": "@deepkit/type-spec",
			"version": "1.0.1-alpha.93",
			"extraneous": true,
			"license": "MIT"
		},
		"../workflow": {
			"name": "@deepkit/workflow",
			"version": "1.0.1-alpha.93",
			"extraneous": true,
			"license": "MIT",
			"devDependencies": {
				"@deepkit/core": "^1.0.1-alpha.93",
				"@deepkit/event": "^1.0.1-alpha.93",
				"@deepkit/injector": "^1.0.1-alpha.93",
				"@deepkit/stopwatch": "^1.0.1-alpha.93",
				"@deepkit/type": "^1.0.1-alpha.93"
			},
			"peerDependencies": {
				"@deepkit/core": "^1.0.1-alpha.13",
				"@deepkit/event": "^1.0.1-alpha.13",
				"@deepkit/injector": "^1.0.1-alpha.13",
				"@deepkit/stopwatch": "^1.0.1-alpha.13",
				"@deepkit/type": "^1.0.1-alpha.13"
			}
		},
		"node_modules/@types/fs-extra": {
			"version": "9.0.13",
			"resolved": "https://registry.npmjs.org/@types/fs-extra/-/fs-extra-9.0.13.tgz",
			"integrity": "sha512-nEnwB++1u5lVDM2UI4c1+5R+FYaKfaAzS4OococimjVm3nQw3TuzH5UNsocrcTBbhnerblyHj4A49qXbIiZdpA==",
			"dev": true,
			"dependencies": {
				"@types/node": "*"
			}
		},
		"node_modules/@types/node": {
			"version": "18.6.4",
			"resolved": "https://registry.npmjs.org/@types/node/-/node-18.6.4.tgz",
			"integrity": "sha512-I4BD3L+6AWiUobfxZ49DlU43gtI+FTHSv9pE2Zekg6KjMpre4ByusaljW3vYSLJrvQ1ck1hUaeVu8HVlY3vzHg==",
			"dev": true
		},
		"node_modules/at-least-node": {
			"version": "1.0.0",
			"resolved": "https://registry.npmjs.org/at-least-node/-/at-least-node-1.0.0.tgz",
			"integrity": "sha512-+q/t7Ekv1EDY2l6Gda6LLiX14rU9TV20Wa3ofeQmwPFZbOMo9DXrLbOjFaaclkXKWidIaopwAObQDqwWtGUjqg==",
			"engines": {
				"node": ">= 4.0.0"
			}
		},
		"node_modules/fs-extra": {
			"version": "9.1.0",
			"resolved": "https://registry.npmjs.org/fs-extra/-/fs-extra-9.1.0.tgz",
			"integrity": "sha512-hcg3ZmepS30/7BSFqRvoo3DOMQu7IjqxO5nCDt+zM9XWjb33Wg7ziNT+Qvqbuc3+gWpzO02JubVyk2G4Zvo1OQ==",
			"dependencies": {
				"at-least-node": "^1.0.0",
				"graceful-fs": "^4.2.0",
				"jsonfile": "^6.0.1",
				"universalify": "^2.0.0"
			},
			"engines": {
				"node": ">=10"
			}
		},
		"node_modules/graceful-fs": {
			"version": "4.2.10",
			"resolved": "https://registry.npmjs.org/graceful-fs/-/graceful-fs-4.2.10.tgz",
			"integrity": "sha512-9ByhssR2fPVsNZj478qUUbKfmL0+t5BDVyjShtyZZLiK7ZDAArFFfopyOTj0M05wE2tJPisA4iTnnXl2YoPvOA=="
		},
		"node_modules/jsonfile": {
			"version": "6.1.0",
			"resolved": "https://registry.npmjs.org/jsonfile/-/jsonfile-6.1.0.tgz",
			"integrity": "sha512-5dgndWOriYSm5cnYaJNhalLNDKOqFwyDB/rr1E9ZsGciGvKPs8R2xYGCacuf3z6K1YKDz182fd+fY3cn3pMqXQ==",
			"dependencies": {
				"universalify": "^2.0.0"
			},
			"optionalDependencies": {
				"graceful-fs": "^4.1.6"
			}
		},
		"node_modules/universalify": {
			"version": "2.0.0",
			"resolved": "https://registry.npmjs.org/universalify/-/universalify-2.0.0.tgz",
			"integrity": "sha512-hAZsKq7Yy11Zu1DE0OzWjw7nnLZmJZYTDZZyEFHZdUhV8FkH5MCfoU1XMaxXovpyW5nq5scPqq0ZDP9Zyl04oQ==",
			"engines": {
				"node": ">= 10.0.0"
			}
		}
	},
	"dependencies": {
		"@types/fs-extra": {
			"version": "9.0.13",
			"resolved": "https://registry.npmjs.org/@types/fs-extra/-/fs-extra-9.0.13.tgz",
			"integrity": "sha512-nEnwB++1u5lVDM2UI4c1+5R+FYaKfaAzS4OococimjVm3nQw3TuzH5UNsocrcTBbhnerblyHj4A49qXbIiZdpA==",
			"dev": true,
			"requires": {
				"@types/node": "*"
			}
		},
		"@types/node": {
			"version": "18.6.4",
			"resolved": "https://registry.npmjs.org/@types/node/-/node-18.6.4.tgz",
			"integrity": "sha512-I4BD3L+6AWiUobfxZ49DlU43gtI+FTHSv9pE2Zekg6KjMpre4ByusaljW3vYSLJrvQ1ck1hUaeVu8HVlY3vzHg==",
			"dev": true
		},
		"at-least-node": {
			"version": "1.0.0",
			"resolved": "https://registry.npmjs.org/at-least-node/-/at-least-node-1.0.0.tgz",
			"integrity": "sha512-+q/t7Ekv1EDY2l6Gda6LLiX14rU9TV20Wa3ofeQmwPFZbOMo9DXrLbOjFaaclkXKWidIaopwAObQDqwWtGUjqg=="
		},
		"fs-extra": {
			"version": "9.1.0",
			"resolved": "https://registry.npmjs.org/fs-extra/-/fs-extra-9.1.0.tgz",
			"integrity": "sha512-hcg3ZmepS30/7BSFqRvoo3DOMQu7IjqxO5nCDt+zM9XWjb33Wg7ziNT+Qvqbuc3+gWpzO02JubVyk2G4Zvo1OQ==",
			"requires": {
				"at-least-node": "^1.0.0",
				"graceful-fs": "^4.2.0",
				"jsonfile": "^6.0.1",
				"universalify": "^2.0.0"
			}
		},
		"graceful-fs": {
			"version": "4.2.10",
			"resolved": "https://registry.npmjs.org/graceful-fs/-/graceful-fs-4.2.10.tgz",
			"integrity": "sha512-9ByhssR2fPVsNZj478qUUbKfmL0+t5BDVyjShtyZZLiK7ZDAArFFfopyOTj0M05wE2tJPisA4iTnnXl2YoPvOA=="
		},
		"jsonfile": {
			"version": "6.1.0",
			"resolved": "https://registry.npmjs.org/jsonfile/-/jsonfile-6.1.0.tgz",
			"integrity": "sha512-5dgndWOriYSm5cnYaJNhalLNDKOqFwyDB/rr1E9ZsGciGvKPs8R2xYGCacuf3z6K1YKDz182fd+fY3cn3pMqXQ==",
			"requires": {
				"graceful-fs": "^4.1.6",
				"universalify": "^2.0.0"
			}
		},
		"universalify": {
			"version": "2.0.0",
			"resolved": "https://registry.npmjs.org/universalify/-/universalify-2.0.0.tgz",
			"integrity": "sha512-hAZsKq7Yy11Zu1DE0OzWjw7nnLZmJZYTDZZyEFHZdUhV8FkH5MCfoU1XMaxXovpyW5nq5scPqq0ZDP9Zyl04oQ=="
		}
	}
}
