{
	"name": "@super-hornet/marshal-angular",
	"version": "0.0.1",
	"lockfileVersion": 1,
	"requires": true,
	"dependencies": {
		"@angular/forms": {
			"version": "10.0.3",
			"resolved": "https://registry.npmjs.org/@angular/forms/-/forms-10.0.3.tgz",
			"integrity": "sha512-08XlERBGVnzea4sVY7J1JsU6zX/ENGZGB9V4K1jpX6gNjlAk2AbskC76+ngdsgdzv0neNEqPoLdMAZerNECnUg==",
			"dev": true,
			"requires": {
				"tslib": "^2.0.0"
			}
		},
		"tslib": {
			"version": "2.0.0",
			"resolved": "https://registry.npmjs.org/tslib/-/tslib-2.0.0.tgz",
			"integrity": "sha512-lTqkx847PI7xEDYJntxZH89L2/aXInsyF2luSafe/+0fHOMjlBNXdH6th7f70qxLDhul7KZK0zC8V5ZIyHl0/g==",
			"dev": true
		}
	}
}
