{
	"name": "@deepkit/rpc-tcp",
	"version": "1.0.1-alpha.20",
	"lockfileVersion": 2,
	"requires": true,
	"packages": {
		"": {
			"name": "@deepkit/rpc-tcp",
			"version": "1.0.1-alpha.19",
			"license": "MIT",
			"dependencies": {
				"turbo-net": "deepkit/turbo-net#1.5.0"
			},
			"peerDependencies": {
				"@deepkit/core": "^1.0.1-alpha.13",
				"@deepkit/rpc": "^1.0.1-alpha.13"
			}
		},
		"node_modules/@deepkit/bson": {
			"version": "1.0.1-alpha.19",
			"resolved": "https://registry.npmjs.org/@deepkit/bson/-/bson-1.0.1-alpha.19.tgz",
			"integrity": "sha512-LdQqmD0NLp1RrygFebHQeUrAWMy87xPvKUmX/v8OHzByvbiB4ZeGVnVGt8epb5fPajizN/eDGh2d+W6QXFrV+Q==",
			"peer": true,
			"peerDependencies": {
				"@deepkit/core": "^1.0.1-alpha.13",
				"@deepkit/crypto": "^1.0.1-alpha.13",
				"@deepkit/type": "^1.0.1-alpha.13",
				"reflect-metadata": "^0.1.13"
			}
		},
		"node_modules/@deepkit/core": {
			"version": "1.0.1-alpha.19",
			"resolved": "https://registry.npmjs.org/@deepkit/core/-/core-1.0.1-alpha.19.tgz",
			"integrity": "sha512-gXnB8NNg2YPwUO5ZZoA8wfsrGtls1wcM8RK6bda44cIfZk1BxbzeNvvEgKfoqxm/LUN0ZCuRN0ROUjVrOVL3VQ==",
			"peer": true,
			"dependencies": {
				"dot-prop": "^5.1.1",
				"to-fast-properties": "^3.0.1"
			}
		},
		"node_modules/@deepkit/core-rxjs": {
			"version": "1.0.1-alpha.19",
			"resolved": "https://registry.npmjs.org/@deepkit/core-rxjs/-/core-rxjs-1.0.1-alpha.19.tgz",
			"integrity": "sha512-3nkWJVbWzFpNN+M+87M0NaDCUTzOMoLqKLEc5i2E9CGmOTDkK7Y3a4IYXMEXvI4Jwe5JUuIoHbhCI90Ahh6uqw==",
			"peer": true,
			"peerDependencies": {
				"@deepkit/core": "^1.0.1-alpha.0",
				"rxjs": "~6.6.0"
			}
		},
		"node_modules/@deepkit/crypto": {
			"version": "1.0.1-alpha.19",
			"resolved": "https://registry.npmjs.org/@deepkit/crypto/-/crypto-1.0.1-alpha.19.tgz",
			"integrity": "sha512-WYVfftlQoGw/NCzSZoFDssrJdy+dOfxy4rrMQZm+VUC3uOi5cWFFU3rx7jv6X79dw5fNMGRT4iDlesoTl7XMNw==",
			"peer": true
		},
		"node_modules/@deepkit/rpc": {
			"version": "1.0.1-alpha.19",
			"resolved": "https://registry.npmjs.org/@deepkit/rpc/-/rpc-1.0.1-alpha.19.tgz",
			"integrity": "sha512-bsQJpCeJ/KTSRuhh2Tb5hlvbQ6YJaKC9tp+Zpsnq9OH7OHe5h7yMB+R3xvCu13d2k+TEBuKsm0SbfjaQpqHOYg==",
			"peer": true,
			"dependencies": {
				"dot-prop": "^5.1.1"
			},
			"peerDependencies": {
				"@deepkit/bson": "^1.0.1-alpha.13",
				"@deepkit/core": "^1.0.1-alpha.13",
				"@deepkit/core-rxjs": "^1.0.1-alpha.13",
				"@deepkit/crypto": "^1.0.1-alpha.13",
				"@deepkit/type": "^1.0.1-alpha.13",
				"rxjs": "~6.6.0"
			}
		},
		"node_modules/@deepkit/type": {
			"version": "1.0.1-alpha.19",
			"resolved": "https://registry.npmjs.org/@deepkit/type/-/type-1.0.1-alpha.19.tgz",
			"integrity": "sha512-FRo0gi5P/RpkbU+jgXUgtXc2t2PKEmZ0jsbzm+z+LRfdxF5Nli8G83WPem9l2xsARFkWS+SC+JKYKJaOihSMkw==",
			"peer": true,
			"dependencies": {
				"@types/uuid": "^8.3.0",
				"@types/validator": "^13.1.0",
				"buffer": "^5.2.1",
				"clone": "^2.1.1",
				"uuid": "^8.3.2",
				"validator": "^13.1.17"
			},
			"peerDependencies": {
				"@deepkit/core": "^1.0.1-alpha.13",
				"reflect-metadata": "^0.1.13"
			}
		},
		"node_modules/@types/uuid": {
			"version": "8.3.0",
			"resolved": "https://registry.npmjs.org/@types/uuid/-/uuid-8.3.0.tgz",
			"integrity": "sha512-eQ9qFW/fhfGJF8WKHGEHZEyVWfZxrT+6CLIJGBcZPfxUh/+BnEj+UCGYMlr9qZuX/2AltsvwrGqp0LhEW8D0zQ==",
			"peer": true
		},
		"node_modules/@types/validator": {
			"version": "13.1.3",
			"resolved": "https://registry.npmjs.org/@types/validator/-/validator-13.1.3.tgz",
			"integrity": "sha512-DaOWN1zf7j+8nHhqXhIgNmS+ltAC53NXqGxYuBhWqWgqolRhddKzfZU814lkHQSTG0IUfQxU7Cg0gb8fFWo2mA==",
			"peer": true
		},
		"node_modules/base64-js": {
			"version": "1.5.1",
			"resolved": "https://registry.npmjs.org/base64-js/-/base64-js-1.5.1.tgz",
			"integrity": "sha512-AKpaYlHn8t4SVbOHCy+b5+KKgvR4vrsD8vbvrbiQJps7fKDTkjkDry6ji0rUJjC0kzbNePLwzxq8iypo41qeWA==",
			"funding": [
				{
					"type": "github",
					"url": "https://github.com/sponsors/feross"
				},
				{
					"type": "patreon",
					"url": "https://www.patreon.com/feross"
				},
				{
					"type": "consulting",
					"url": "https://feross.org/support"
				}
			],
			"peer": true
		},
		"node_modules/buffer": {
			"version": "5.7.1",
			"resolved": "https://registry.npmjs.org/buffer/-/buffer-5.7.1.tgz",
			"integrity": "sha512-EHcyIPBQ4BSGlvjB16k5KgAJ27CIsHY/2JBmCRReo48y9rQ3MaUzWX3KVlBa4U7MyX02HdVj0K7C3WaB3ju7FQ==",
			"funding": [
				{
					"type": "github",
					"url": "https://github.com/sponsors/feross"
				},
				{
					"type": "patreon",
					"url": "https://www.patreon.com/feross"
				},
				{
					"type": "consulting",
					"url": "https://feross.org/support"
				}
			],
			"peer": true,
			"dependencies": {
				"base64-js": "^1.3.1",
				"ieee754": "^1.1.13"
			}
		},
		"node_modules/clone": {
			"version": "2.1.2",
			"resolved": "https://registry.npmjs.org/clone/-/clone-2.1.2.tgz",
			"integrity": "sha1-G39Ln1kfHo+DZwQBYANFoCiHQ18=",
			"peer": true,
			"engines": {
				"node": ">=0.8"
			}
		},
		"node_modules/dot-prop": {
			"version": "5.3.0",
			"resolved": "https://registry.npmjs.org/dot-prop/-/dot-prop-5.3.0.tgz",
			"integrity": "sha512-QM8q3zDe58hqUqjraQOmzZ1LIH9SWQJTlEKCH4kJ2oQvLZk7RbQXvtDM2XEq3fwkV9CCvvH4LA0AV+ogFsBM2Q==",
			"peer": true,
			"dependencies": {
				"is-obj": "^2.0.0"
			},
			"engines": {
				"node": ">=8"
			}
		},
		"node_modules/ieee754": {
			"version": "1.2.1",
			"resolved": "https://registry.npmjs.org/ieee754/-/ieee754-1.2.1.tgz",
			"integrity": "sha512-dcyqhDvX1C46lXZcVqCpK+FtMRQVdIMN6/Df5js2zouUsqG7I6sFxitIC+7KYK29KdXOLHdu9zL4sFnoVQnqaA==",
			"funding": [
				{
					"type": "github",
					"url": "https://github.com/sponsors/feross"
				},
				{
					"type": "patreon",
					"url": "https://www.patreon.com/feross"
				},
				{
					"type": "consulting",
					"url": "https://feross.org/support"
				}
			],
			"peer": true
		},
		"node_modules/is-obj": {
			"version": "2.0.0",
			"resolved": "https://registry.npmjs.org/is-obj/-/is-obj-2.0.0.tgz",
			"integrity": "sha512-drqDG3cbczxxEJRoOXcOjtdp1J/lyp1mNn0xaznRs8+muBhgQcrnbspox5X5fOw0HnMnbfDzvnEMEtqDEJEo8w==",
			"peer": true,
			"engines": {
				"node": ">=8"
			}
		},
		"node_modules/napi-macros": {
			"version": "1.8.2",
			"resolved": "https://registry.npmjs.org/napi-macros/-/napi-macros-1.8.2.tgz",
			"integrity": "sha512-Tr0DNY4RzTaBG2W2m3l7ZtFuJChTH6VZhXVhkGGjF/4cZTt+i8GcM9ozD+30Lmr4mDoZ5Xx34t2o4GJqYWDGcg=="
		},
		"node_modules/node-gyp-build": {
			"version": "3.9.0",
			"resolved": "https://registry.npmjs.org/node-gyp-build/-/node-gyp-build-3.9.0.tgz",
			"integrity": "sha512-zLcTg6P4AbcHPq465ZMFNXx7XpKKJh+7kkN699NiQWisR2uWYOWNWqRHAmbnmKiL4e9aLSlmy5U7rEMUXV59+A==",
			"bin": {
				"node-gyp-build": "bin.js",
				"node-gyp-build-optional": "optional.js",
				"node-gyp-build-test": "build-test.js"
			}
		},
		"node_modules/reflect-metadata": {
			"version": "0.1.13",
			"resolved": "https://registry.npmjs.org/reflect-metadata/-/reflect-metadata-0.1.13.tgz",
			"integrity": "sha512-Ts1Y/anZELhSsjMcU605fU9RE4Oi3p5ORujwbIKXfWa+0Zxs510Qrmrce5/Jowq3cHSZSJqBjypxmHarc+vEWg==",
			"peer": true
		},
		"node_modules/rxjs": {
			"version": "6.6.3",
			"resolved": "https://registry.npmjs.org/rxjs/-/rxjs-6.6.3.tgz",
			"integrity": "sha512-trsQc+xYYXZ3urjOiJOuCOa5N3jAZ3eiSpQB5hIT8zGlL2QfnHLJ2r7GMkBGuIausdJN1OneaI6gQlsqNHHmZQ==",
			"peer": true,
			"dependencies": {
				"tslib": "^1.9.0"
			},
			"engines": {
				"npm": ">=2.0.0"
			}
		},
		"node_modules/semver": {
			"version": "5.7.1",
			"resolved": "https://registry.npmjs.org/semver/-/semver-5.7.1.tgz",
			"integrity": "sha512-sauaDf/PZdVgrLTNYHRtpXa1iRiKcaebiKQ1BJdpQlWH2lCvexQdX55snPFyK7QzpudqbCI0qXFfOasHdyNDGQ==",
			"bin": {
				"semver": "bin/semver"
			}
		},
		"node_modules/to-fast-properties": {
			"version": "3.0.1",
			"resolved": "https://registry.npmjs.org/to-fast-properties/-/to-fast-properties-3.0.1.tgz",
			"integrity": "sha512-/wtNi1tW1F3nf0OL6AqVxGw9Tr1ET70InMhJuVxPwFdGqparF0nQ4UWGLf2DsoI2bFDtthlBnALncZpUzOnsUw==",
			"peer": true,
			"engines": {
				"node": ">=8"
			},
			"funding": {
				"url": "https://github.com/sponsors/sindresorhus"
			}
		},
		"node_modules/tslib": {
			"version": "1.14.1",
			"resolved": "https://registry.npmjs.org/tslib/-/tslib-1.14.1.tgz",
			"integrity": "sha512-Xni35NKzjgMrwevysHTCArtLDpPvye8zV/0E4EyYn43P7/7qvQwPh9BGkHewbMulVntbigmcT7rdX3BNo9wRJg==",
			"peer": true
		},
		"node_modules/turbo-net": {
			"resolved": "git+ssh://git@github.com/deepkit/turbo-net.git#d960414772a5df7db2d6401682638aad710dfca9",
			"dependencies": {
				"napi-macros": "^1.3.0",
				"node-gyp-build": "^3.3.0",
				"semver": "^5.5.1",
				"unordered-set": "^2.0.0"
			}
		},
		"node_modules/unordered-set": {
			"version": "2.0.1",
			"resolved": "https://registry.npmjs.org/unordered-set/-/unordered-set-2.0.1.tgz",
			"integrity": "sha512-eUmNTPzdx+q/WvOHW0bgGYLWvWHNT3PTKEQLg0MAQhc0AHASHVHoP/9YytYd4RBVariqno/mEUhVZN98CmD7bg=="
		},
		"node_modules/uuid": {
			"version": "8.3.2",
			"resolved": "https://registry.npmjs.org/uuid/-/uuid-8.3.2.tgz",
			"integrity": "sha512-+NYs2QeMWy+GWFOEm9xnn6HCDp0l7QBD7ml8zLUmJ+93Q5NF0NocErnwkTkXVFNiX3/fpC6afS8Dhb/gz7R7eg==",
			"peer": true,
			"bin": {
				"uuid": "dist/bin/uuid"
			}
		},
		"node_modules/validator": {
			"version": "13.5.2",
			"resolved": "https://registry.npmjs.org/validator/-/validator-13.5.2.tgz",
			"integrity": "sha512-mD45p0rvHVBlY2Zuy3F3ESIe1h5X58GPfAtslBjY7EtTqGquZTj+VX/J4RnHWN8FKq0C9WRVt1oWAcytWRuYLQ==",
			"peer": true,
			"engines": {
				"node": ">= 0.10"
			}
		}
	},
	"dependencies": {
		"@deepkit/bson": {
			"version": "1.0.1-alpha.19",
			"resolved": "https://registry.npmjs.org/@deepkit/bson/-/bson-1.0.1-alpha.19.tgz",
			"integrity": "sha512-LdQqmD0NLp1RrygFebHQeUrAWMy87xPvKUmX/v8OHzByvbiB4ZeGVnVGt8epb5fPajizN/eDGh2d+W6QXFrV+Q==",
			"peer": true,
			"requires": {}
		},
		"@deepkit/core": {
			"version": "1.0.1-alpha.19",
			"resolved": "https://registry.npmjs.org/@deepkit/core/-/core-1.0.1-alpha.19.tgz",
			"integrity": "sha512-gXnB8NNg2YPwUO5ZZoA8wfsrGtls1wcM8RK6bda44cIfZk1BxbzeNvvEgKfoqxm/LUN0ZCuRN0ROUjVrOVL3VQ==",
			"peer": true,
			"requires": {
				"dot-prop": "^5.1.1",
				"to-fast-properties": "^3.0.1"
			}
		},
		"@deepkit/core-rxjs": {
			"version": "1.0.1-alpha.19",
			"resolved": "https://registry.npmjs.org/@deepkit/core-rxjs/-/core-rxjs-1.0.1-alpha.19.tgz",
			"integrity": "sha512-3nkWJVbWzFpNN+M+87M0NaDCUTzOMoLqKLEc5i2E9CGmOTDkK7Y3a4IYXMEXvI4Jwe5JUuIoHbhCI90Ahh6uqw==",
			"peer": true,
			"requires": {}
		},
		"@deepkit/crypto": {
			"version": "1.0.1-alpha.19",
			"resolved": "https://registry.npmjs.org/@deepkit/crypto/-/crypto-1.0.1-alpha.19.tgz",
			"integrity": "sha512-WYVfftlQoGw/NCzSZoFDssrJdy+dOfxy4rrMQZm+VUC3uOi5cWFFU3rx7jv6X79dw5fNMGRT4iDlesoTl7XMNw==",
			"peer": true
		},
		"@deepkit/rpc": {
			"version": "1.0.1-alpha.19",
			"resolved": "https://registry.npmjs.org/@deepkit/rpc/-/rpc-1.0.1-alpha.19.tgz",
			"integrity": "sha512-bsQJpCeJ/KTSRuhh2Tb5hlvbQ6YJaKC9tp+Zpsnq9OH7OHe5h7yMB+R3xvCu13d2k+TEBuKsm0SbfjaQpqHOYg==",
			"peer": true,
			"requires": {
				"dot-prop": "^5.1.1"
			}
		},
		"@deepkit/type": {
			"version": "1.0.1-alpha.19",
			"resolved": "https://registry.npmjs.org/@deepkit/type/-/type-1.0.1-alpha.19.tgz",
			"integrity": "sha512-FRo0gi5P/RpkbU+jgXUgtXc2t2PKEmZ0jsbzm+z+LRfdxF5Nli8G83WPem9l2xsARFkWS+SC+JKYKJaOihSMkw==",
			"peer": true,
			"requires": {
				"@types/uuid": "^8.3.0",
				"@types/validator": "^13.1.0",
				"buffer": "^5.2.1",
				"clone": "^2.1.1",
				"uuid": "^8.3.2",
				"validator": "^13.1.17"
			}
		},
		"@types/uuid": {
			"version": "8.3.0",
			"resolved": "https://registry.npmjs.org/@types/uuid/-/uuid-8.3.0.tgz",
			"integrity": "sha512-eQ9qFW/fhfGJF8WKHGEHZEyVWfZxrT+6CLIJGBcZPfxUh/+BnEj+UCGYMlr9qZuX/2AltsvwrGqp0LhEW8D0zQ==",
			"peer": true
		},
		"@types/validator": {
			"version": "13.1.3",
			"resolved": "https://registry.npmjs.org/@types/validator/-/validator-13.1.3.tgz",
			"integrity": "sha512-DaOWN1zf7j+8nHhqXhIgNmS+ltAC53NXqGxYuBhWqWgqolRhddKzfZU814lkHQSTG0IUfQxU7Cg0gb8fFWo2mA==",
			"peer": true
		},
		"base64-js": {
			"version": "1.5.1",
			"resolved": "https://registry.npmjs.org/base64-js/-/base64-js-1.5.1.tgz",
			"integrity": "sha512-AKpaYlHn8t4SVbOHCy+b5+KKgvR4vrsD8vbvrbiQJps7fKDTkjkDry6ji0rUJjC0kzbNePLwzxq8iypo41qeWA==",
			"peer": true
		},
		"buffer": {
			"version": "5.7.1",
			"resolved": "https://registry.npmjs.org/buffer/-/buffer-5.7.1.tgz",
			"integrity": "sha512-EHcyIPBQ4BSGlvjB16k5KgAJ27CIsHY/2JBmCRReo48y9rQ3MaUzWX3KVlBa4U7MyX02HdVj0K7C3WaB3ju7FQ==",
			"peer": true,
			"requires": {
				"base64-js": "^1.3.1",
				"ieee754": "^1.1.13"
			}
		},
		"clone": {
			"version": "2.1.2",
			"resolved": "https://registry.npmjs.org/clone/-/clone-2.1.2.tgz",
			"integrity": "sha1-G39Ln1kfHo+DZwQBYANFoCiHQ18=",
			"peer": true
		},
		"dot-prop": {
			"version": "5.3.0",
			"resolved": "https://registry.npmjs.org/dot-prop/-/dot-prop-5.3.0.tgz",
			"integrity": "sha512-QM8q3zDe58hqUqjraQOmzZ1LIH9SWQJTlEKCH4kJ2oQvLZk7RbQXvtDM2XEq3fwkV9CCvvH4LA0AV+ogFsBM2Q==",
			"peer": true,
			"requires": {
				"is-obj": "^2.0.0"
			}
		},
		"ieee754": {
			"version": "1.2.1",
			"resolved": "https://registry.npmjs.org/ieee754/-/ieee754-1.2.1.tgz",
			"integrity": "sha512-dcyqhDvX1C46lXZcVqCpK+FtMRQVdIMN6/Df5js2zouUsqG7I6sFxitIC+7KYK29KdXOLHdu9zL4sFnoVQnqaA==",
			"peer": true
		},
		"is-obj": {
			"version": "2.0.0",
			"resolved": "https://registry.npmjs.org/is-obj/-/is-obj-2.0.0.tgz",
			"integrity": "sha512-drqDG3cbczxxEJRoOXcOjtdp1J/lyp1mNn0xaznRs8+muBhgQcrnbspox5X5fOw0HnMnbfDzvnEMEtqDEJEo8w==",
			"peer": true
		},
		"napi-macros": {
			"version": "1.8.2",
			"resolved": "https://registry.npmjs.org/napi-macros/-/napi-macros-1.8.2.tgz",
			"integrity": "sha512-Tr0DNY4RzTaBG2W2m3l7ZtFuJChTH6VZhXVhkGGjF/4cZTt+i8GcM9ozD+30Lmr4mDoZ5Xx34t2o4GJqYWDGcg=="
		},
		"node-gyp-build": {
			"version": "3.9.0",
			"resolved": "https://registry.npmjs.org/node-gyp-build/-/node-gyp-build-3.9.0.tgz",
			"integrity": "sha512-zLcTg6P4AbcHPq465ZMFNXx7XpKKJh+7kkN699NiQWisR2uWYOWNWqRHAmbnmKiL4e9aLSlmy5U7rEMUXV59+A=="
		},
		"reflect-metadata": {
			"version": "0.1.13",
			"resolved": "https://registry.npmjs.org/reflect-metadata/-/reflect-metadata-0.1.13.tgz",
			"integrity": "sha512-Ts1Y/anZELhSsjMcU605fU9RE4Oi3p5ORujwbIKXfWa+0Zxs510Qrmrce5/Jowq3cHSZSJqBjypxmHarc+vEWg==",
			"peer": true
		},
		"rxjs": {
			"version": "6.6.3",
			"resolved": "https://registry.npmjs.org/rxjs/-/rxjs-6.6.3.tgz",
			"integrity": "sha512-trsQc+xYYXZ3urjOiJOuCOa5N3jAZ3eiSpQB5hIT8zGlL2QfnHLJ2r7GMkBGuIausdJN1OneaI6gQlsqNHHmZQ==",
			"peer": true,
			"requires": {
				"tslib": "^1.9.0"
			}
		},
		"semver": {
			"version": "5.7.1",
			"resolved": "https://registry.npmjs.org/semver/-/semver-5.7.1.tgz",
			"integrity": "sha512-sauaDf/PZdVgrLTNYHRtpXa1iRiKcaebiKQ1BJdpQlWH2lCvexQdX55snPFyK7QzpudqbCI0qXFfOasHdyNDGQ=="
		},
		"to-fast-properties": {
			"version": "3.0.1",
			"resolved": "https://registry.npmjs.org/to-fast-properties/-/to-fast-properties-3.0.1.tgz",
			"integrity": "sha512-/wtNi1tW1F3nf0OL6AqVxGw9Tr1ET70InMhJuVxPwFdGqparF0nQ4UWGLf2DsoI2bFDtthlBnALncZpUzOnsUw==",
			"peer": true
		},
		"tslib": {
			"version": "1.14.1",
			"resolved": "https://registry.npmjs.org/tslib/-/tslib-1.14.1.tgz",
			"integrity": "sha512-Xni35NKzjgMrwevysHTCArtLDpPvye8zV/0E4EyYn43P7/7qvQwPh9BGkHewbMulVntbigmcT7rdX3BNo9wRJg==",
			"peer": true
		},
		"turbo-net": {
			"version": "git+ssh://git@github.com/deepkit/turbo-net.git#d960414772a5df7db2d6401682638aad710dfca9",
			"from": "turbo-net@deepkit/turbo-net#1.5.0",
			"requires": {
				"napi-macros": "^1.3.0",
				"node-gyp-build": "^3.3.0",
				"semver": "^5.5.1",
				"unordered-set": "^2.0.0"
			}
		},
		"unordered-set": {
			"version": "2.0.1",
			"resolved": "https://registry.npmjs.org/unordered-set/-/unordered-set-2.0.1.tgz",
			"integrity": "sha512-eUmNTPzdx+q/WvOHW0bgGYLWvWHNT3PTKEQLg0MAQhc0AHASHVHoP/9YytYd4RBVariqno/mEUhVZN98CmD7bg=="
		},
		"uuid": {
			"version": "8.3.2",
			"resolved": "https://registry.npmjs.org/uuid/-/uuid-8.3.2.tgz",
			"integrity": "sha512-+NYs2QeMWy+GWFOEm9xnn6HCDp0l7QBD7ml8zLUmJ+93Q5NF0NocErnwkTkXVFNiX3/fpC6afS8Dhb/gz7R7eg==",
			"peer": true
		},
		"validator": {
			"version": "13.5.2",
			"resolved": "https://registry.npmjs.org/validator/-/validator-13.5.2.tgz",
			"integrity": "sha512-mD45p0rvHVBlY2Zuy3F3ESIe1h5X58GPfAtslBjY7EtTqGquZTj+VX/J4RnHWN8FKq0C9WRVt1oWAcytWRuYLQ==",
			"peer": true
		}
	}
}
