{
	"name": "@deepkit/rpc-tcp",
	"version": "1.0.1-alpha.33",
	"lockfileVersion": 1,
	"requires": true,
	"dependencies": {
		"napi-macros": {
			"version": "1.8.2",
			"resolved": "https://registry.npmjs.org/napi-macros/-/napi-macros-1.8.2.tgz",
			"integrity": "sha512-Tr0DNY4RzTaBG2W2m3l7ZtFuJChTH6VZhXVhkGGjF/4cZTt+i8GcM9ozD+30Lmr4mDoZ5Xx34t2o4GJqYWDGcg=="
		},
		"node-gyp-build": {
			"version": "4.2.3",
			"resolved": "https://registry.npmjs.org/node-gyp-build/-/node-gyp-build-4.2.3.tgz",
			"integrity": "sha512-MN6ZpzmfNCRM+3t57PTJHgHyw/h4OWnZ6mR8P5j/uZtqQr46RRuDE/P+g3n0YR/AiYXeWixZZzaip77gdICfRg=="
		},
		"semver": {
			"version": "5.7.1",
			"resolved": "https://registry.npmjs.org/semver/-/semver-5.7.1.tgz",
			"integrity": "sha512-sauaDf/PZdVgrLTNYHRtpXa1iRiKcaebiKQ1BJdpQlWH2lCvexQdX55snPFyK7QzpudqbCI0qXFfOasHdyNDGQ=="
		},
		"turbo-net": {
			"version": "github:deepkit/turbo-net#889cb30c81714ddd3779ce8f4a5201b58ebe8799",
			"from": "github:deepkit/turbo-net#1.6.0",
			"requires": {
				"napi-macros": "^1.3.0",
				"node-gyp-build": "^4.2.0",
				"semver": "^5.5.1",
				"unordered-set": "^2.0.0"
			}
		},
		"unordered-set": {
			"version": "2.0.1",
			"resolved": "https://registry.npmjs.org/unordered-set/-/unordered-set-2.0.1.tgz",
			"integrity": "sha512-eUmNTPzdx+q/WvOHW0bgGYLWvWHNT3PTKEQLg0MAQhc0AHASHVHoP/9YytYd4RBVariqno/mEUhVZN98CmD7bg=="
		}
	}
}
