{
	"name": "@deepkit/rpc-tcp",
	"version": "1.0.1-alpha.102",
	"lockfileVersion": 3,
	"requires": true,
	"packages": {
		"": {
			"name": "@deepkit/rpc-tcp",
			"version": "1.0.1-alpha.102",
			"license": "MIT",
			"dependencies": {
				"@types/ws": "^8.5.3",
				"ws": "^8.6.0"
			},
			"peerDependencies": {
				"@deepkit/core": "^1.0.1-alpha.13",
				"@deepkit/rpc": "^1.0.1-alpha.13"
			}
		},
		"node_modules/@deepkit/bson": {
			"version": "1.0.1-alpha.102",
			"resolved": "https://registry.npmjs.org/@deepkit/bson/-/bson-1.0.1-alpha.102.tgz",
			"integrity": "sha512-dvyaoC/DD0wMm0I/Y6slFgqjZNsIOiPqMb2L+HvWJN9h+icY6tDIT1SrkjmlkLcy4HVUqmTZgoI+jwZyglFB0A==",
			"peer": true,
			"dependencies": {
				"@deepkit/crypto": "^1.0.1-alpha.89"
			},
			"peerDependencies": {
				"@deepkit/core": "^1.0.1-alpha.13",
				"@deepkit/type": "^1.0.1-alpha.13"
			}
		},
		"node_modules/@deepkit/core": {
			"version": "1.0.1-alpha.100",
			"resolved": "https://registry.npmjs.org/@deepkit/core/-/core-1.0.1-alpha.100.tgz",
			"integrity": "sha512-6VtyrZtMIJ5++UEiF3CmWWcZHW1RMHNPa8we/NmDFMr1BNA0HmQeAzjkDQILhOfSyLuLpo1foIXev7Tf1xfp1w==",
			"peer": true,
			"dependencies": {
				"dot-prop": "^5.1.1",
				"to-fast-properties": "^3.0.1"
			}
		},
		"node_modules/@deepkit/core-rxjs": {
			"version": "1.0.1-alpha.100",
			"resolved": "https://registry.npmjs.org/@deepkit/core-rxjs/-/core-rxjs-1.0.1-alpha.100.tgz",
			"integrity": "sha512-YqpOBRNUvM3uORQfk7aO7lu1TCH/evbugqbWd3ibUaxDl1FoCFs+K77NE/GF3hfnR2E2R5AXI/FvUixgkp80AQ==",
			"peer": true,
			"peerDependencies": {
				"@deepkit/core": "^1.0.1-alpha.0",
				"rxjs": "*"
			}
		},
		"node_modules/@deepkit/crypto": {
			"version": "1.0.1-alpha.89",
			"resolved": "https://registry.npmjs.org/@deepkit/crypto/-/crypto-1.0.1-alpha.89.tgz",
			"integrity": "sha512-YlLMRNnnu3LvOgvtE1+4D3TRhGANC2I/SRx1bdKvXrVtMgdhD8vZo0R3zk3RgMJS8fEfikqzSLrPJQ3yBmWHxw==",
			"peer": true
		},
		"node_modules/@deepkit/injector": {
			"version": "1.0.1-alpha.102",
			"resolved": "https://registry.npmjs.org/@deepkit/injector/-/injector-1.0.1-alpha.102.tgz",
			"integrity": "sha512-7HcIw100o1RDF/fNZQh2gO3WIGjNmYAQt2aeJ2bcO14/MOSbuY9ODVDjTP7jxaglb849EYxHgzno7/PeN+TA5w==",
			"peer": true,
			"peerDependencies": {
				"@deepkit/core": "^1.0.1-alpha.13",
				"@deepkit/type": "^1.0.1-alpha.13"
			}
		},
		"node_modules/@deepkit/logger": {
			"version": "1.0.1-alpha.102",
			"resolved": "https://registry.npmjs.org/@deepkit/logger/-/logger-1.0.1-alpha.102.tgz",
			"integrity": "sha512-7c8n8H0q0kwkg32lkffY17OcAgaEKobtjxaBdqEuIefI4SFVpeKMIio8jifup4jS3VME13U4xhwKXSQnswsb+w==",
			"peer": true,
			"dependencies": {
				"@types/format-util": "^1.0.1",
				"ansi-styles": "^4.3.0",
				"format-util": "^1.0.5"
			},
			"peerDependencies": {
				"@deepkit/core": "^1.0.1-alpha.13",
				"@deepkit/injector": "^1.0.1-alpha.97"
			}
		},
		"node_modules/@deepkit/rpc": {
			"version": "1.0.1-alpha.102",
			"resolved": "https://registry.npmjs.org/@deepkit/rpc/-/rpc-1.0.1-alpha.102.tgz",
			"integrity": "sha512-nyKSuCk85FwxfYprHoaN/BAyKw9pPP2pbGJUnl0xa+lpZtE0VIvAhnIlTizMp+5at9AClj5uQgex9ASCS6j6lw==",
			"peer": true,
			"dependencies": {
				"dot-prop": "^5.1.1"
			},
			"peerDependencies": {
				"@deepkit/bson": "^1.0.1-alpha.13",
				"@deepkit/core": "^1.0.1-alpha.13",
				"@deepkit/core-rxjs": "^1.0.1-alpha.13",
				"@deepkit/crypto": "^1.0.1-alpha.13",
				"@deepkit/injector": "^1.0.1-alpha.13",
				"@deepkit/logger": "^1.0.1-alpha.13",
				"@deepkit/type": "^1.0.1-alpha.13",
				"rxjs": "*"
			}
		},
		"node_modules/@deepkit/type": {
			"version": "1.0.1-alpha.102",
			"resolved": "https://registry.npmjs.org/@deepkit/type/-/type-1.0.1-alpha.102.tgz",
			"integrity": "sha512-Y/ovGeGG/nQhLE0ntKVDHJ92MZi0r9aMlORCud5gcaLx77ju18Dx4fVtw36LN3WSoihpVAffl3URnzcKHksMKg==",
			"peer": true,
			"dependencies": {
				"@deepkit/type-spec": "^1.0.1-alpha.93",
				"@types/uuid": "^8.3.0",
				"buffer": "^5.2.1",
				"uuid": "^8.3.2"
			},
			"peerDependencies": {
				"@deepkit/core": "^1.0.1-alpha.13"
			}
		},
		"node_modules/@deepkit/type-spec": {
			"version": "1.0.1-alpha.93",
			"resolved": "https://registry.npmjs.org/@deepkit/type-spec/-/type-spec-1.0.1-alpha.93.tgz",
			"integrity": "sha512-ZJHq0tOCYW0pDZ4Ab3RLQiFvDCTD2Dur+af4I0kmtT23slz+WWMNehJF08lO4DUDyOO0f0DlLLCqO39GhY3J4Q==",
			"peer": true
		},
		"node_modules/@types/format-util": {
			"version": "1.0.3",
			"resolved": "https://registry.npmjs.org/@types/format-util/-/format-util-1.0.3.tgz",
			"integrity": "sha512-Zs8j1fJtFwgidkq+ssW6sdQovx7kDBf5A1qsUf0khLjoqRVhIDNScYUjQVn8qe6WwTbI2IHVv4R1HmnIWzwYog==",
			"peer": true
		},
		"node_modules/@types/node": {
			"version": "20.8.7",
			"resolved": "https://registry.npmjs.org/@types/node/-/node-20.8.7.tgz",
			"integrity": "sha512-21TKHHh3eUHIi2MloeptJWALuCu5H7HQTdTrWIFReA8ad+aggoX+lRes3ex7/FtpC+sVUpFMQ+QTfYr74mruiQ==",
			"dependencies": {
				"undici-types": "~5.25.1"
			}
		},
		"node_modules/@types/uuid": {
			"version": "8.3.4",
			"resolved": "https://registry.npmjs.org/@types/uuid/-/uuid-8.3.4.tgz",
			"integrity": "sha512-c/I8ZRb51j+pYGAu5CrFMRxqZ2ke4y2grEBO5AUjgSkSk+qT2Ea+OdWElz/OiMf5MNpn2b17kuVBwZLQJXzihw==",
			"peer": true
		},
		"node_modules/@types/ws": {
			"version": "8.5.8",
			"resolved": "https://registry.npmjs.org/@types/ws/-/ws-8.5.8.tgz",
			"integrity": "sha512-flUksGIQCnJd6sZ1l5dqCEG/ksaoAg/eUwiLAGTJQcfgvZJKF++Ta4bJA6A5aPSJmsr+xlseHn4KLgVlNnvPTg==",
			"dependencies": {
				"@types/node": "*"
			}
		},
		"node_modules/ansi-styles": {
			"version": "4.3.0",
			"resolved": "https://registry.npmjs.org/ansi-styles/-/ansi-styles-4.3.0.tgz",
			"integrity": "sha512-zbB9rCJAT1rbjiVDb2hqKFHNYLxgtk8NURxZ3IZwD3F6NtxbXZQCnnSi1Lkx+IDohdPlFp222wVALIheZJQSEg==",
			"peer": true,
			"dependencies": {
				"color-convert": "^2.0.1"
			},
			"engines": {
				"node": ">=8"
			},
			"funding": {
				"url": "https://github.com/chalk/ansi-styles?sponsor=1"
			}
		},
		"node_modules/base64-js": {
			"version": "1.5.1",
			"resolved": "https://registry.npmjs.org/base64-js/-/base64-js-1.5.1.tgz",
			"integrity": "sha512-AKpaYlHn8t4SVbOHCy+b5+KKgvR4vrsD8vbvrbiQJps7fKDTkjkDry6ji0rUJjC0kzbNePLwzxq8iypo41qeWA==",
			"funding": [
				{
					"type": "github",
					"url": "https://github.com/sponsors/feross"
				},
				{
					"type": "patreon",
					"url": "https://www.patreon.com/feross"
				},
				{
					"type": "consulting",
					"url": "https://feross.org/support"
				}
			],
			"peer": true
		},
		"node_modules/buffer": {
			"version": "5.7.1",
			"resolved": "https://registry.npmjs.org/buffer/-/buffer-5.7.1.tgz",
			"integrity": "sha512-EHcyIPBQ4BSGlvjB16k5KgAJ27CIsHY/2JBmCRReo48y9rQ3MaUzWX3KVlBa4U7MyX02HdVj0K7C3WaB3ju7FQ==",
			"funding": [
				{
					"type": "github",
					"url": "https://github.com/sponsors/feross"
				},
				{
					"type": "patreon",
					"url": "https://www.patreon.com/feross"
				},
				{
					"type": "consulting",
					"url": "https://feross.org/support"
				}
			],
			"peer": true,
			"dependencies": {
				"base64-js": "^1.3.1",
				"ieee754": "^1.1.13"
			}
		},
		"node_modules/color-convert": {
			"version": "2.0.1",
			"resolved": "https://registry.npmjs.org/color-convert/-/color-convert-2.0.1.tgz",
			"integrity": "sha512-RRECPsj7iu/xb5oKYcsFHSppFNnsj/52OVTRKb4zP5onXwVF3zVmmToNcOfGC+CRDpfK/U584fMg38ZHCaElKQ==",
			"peer": true,
			"dependencies": {
				"color-name": "~1.1.4"
			},
			"engines": {
				"node": ">=7.0.0"
			}
		},
		"node_modules/color-name": {
			"version": "1.1.4",
			"resolved": "https://registry.npmjs.org/color-name/-/color-name-1.1.4.tgz",
			"integrity": "sha512-dOy+3AuW3a2wNbZHIuMZpTcgjGuLU/uBL/ubcZF9OXbDo8ff4O8yVp5Bf0efS8uEoYo5q4Fx7dY9OgQGXgAsQA==",
			"peer": true
		},
		"node_modules/dot-prop": {
			"version": "5.3.0",
			"resolved": "https://registry.npmjs.org/dot-prop/-/dot-prop-5.3.0.tgz",
			"integrity": "sha512-QM8q3zDe58hqUqjraQOmzZ1LIH9SWQJTlEKCH4kJ2oQvLZk7RbQXvtDM2XEq3fwkV9CCvvH4LA0AV+ogFsBM2Q==",
			"peer": true,
			"dependencies": {
				"is-obj": "^2.0.0"
			},
			"engines": {
				"node": ">=8"
			}
		},
		"node_modules/format-util": {
			"version": "1.0.5",
			"resolved": "https://registry.npmjs.org/format-util/-/format-util-1.0.5.tgz",
			"integrity": "sha512-varLbTj0e0yVyRpqQhuWV+8hlePAgaoFRhNFj50BNjEIrw1/DphHSObtqwskVCPWNgzwPoQrZAbfa/SBiicNeg==",
			"peer": true
		},
		"node_modules/ieee754": {
			"version": "1.2.1",
			"resolved": "https://registry.npmjs.org/ieee754/-/ieee754-1.2.1.tgz",
			"integrity": "sha512-dcyqhDvX1C46lXZcVqCpK+FtMRQVdIMN6/Df5js2zouUsqG7I6sFxitIC+7KYK29KdXOLHdu9zL4sFnoVQnqaA==",
			"funding": [
				{
					"type": "github",
					"url": "https://github.com/sponsors/feross"
				},
				{
					"type": "patreon",
					"url": "https://www.patreon.com/feross"
				},
				{
					"type": "consulting",
					"url": "https://feross.org/support"
				}
			],
			"peer": true
		},
		"node_modules/is-obj": {
			"version": "2.0.0",
			"resolved": "https://registry.npmjs.org/is-obj/-/is-obj-2.0.0.tgz",
			"integrity": "sha512-drqDG3cbczxxEJRoOXcOjtdp1J/lyp1mNn0xaznRs8+muBhgQcrnbspox5X5fOw0HnMnbfDzvnEMEtqDEJEo8w==",
			"peer": true,
			"engines": {
				"node": ">=8"
			}
		},
		"node_modules/rxjs": {
			"version": "7.8.1",
			"resolved": "https://registry.npmjs.org/rxjs/-/rxjs-7.8.1.tgz",
			"integrity": "sha512-AA3TVj+0A2iuIoQkWEK/tqFjBq2j+6PO6Y0zJcvzLAFhEFIO3HL0vls9hWLncZbAAbK0mar7oZ4V079I/qPMxg==",
			"peer": true,
			"dependencies": {
				"tslib": "^2.1.0"
			}
		},
		"node_modules/to-fast-properties": {
			"version": "3.0.1",
			"resolved": "https://registry.npmjs.org/to-fast-properties/-/to-fast-properties-3.0.1.tgz",
			"integrity": "sha512-/wtNi1tW1F3nf0OL6AqVxGw9Tr1ET70InMhJuVxPwFdGqparF0nQ4UWGLf2DsoI2bFDtthlBnALncZpUzOnsUw==",
			"peer": true,
			"engines": {
				"node": ">=8"
			},
			"funding": {
				"url": "https://github.com/sponsors/sindresorhus"
			}
		},
		"node_modules/tslib": {
			"version": "2.6.2",
			"resolved": "https://registry.npmjs.org/tslib/-/tslib-2.6.2.tgz",
			"integrity": "sha512-AEYxH93jGFPn/a2iVAwW87VuUIkR1FVUKB77NwMF7nBTDkDrrT/Hpt/IrCJ0QXhW27jTBDcf5ZY7w6RiqTMw2Q==",
			"peer": true
		},
		"node_modules/undici-types": {
			"version": "5.25.3",
			"resolved": "https://registry.npmjs.org/undici-types/-/undici-types-5.25.3.tgz",
			"integrity": "sha512-Ga1jfYwRn7+cP9v8auvEXN1rX3sWqlayd4HP7OKk4mZWylEmu3KzXDUGrQUN6Ol7qo1gPvB2e5gX6udnyEPgdA=="
		},
		"node_modules/uuid": {
			"version": "8.3.2",
			"resolved": "https://registry.npmjs.org/uuid/-/uuid-8.3.2.tgz",
			"integrity": "sha512-+NYs2QeMWy+GWFOEm9xnn6HCDp0l7QBD7ml8zLUmJ+93Q5NF0NocErnwkTkXVFNiX3/fpC6afS8Dhb/gz7R7eg==",
			"peer": true,
			"bin": {
				"uuid": "dist/bin/uuid"
			}
		},
		"node_modules/ws": {
			"version": "8.14.2",
			"resolved": "https://registry.npmjs.org/ws/-/ws-8.14.2.tgz",
			"integrity": "sha512-wEBG1ftX4jcglPxgFCMJmZ2PLtSbJ2Peg6TmpJFTbe9GZYOQCDPdMYu/Tm0/bGZkw8paZnJY45J4K2PZrLYq8g==",
			"engines": {
				"node": ">=10.0.0"
			},
			"peerDependencies": {
				"bufferutil": "^4.0.1",
				"utf-8-validate": ">=5.0.2"
			},
			"peerDependenciesMeta": {
				"bufferutil": {
					"optional": true
				},
				"utf-8-validate": {
					"optional": true
				}
			}
		}
	}
}
