{
  "name": "@deepkit/type",
  "version": "1.0.1-alpha.91",
  "lockfileVersion": 2,
  "requires": true,
  "packages": {
    "": {
      "name": "@deepkit/type",
      "version": "1.0.1-alpha.91",
      "license": "MIT",
      "dependencies": {
        "@deepkit/type-spec": "^1.0.1-alpha.89",
        "@paralleldrive/cuid2": "^2.2.0",
        "@types/uuid": "^8.3.0",
        "buffer": "^5.2.1",
        "uuid": "^8.3.2"
      },
      "devDependencies": {
        "@deepkit/core": "^1.0.1-alpha.89",
        "@deepkit/type-compiler": "^1.0.1-alpha.89",
        "@types/lz-string": "^1.3.34",
        "@types/node": "14.14.28",
        "@typescript/vfs": "^1.3.5",
        "lz-string": "^1.4.4"
      },
      "peerDependencies": {
        "@deepkit/core": "^1.0.1-alpha.13"
      }
    },
    "node_modules/@deepkit/core": {
      "version": "1.0.1-alpha.89",
      "resolved": "https://registry.npmjs.org/@deepkit/core/-/core-1.0.1-alpha.89.tgz",
      "integrity": "sha512-jPZrAywuo70fsy8+ORO5lcCse5x0yLEP6Axnd4cg8HnByQK9sqtTP6VieAlIK5d2Li3TOoSHiSNiV2kxQsjpDw==",
      "dev": true,
      "dependencies": {
        "dot-prop": "^5.1.1",
        "to-fast-properties": "^3.0.1"
      }
    },
    "node_modules/@deepkit/type-compiler": {
      "version": "1.0.1-alpha.89",
      "resolved": "https://registry.npmjs.org/@deepkit/type-compiler/-/type-compiler-1.0.1-alpha.89.tgz",
      "integrity": "sha512-K+GAufjSepQsG6vkRAMErIeKno0BFCycSPWT/fWEjP6PtuWkTrgpi7vZKbXJsxV+yFoa/ePV1PKa4x2hkIv1xg==",
      "dev": true,
      "hasInstallScript": true,
      "dependencies": {
        "@deepkit/type-spec": "^1.0.1-alpha.89",
        "@marcj/ts-clone-node": "^2.0.0",
        "@typescript/vfs": "^1.4.0",
        "lz-string": "^1.4.4",
        "micromatch": "^4.0.5",
        "strip-json-comments": "^3.1.1"
      },
      "bin": {
        "deepkit-type-install": "dist/cjs/install-transformer.js"
      },
      "peerDependencies": {
        "typescript": "^4.8.2"
      }
    },
    "node_modules/@deepkit/type-spec": {
      "version": "1.0.1-alpha.89",
      "resolved": "https://registry.npmjs.org/@deepkit/type-spec/-/type-spec-1.0.1-alpha.89.tgz",
      "integrity": "sha512-g+KTTw5FqtKYHlYInfxd+7sSv2M1XI9GFfzrxvpp8f5FxU/bU3sGzAcd2dXU4ksu1Z+PwoJsLV363OrT+3gmqQ=="
    },
    "node_modules/@marcj/ts-clone-node": {
      "version": "2.0.0",
      "resolved": "https://registry.npmjs.org/@marcj/ts-clone-node/-/ts-clone-node-2.0.0.tgz",
      "integrity": "sha512-GPafMHAdvXPOFzJ8mtnOa+S4NR+fWQEggKo1laAejeSzzp9k223xZjogkNQSVLrzn8sinHCkvJv9f7nVaX3gPQ==",
      "dev": true,
      "dependencies": {
        "compatfactory": "^1.0.1"
      },
      "engines": {
        "node": ">=14.9.0"
      },
      "funding": {
        "type": "github",
        "url": "https://github.com/wessberg/ts-clone-node?sponsor=1"
      },
      "peerDependencies": {
        "typescript": "^4.8"
      }
    },
    "node_modules/@noble/hashes": {
      "version": "1.2.0",
      "resolved": "https://registry.npmjs.org/@noble/hashes/-/hashes-1.2.0.tgz",
      "integrity": "sha512-FZfhjEDbT5GRswV3C6uvLPHMiVD6lQBmpoX5+eSiPaMTXte/IKqI5dykDxzZB/WBeK/CDuQRBWarPdi3FNY2zQ==",
      "funding": [
        {
          "type": "individual",
          "url": "https://paulmillr.com/funding/"
        }
      ]
    },
    "node_modules/@paralleldrive/cuid2": {
      "version": "2.2.0",
      "resolved": "https://registry.npmjs.org/@paralleldrive/cuid2/-/cuid2-2.2.0.tgz",
      "integrity": "sha512-CVQDpPIUHrUGGLdrMGz1NmqZvqmsB2j2rCIQEu1EvxWjlFh4fhvEGmgR409cY20/67/WlJsggenq0no3p3kYsw==",
      "dependencies": {
        "@noble/hashes": "^1.1.5"
      }
    },
    "node_modules/@types/lz-string": {
      "version": "1.3.34",
      "resolved": "https://registry.npmjs.org/@types/lz-string/-/lz-string-1.3.34.tgz",
      "integrity": "sha512-j6G1e8DULJx3ONf6NdR5JiR2ZY3K3PaaqiEuKYkLQO0Czfi1AzrtjfnfCROyWGeDd5IVMKCwsgSmMip9OWijow==",
      "dev": true
    },
    "node_modules/@types/node": {
      "version": "14.14.28",
      "resolved": "https://registry.npmjs.org/@types/node/-/node-14.14.28.tgz",
      "integrity": "sha512-lg55ArB+ZiHHbBBttLpzD07akz0QPrZgUODNakeC09i62dnrywr9mFErHuaPlB6I7z+sEbK+IYmplahvplCj2g==",
      "dev": true
    },
    "node_modules/@types/uuid": {
      "version": "8.3.4",
      "resolved": "https://registry.npmjs.org/@types/uuid/-/uuid-8.3.4.tgz",
      "integrity": "sha512-c/I8ZRb51j+pYGAu5CrFMRxqZ2ke4y2grEBO5AUjgSkSk+qT2Ea+OdWElz/OiMf5MNpn2b17kuVBwZLQJXzihw=="
    },
    "node_modules/@typescript/vfs": {
      "version": "1.4.0",
      "resolved": "https://registry.npmjs.org/@typescript/vfs/-/vfs-1.4.0.tgz",
      "integrity": "sha512-Pood7yv5YWMIX+yCHo176OnF8WUlKGImFG7XlsuH14Zb1YN5+dYD3uUtS7lqZtsH7tAveNUi2NzdpQCN0yRbaw==",
      "dev": true,
      "dependencies": {
        "debug": "^4.1.1"
      }
    },
    "node_modules/base64-js": {
      "version": "1.5.1",
      "resolved": "https://registry.npmjs.org/base64-js/-/base64-js-1.5.1.tgz",
      "integrity": "sha512-AKpaYlHn8t4SVbOHCy+b5+KKgvR4vrsD8vbvrbiQJps7fKDTkjkDry6ji0rUJjC0kzbNePLwzxq8iypo41qeWA==",
      "funding": [
        {
          "type": "github",
          "url": "https://github.com/sponsors/feross"
        },
        {
          "type": "patreon",
          "url": "https://www.patreon.com/feross"
        },
        {
          "type": "consulting",
          "url": "https://feross.org/support"
        }
      ]
    },
    "node_modules/braces": {
      "version": "3.0.2",
      "resolved": "https://registry.npmjs.org/braces/-/braces-3.0.2.tgz",
      "integrity": "sha512-b8um+L1RzM3WDSzvhm6gIz1yfTbBt6YTlcEKAvsmqCZZFw46z626lVj9j1yEPW33H5H+lBQpZMP1k8l+78Ha0A==",
      "dev": true,
      "dependencies": {
        "fill-range": "^7.0.1"
      },
      "engines": {
        "node": ">=8"
      }
    },
    "node_modules/buffer": {
      "version": "5.7.1",
      "resolved": "https://registry.npmjs.org/buffer/-/buffer-5.7.1.tgz",
      "integrity": "sha512-EHcyIPBQ4BSGlvjB16k5KgAJ27CIsHY/2JBmCRReo48y9rQ3MaUzWX3KVlBa4U7MyX02HdVj0K7C3WaB3ju7FQ==",
      "funding": [
        {
          "type": "github",
          "url": "https://github.com/sponsors/feross"
        },
        {
          "type": "patreon",
          "url": "https://www.patreon.com/feross"
        },
        {
          "type": "consulting",
          "url": "https://feross.org/support"
        }
      ],
      "dependencies": {
        "base64-js": "^1.3.1",
        "ieee754": "^1.1.13"
      }
    },
    "node_modules/compatfactory": {
      "version": "1.0.1",
      "resolved": "https://registry.npmjs.org/compatfactory/-/compatfactory-1.0.1.tgz",
      "integrity": "sha512-hR9u0HSZTKDNNchPtMHg6myeNx0XO+av7UZIJPsi4rPALJBHi/W5Mbwi19hC/xm6y3JkYpxVYjTqnSGsU5X/iw==",
      "dev": true,
      "dependencies": {
        "helpertypes": "^0.0.18"
      },
      "engines": {
        "node": ">=14.9.0"
      },
      "peerDependencies": {
        "typescript": ">=3.x || >= 4.x"
      }
    },
    "node_modules/debug": {
      "version": "4.3.4",
      "resolved": "https://registry.npmjs.org/debug/-/debug-4.3.4.tgz",
      "integrity": "sha512-PRWFHuSU3eDtQJPvnNY7Jcket1j0t5OuOsFzPPzsekD52Zl8qUfFIPEiswXqIvHWGVHOgX+7G/vCNNhehwxfkQ==",
      "dev": true,
      "dependencies": {
        "ms": "2.1.2"
      },
      "engines": {
        "node": ">=6.0"
      },
      "peerDependenciesMeta": {
        "supports-color": {
          "optional": true
        }
      }
    },
    "node_modules/dot-prop": {
      "version": "5.3.0",
      "resolved": "https://registry.npmjs.org/dot-prop/-/dot-prop-5.3.0.tgz",
      "integrity": "sha512-QM8q3zDe58hqUqjraQOmzZ1LIH9SWQJTlEKCH4kJ2oQvLZk7RbQXvtDM2XEq3fwkV9CCvvH4LA0AV+ogFsBM2Q==",
      "dev": true,
      "dependencies": {
        "is-obj": "^2.0.0"
      },
      "engines": {
        "node": ">=8"
      }
    },
    "node_modules/fill-range": {
      "version": "7.0.1",
      "resolved": "https://registry.npmjs.org/fill-range/-/fill-range-7.0.1.tgz",
      "integrity": "sha512-qOo9F+dMUmC2Lcb4BbVvnKJxTPjCm+RRpe4gDuGrzkL7mEVl/djYSu2OdQ2Pa302N4oqkSg9ir6jaLWJ2USVpQ==",
      "dev": true,
      "dependencies": {
        "to-regex-range": "^5.0.1"
      },
      "engines": {
        "node": ">=8"
      }
    },
    "node_modules/helpertypes": {
      "version": "0.0.18",
      "resolved": "https://registry.npmjs.org/helpertypes/-/helpertypes-0.0.18.tgz",
      "integrity": "sha512-XRhfbSEmR+poXUC5/8AbmYNJb2riOT6qPzjGJZr0S9YedHiaY+/tzPYzWMUclYMEdCYo/1l8PDYrQFCj02v97w==",
      "dev": true,
      "engines": {
        "node": ">=10.0.0"
      }
    },
    "node_modules/ieee754": {
      "version": "1.2.1",
      "resolved": "https://registry.npmjs.org/ieee754/-/ieee754-1.2.1.tgz",
      "integrity": "sha512-dcyqhDvX1C46lXZcVqCpK+FtMRQVdIMN6/Df5js2zouUsqG7I6sFxitIC+7KYK29KdXOLHdu9zL4sFnoVQnqaA==",
      "funding": [
        {
          "type": "github",
          "url": "https://github.com/sponsors/feross"
        },
        {
          "type": "patreon",
          "url": "https://www.patreon.com/feross"
        },
        {
          "type": "consulting",
          "url": "https://feross.org/support"
        }
      ]
    },
    "node_modules/is-number": {
      "version": "7.0.0",
      "resolved": "https://registry.npmjs.org/is-number/-/is-number-7.0.0.tgz",
      "integrity": "sha512-41Cifkg6e8TylSpdtTpeLVMqvSBEVzTttHvERD741+pnZ8ANv0004MRL43QKPDlK9cGvNp6NZWZUBlbGXYxxng==",
      "dev": true,
      "engines": {
        "node": ">=0.12.0"
      }
    },
    "node_modules/is-obj": {
      "version": "2.0.0",
      "resolved": "https://registry.npmjs.org/is-obj/-/is-obj-2.0.0.tgz",
      "integrity": "sha512-drqDG3cbczxxEJRoOXcOjtdp1J/lyp1mNn0xaznRs8+muBhgQcrnbspox5X5fOw0HnMnbfDzvnEMEtqDEJEo8w==",
      "dev": true,
      "engines": {
        "node": ">=8"
      }
    },
    "node_modules/lz-string": {
      "version": "1.4.4",
      "resolved": "https://registry.npmjs.org/lz-string/-/lz-string-1.4.4.tgz",
      "integrity": "sha512-0ckx7ZHRPqb0oUm8zNr+90mtf9DQB60H1wMCjBtfi62Kl3a7JbHob6gA2bC+xRvZoOL+1hzUK8jeuEIQE8svEQ==",
      "dev": true,
      "bin": {
        "lz-string": "bin/bin.js"
      }
    },
    "node_modules/micromatch": {
      "version": "4.0.5",
      "resolved": "https://registry.npmjs.org/micromatch/-/micromatch-4.0.5.tgz",
      "integrity": "sha512-DMy+ERcEW2q8Z2Po+WNXuw3c5YaUSFjAO5GsJqfEl7UjvtIuFKO6ZrKvcItdy98dwFI2N1tg3zNIdKaQT+aNdA==",
      "dev": true,
      "dependencies": {
        "braces": "^3.0.2",
        "picomatch": "^2.3.1"
      },
      "engines": {
        "node": ">=8.6"
      }
    },
    "node_modules/ms": {
      "version": "2.1.2",
      "resolved": "https://registry.npmjs.org/ms/-/ms-2.1.2.tgz",
      "integrity": "sha512-sGkPx+VjMtmA6MX27oA4FBFELFCZZ4S4XqeGOXCv68tT+jb3vk/RyaKWP0PTKyWtmLSM0b+adUTEvbs1PEaH2w==",
      "dev": true
    },
    "node_modules/picomatch": {
      "version": "2.3.1",
      "resolved": "https://registry.npmjs.org/picomatch/-/picomatch-2.3.1.tgz",
      "integrity": "sha512-JU3teHTNjmE2VCGFzuY8EXzCDVwEqB2a8fsIvwaStHhAWJEeVd1o1QD80CU6+ZdEXXSLbSsuLwJjkCBWqRQUVA==",
      "dev": true,
      "engines": {
        "node": ">=8.6"
      },
      "funding": {
        "url": "https://github.com/sponsors/jonschlinkert"
      }
    },
    "node_modules/strip-json-comments": {
      "version": "3.1.1",
      "resolved": "https://registry.npmjs.org/strip-json-comments/-/strip-json-comments-3.1.1.tgz",
      "integrity": "sha512-6fPc+R4ihwqP6N/aIv2f1gMH8lOVtWQHoqC4yK6oSDVVocumAsfCqjkXnqiYMhmMwS/mEHLp7Vehlt3ql6lEig==",
      "dev": true,
      "engines": {
        "node": ">=8"
      },
      "funding": {
        "url": "https://github.com/sponsors/sindresorhus"
      }
    },
    "node_modules/to-fast-properties": {
      "version": "3.0.1",
      "resolved": "https://registry.npmjs.org/to-fast-properties/-/to-fast-properties-3.0.1.tgz",
      "integrity": "sha512-/wtNi1tW1F3nf0OL6AqVxGw9Tr1ET70InMhJuVxPwFdGqparF0nQ4UWGLf2DsoI2bFDtthlBnALncZpUzOnsUw==",
      "dev": true,
      "engines": {
        "node": ">=8"
      },
      "funding": {
        "url": "https://github.com/sponsors/sindresorhus"
      }
    },
    "node_modules/to-regex-range": {
      "version": "5.0.1",
      "resolved": "https://registry.npmjs.org/to-regex-range/-/to-regex-range-5.0.1.tgz",
      "integrity": "sha512-65P7iz6X5yEr1cwcgvQxbbIw7Uk3gOy5dIdtZ4rDveLqhrdJP+Li/Hx6tyK0NEb+2GCyneCMJiGqrADCSNk8sQ==",
      "dev": true,
      "dependencies": {
        "is-number": "^7.0.0"
      },
      "engines": {
        "node": ">=8.0"
      }
    },
    "node_modules/typescript": {
      "version": "4.9.5",
      "resolved": "https://registry.npmjs.org/typescript/-/typescript-4.9.5.tgz",
      "integrity": "sha512-1FXk9E2Hm+QzZQ7z+McJiHL4NW1F2EzMu9Nq9i3zAaGqibafqYwCVU6WyWAuyQRRzOlxou8xZSyXLEN8oKj24g==",
      "dev": true,
      "peer": true,
      "bin": {
        "tsc": "bin/tsc",
        "tsserver": "bin/tsserver"
      },
      "engines": {
        "node": ">=4.2.0"
      }
    },
    "node_modules/uuid": {
      "version": "8.3.2",
      "resolved": "https://registry.npmjs.org/uuid/-/uuid-8.3.2.tgz",
      "integrity": "sha512-+NYs2QeMWy+GWFOEm9xnn6HCDp0l7QBD7ml8zLUmJ+93Q5NF0NocErnwkTkXVFNiX3/fpC6afS8Dhb/gz7R7eg==",
      "bin": {
        "uuid": "dist/bin/uuid"
      }
    }
  },
  "dependencies": {
    "@deepkit/core": {
      "version": "1.0.1-alpha.89",
      "resolved": "https://registry.npmjs.org/@deepkit/core/-/core-1.0.1-alpha.89.tgz",
      "integrity": "sha512-jPZrAywuo70fsy8+ORO5lcCse5x0yLEP6Axnd4cg8HnByQK9sqtTP6VieAlIK5d2Li3TOoSHiSNiV2kxQsjpDw==",
      "dev": true,
      "requires": {
        "dot-prop": "^5.1.1",
        "to-fast-properties": "^3.0.1"
      }
    },
    "@deepkit/type-compiler": {
      "version": "1.0.1-alpha.89",
      "resolved": "https://registry.npmjs.org/@deepkit/type-compiler/-/type-compiler-1.0.1-alpha.89.tgz",
      "integrity": "sha512-K+GAufjSepQsG6vkRAMErIeKno0BFCycSPWT/fWEjP6PtuWkTrgpi7vZKbXJsxV+yFoa/ePV1PKa4x2hkIv1xg==",
      "dev": true,
      "requires": {
        "@deepkit/type-spec": "^1.0.1-alpha.89",
        "@marcj/ts-clone-node": "^2.0.0",
        "@typescript/vfs": "^1.4.0",
        "lz-string": "^1.4.4",
        "micromatch": "^4.0.5",
        "strip-json-comments": "^3.1.1"
      }
    },
    "@deepkit/type-spec": {
      "version": "1.0.1-alpha.89",
      "resolved": "https://registry.npmjs.org/@deepkit/type-spec/-/type-spec-1.0.1-alpha.89.tgz",
      "integrity": "sha512-g+KTTw5FqtKYHlYInfxd+7sSv2M1XI9GFfzrxvpp8f5FxU/bU3sGzAcd2dXU4ksu1Z+PwoJsLV363OrT+3gmqQ=="
    },
    "@marcj/ts-clone-node": {
      "version": "2.0.0",
      "resolved": "https://registry.npmjs.org/@marcj/ts-clone-node/-/ts-clone-node-2.0.0.tgz",
      "integrity": "sha512-GPafMHAdvXPOFzJ8mtnOa+S4NR+fWQEggKo1laAejeSzzp9k223xZjogkNQSVLrzn8sinHCkvJv9f7nVaX3gPQ==",
      "dev": true,
      "requires": {
        "compatfactory": "^1.0.1"
      }
    },
    "@noble/hashes": {
      "version": "1.2.0",
      "resolved": "https://registry.npmjs.org/@noble/hashes/-/hashes-1.2.0.tgz",
      "integrity": "sha512-FZfhjEDbT5GRswV3C6uvLPHMiVD6lQBmpoX5+eSiPaMTXte/IKqI5dykDxzZB/WBeK/CDuQRBWarPdi3FNY2zQ=="
    },
    "@paralleldrive/cuid2": {
      "version": "2.2.0",
      "resolved": "https://registry.npmjs.org/@paralleldrive/cuid2/-/cuid2-2.2.0.tgz",
      "integrity": "sha512-CVQDpPIUHrUGGLdrMGz1NmqZvqmsB2j2rCIQEu1EvxWjlFh4fhvEGmgR409cY20/67/WlJsggenq0no3p3kYsw==",
      "requires": {
        "@noble/hashes": "^1.1.5"
      }
    },
    "@types/lz-string": {
      "version": "1.3.34",
      "resolved": "https://registry.npmjs.org/@types/lz-string/-/lz-string-1.3.34.tgz",
      "integrity": "sha512-j6G1e8DULJx3ONf6NdR5JiR2ZY3K3PaaqiEuKYkLQO0Czfi1AzrtjfnfCROyWGeDd5IVMKCwsgSmMip9OWijow==",
      "dev": true
    },
    "@types/node": {
      "version": "14.14.28",
      "resolved": "https://registry.npmjs.org/@types/node/-/node-14.14.28.tgz",
      "integrity": "sha512-lg55ArB+ZiHHbBBttLpzD07akz0QPrZgUODNakeC09i62dnrywr9mFErHuaPlB6I7z+sEbK+IYmplahvplCj2g==",
      "dev": true
    },
    "@types/uuid": {
      "version": "8.3.4",
      "resolved": "https://registry.npmjs.org/@types/uuid/-/uuid-8.3.4.tgz",
      "integrity": "sha512-c/I8ZRb51j+pYGAu5CrFMRxqZ2ke4y2grEBO5AUjgSkSk+qT2Ea+OdWElz/OiMf5MNpn2b17kuVBwZLQJXzihw=="
    },
    "@typescript/vfs": {
      "version": "1.4.0",
      "resolved": "https://registry.npmjs.org/@typescript/vfs/-/vfs-1.4.0.tgz",
      "integrity": "sha512-Pood7yv5YWMIX+yCHo176OnF8WUlKGImFG7XlsuH14Zb1YN5+dYD3uUtS7lqZtsH7tAveNUi2NzdpQCN0yRbaw==",
      "dev": true,
      "requires": {
        "debug": "^4.1.1"
      }
    },
    "base64-js": {
      "version": "1.5.1",
      "resolved": "https://registry.npmjs.org/base64-js/-/base64-js-1.5.1.tgz",
      "integrity": "sha512-AKpaYlHn8t4SVbOHCy+b5+KKgvR4vrsD8vbvrbiQJps7fKDTkjkDry6ji0rUJjC0kzbNePLwzxq8iypo41qeWA=="
    },
    "braces": {
      "version": "3.0.2",
      "resolved": "https://registry.npmjs.org/braces/-/braces-3.0.2.tgz",
      "integrity": "sha512-b8um+L1RzM3WDSzvhm6gIz1yfTbBt6YTlcEKAvsmqCZZFw46z626lVj9j1yEPW33H5H+lBQpZMP1k8l+78Ha0A==",
      "dev": true,
      "requires": {
        "fill-range": "^7.0.1"
      }
    },
    "buffer": {
      "version": "5.7.1",
      "resolved": "https://registry.npmjs.org/buffer/-/buffer-5.7.1.tgz",
      "integrity": "sha512-EHcyIPBQ4BSGlvjB16k5KgAJ27CIsHY/2JBmCRReo48y9rQ3MaUzWX3KVlBa4U7MyX02HdVj0K7C3WaB3ju7FQ==",
      "requires": {
        "base64-js": "^1.3.1",
        "ieee754": "^1.1.13"
      }
    },
    "compatfactory": {
      "version": "1.0.1",
      "resolved": "https://registry.npmjs.org/compatfactory/-/compatfactory-1.0.1.tgz",
      "integrity": "sha512-hR9u0HSZTKDNNchPtMHg6myeNx0XO+av7UZIJPsi4rPALJBHi/W5Mbwi19hC/xm6y3JkYpxVYjTqnSGsU5X/iw==",
      "dev": true,
      "requires": {
        "helpertypes": "^0.0.18"
      }
    },
    "debug": {
      "version": "4.3.4",
      "resolved": "https://registry.npmjs.org/debug/-/debug-4.3.4.tgz",
      "integrity": "sha512-PRWFHuSU3eDtQJPvnNY7Jcket1j0t5OuOsFzPPzsekD52Zl8qUfFIPEiswXqIvHWGVHOgX+7G/vCNNhehwxfkQ==",
      "dev": true,
      "requires": {
        "ms": "2.1.2"
      }
    },
    "dot-prop": {
      "version": "5.3.0",
      "resolved": "https://registry.npmjs.org/dot-prop/-/dot-prop-5.3.0.tgz",
      "integrity": "sha512-QM8q3zDe58hqUqjraQOmzZ1LIH9SWQJTlEKCH4kJ2oQvLZk7RbQXvtDM2XEq3fwkV9CCvvH4LA0AV+ogFsBM2Q==",
      "dev": true,
      "requires": {
        "is-obj": "^2.0.0"
      }
    },
    "fill-range": {
      "version": "7.0.1",
      "resolved": "https://registry.npmjs.org/fill-range/-/fill-range-7.0.1.tgz",
      "integrity": "sha512-qOo9F+dMUmC2Lcb4BbVvnKJxTPjCm+RRpe4gDuGrzkL7mEVl/djYSu2OdQ2Pa302N4oqkSg9ir6jaLWJ2USVpQ==",
      "dev": true,
      "requires": {
        "to-regex-range": "^5.0.1"
      }
    },
    "helpertypes": {
      "version": "0.0.18",
      "resolved": "https://registry.npmjs.org/helpertypes/-/helpertypes-0.0.18.tgz",
      "integrity": "sha512-XRhfbSEmR+poXUC5/8AbmYNJb2riOT6qPzjGJZr0S9YedHiaY+/tzPYzWMUclYMEdCYo/1l8PDYrQFCj02v97w==",
      "dev": true
    },
    "ieee754": {
      "version": "1.2.1",
      "resolved": "https://registry.npmjs.org/ieee754/-/ieee754-1.2.1.tgz",
      "integrity": "sha512-dcyqhDvX1C46lXZcVqCpK+FtMRQVdIMN6/Df5js2zouUsqG7I6sFxitIC+7KYK29KdXOLHdu9zL4sFnoVQnqaA=="
    },
    "is-number": {
      "version": "7.0.0",
      "resolved": "https://registry.npmjs.org/is-number/-/is-number-7.0.0.tgz",
      "integrity": "sha512-41Cifkg6e8TylSpdtTpeLVMqvSBEVzTttHvERD741+pnZ8ANv0004MRL43QKPDlK9cGvNp6NZWZUBlbGXYxxng==",
      "dev": true
    },
    "is-obj": {
      "version": "2.0.0",
      "resolved": "https://registry.npmjs.org/is-obj/-/is-obj-2.0.0.tgz",
      "integrity": "sha512-drqDG3cbczxxEJRoOXcOjtdp1J/lyp1mNn0xaznRs8+muBhgQcrnbspox5X5fOw0HnMnbfDzvnEMEtqDEJEo8w==",
      "dev": true
    },
    "lz-string": {
      "version": "1.4.4",
      "resolved": "https://registry.npmjs.org/lz-string/-/lz-string-1.4.4.tgz",
      "integrity": "sha512-0ckx7ZHRPqb0oUm8zNr+90mtf9DQB60H1wMCjBtfi62Kl3a7JbHob6gA2bC+xRvZoOL+1hzUK8jeuEIQE8svEQ==",
      "dev": true
    },
    "micromatch": {
      "version": "4.0.5",
      "resolved": "https://registry.npmjs.org/micromatch/-/micromatch-4.0.5.tgz",
      "integrity": "sha512-DMy+ERcEW2q8Z2Po+WNXuw3c5YaUSFjAO5GsJqfEl7UjvtIuFKO6ZrKvcItdy98dwFI2N1tg3zNIdKaQT+aNdA==",
      "dev": true,
      "requires": {
        "braces": "^3.0.2",
        "picomatch": "^2.3.1"
      }
    },
    "ms": {
      "version": "2.1.2",
      "resolved": "https://registry.npmjs.org/ms/-/ms-2.1.2.tgz",
      "integrity": "sha512-sGkPx+VjMtmA6MX27oA4FBFELFCZZ4S4XqeGOXCv68tT+jb3vk/RyaKWP0PTKyWtmLSM0b+adUTEvbs1PEaH2w==",
      "dev": true
    },
    "picomatch": {
      "version": "2.3.1",
      "resolved": "https://registry.npmjs.org/picomatch/-/picomatch-2.3.1.tgz",
      "integrity": "sha512-JU3teHTNjmE2VCGFzuY8EXzCDVwEqB2a8fsIvwaStHhAWJEeVd1o1QD80CU6+ZdEXXSLbSsuLwJjkCBWqRQUVA==",
      "dev": true
    },
    "strip-json-comments": {
      "version": "3.1.1",
      "resolved": "https://registry.npmjs.org/strip-json-comments/-/strip-json-comments-3.1.1.tgz",
      "integrity": "sha512-6fPc+R4ihwqP6N/aIv2f1gMH8lOVtWQHoqC4yK6oSDVVocumAsfCqjkXnqiYMhmMwS/mEHLp7Vehlt3ql6lEig==",
      "dev": true
    },
    "to-fast-properties": {
      "version": "3.0.1",
      "resolved": "https://registry.npmjs.org/to-fast-properties/-/to-fast-properties-3.0.1.tgz",
      "integrity": "sha512-/wtNi1tW1F3nf0OL6AqVxGw9Tr1ET70InMhJuVxPwFdGqparF0nQ4UWGLf2DsoI2bFDtthlBnALncZpUzOnsUw==",
      "dev": true
    },
    "to-regex-range": {
      "version": "5.0.1",
      "resolved": "https://registry.npmjs.org/to-regex-range/-/to-regex-range-5.0.1.tgz",
      "integrity": "sha512-65P7iz6X5yEr1cwcgvQxbbIw7Uk3gOy5dIdtZ4rDveLqhrdJP+Li/Hx6tyK0NEb+2GCyneCMJiGqrADCSNk8sQ==",
      "dev": true,
      "requires": {
        "is-number": "^7.0.0"
      }
    },
    "typescript": {
      "version": "4.9.5",
      "resolved": "https://registry.npmjs.org/typescript/-/typescript-4.9.5.tgz",
      "integrity": "sha512-1FXk9E2Hm+QzZQ7z+McJiHL4NW1F2EzMu9Nq9i3zAaGqibafqYwCVU6WyWAuyQRRzOlxou8xZSyXLEN8oKj24g==",
      "dev": true,
      "peer": true
    },
    "uuid": {
      "version": "8.3.2",
      "resolved": "https://registry.npmjs.org/uuid/-/uuid-8.3.2.tgz",
      "integrity": "sha512-+NYs2QeMWy+GWFOEm9xnn6HCDp0l7QBD7ml8zLUmJ+93Q5NF0NocErnwkTkXVFNiX3/fpC6afS8Dhb/gz7R7eg=="
    }
  }
}
