{
	"name": "@deepkit/mongo",
	"version": "1.0.1-alpha.75",
	"lockfileVersion": 2,
	"requires": true,
	"packages": {
		"": {
			"name": "@deepkit/mongo",
			"version": "1.0.1-alpha.75",
			"license": "MIT",
			"dependencies": {
				"saslprep": "^1.0.3",
				"turbo-net": "deepkit/turbo-net#1.5.0"
			},
			"devDependencies": {
				"@types/mongodb": "3.5.25",
				"@types/node": "14.14.28",
				"mongodb": "3.6.0"
			},
			"peerDependencies": {
				"@deepkit/bson": "^1.0.1-alpha.13",
				"@deepkit/core": "^1.0.1-alpha.13",
				"@deepkit/crypto": "^1.0.1-alpha.13",
				"@deepkit/orm": "^1.0.1-alpha.13",
				"@deepkit/type": "^1.0.1-alpha.13"
			}
		},
		"../app": {
			"name": "@deepkit/app",
			"version": "1.0.1-alpha.71",
			"extraneous": true,
			"license": "MIT",
			"dependencies": {
				"@oclif/command": "^1.8.16",
				"@oclif/config": "^1.18.2",
				"@oclif/errors": "^1.3.5"
			},
			"devDependencies": {
				"@deepkit/core": "^1.0.1-alpha.65",
				"@deepkit/event": "^1.0.1-alpha.71",
				"@deepkit/injector": "^1.0.1-alpha.71",
				"@deepkit/stopwatch": "^1.0.1-alpha.71",
				"@deepkit/type": "^1.0.1-alpha.71",
				"@deepkit/workflow": "^1.0.1-alpha.71",
				"conditional-type-checks": "^1.0.5"
			},
			"peerDependencies": {
				"@deepkit/core": "^1.0.1-alpha.13",
				"@deepkit/event": "^1.0.1-alpha.13",
				"@deepkit/injector": "^1.0.1-alpha.13",
				"@deepkit/stopwatch": "^1.0.1-alpha.13",
				"@deepkit/type": "^1.0.1-alpha.13",
				"@deepkit/workflow": "^1.0.1-alpha.13"
			}
		},
		"../bson": {
			"name": "@deepkit/bson",
			"version": "1.0.1-alpha.75",
			"extraneous": true,
			"license": "MIT",
			"dependencies": {
				"@deepkit/crypto": "^1.0.1-alpha.72"
			},
			"devDependencies": {
				"@deepkit/core": "^1.0.1-alpha.75",
				"@deepkit/type": "^1.0.1-alpha.75",
				"@types/bson": "^4.0.3",
				"@types/node": "14.14.28",
				"bson": "^4.4.0",
				"bson-ext": "^4.0.0"
			},
			"peerDependencies": {
				"@deepkit/core": "^1.0.1-alpha.13",
				"@deepkit/type": "^1.0.1-alpha.13"
			}
		},
		"../core": {
			"name": "@deepkit/core",
			"version": "1.0.1-alpha.75",
			"extraneous": true,
			"license": "MIT",
			"dependencies": {
				"dot-prop": "^5.1.1",
				"to-fast-properties": "^3.0.1"
			},
			"devDependencies": {
				"@types/dot-prop": "~4.2.0"
			}
		},
		"../crypto": {
			"name": "@deepkit/crypto",
			"version": "1.0.1-alpha.72",
			"extraneous": true,
			"license": "MIT"
		},
		"../event": {
			"name": "@deepkit/event",
			"version": "1.0.1-alpha.75",
			"extraneous": true,
			"license": "MIT",
			"devDependencies": {
				"@deepkit/core": "^1.0.1-alpha.75",
				"@deepkit/injector": "^1.0.1-alpha.75",
				"@deepkit/type": "^1.0.1-alpha.75"
			},
			"peerDependencies": {
				"@deepkit/core": "^1.0.1-alpha.13",
				"@deepkit/injector": "^1.0.1-alpha.13",
				"@deepkit/type": "^1.0.1-alpha.13"
			}
		},
		"../injector": {
			"name": "@deepkit/injector",
			"version": "1.0.1-alpha.75",
			"extraneous": true,
			"license": "MIT",
			"devDependencies": {
				"@deepkit/core": "^1.0.1-alpha.75",
				"@deepkit/type": "^1.0.1-alpha.75",
				"benchmark": "^2.1.4"
			},
			"peerDependencies": {
				"@deepkit/core": "^1.0.1-alpha.13",
				"@deepkit/type": "^1.0.1-alpha.13"
			}
		},
		"../logger": {
			"name": "@deepkit/logger",
			"version": "1.0.1-alpha.75",
			"extraneous": true,
			"license": "MIT",
			"dependencies": {
				"@types/format-util": "^1.0.1",
				"ansi-styles": "^4.3.0",
				"format-util": "^1.0.5"
			},
			"devDependencies": {
				"@deepkit/core": "^1.0.1-alpha.75"
			},
			"peerDependencies": {
				"@deepkit/core": "^1.0.1-alpha.13"
			}
		},
		"../orm": {
			"name": "@deepkit/orm",
			"version": "1.0.1-alpha.75",
			"extraneous": true,
			"license": "MIT",
			"dependencies": {
				"@deepkit/topsort": "^1.0.1-alpha.72",
				"sift": "^7.0.1"
			},
			"devDependencies": {
				"@deepkit/core": "^1.0.1-alpha.75",
				"@deepkit/event": "^1.0.1-alpha.75",
				"@deepkit/injector": "^1.0.1-alpha.75",
				"@deepkit/logger": "^1.0.1-alpha.75",
				"@deepkit/stopwatch": "^1.0.1-alpha.75",
				"@deepkit/type": "^1.0.1-alpha.75",
				"@types/sqlstring": "^2.2.1",
				"conditional-type-checks": "^1.0.5"
			},
			"peerDependencies": {
				"@deepkit/core": "^1.0.1-alpha.13",
				"@deepkit/event": "^1.0.1-alpha.13",
				"@deepkit/injector": "^1.0.1-alpha.13",
				"@deepkit/logger": "^1.0.1-alpha.13",
				"@deepkit/stopwatch": "^1.0.1-alpha.13",
				"@deepkit/type": "^1.0.1-alpha.13"
			}
		},
		"../orm-integration": {
			"name": "@deepkit/orm-integration",
			"version": "1.0.1-alpha.13",
			"extraneous": true,
			"license": "MIT",
			"devDependencies": {
				"@deepkit/core": "^1.0.1-alpha.0",
				"@deepkit/orm": "^1.0.1-alpha.0",
				"@deepkit/sql": "^1.0.1-alpha.0",
				"@deepkit/type": "^1.0.1-alpha.0"
			},
			"peerDependencies": {
				"@deepkit/core": "^1.0.1-alpha.0",
				"@deepkit/orm": "^1.0.1-alpha.0",
				"@deepkit/sql": "^1.0.1-alpha.0",
				"@deepkit/type": "^1.0.1-alpha.0"
			}
		},
		"../sql": {
			"name": "@deepkit/sql",
			"version": "1.0.1-alpha.71",
			"extraneous": true,
			"license": "MIT",
			"dependencies": {
				"@types/sqlstring": "^2.2.1",
				"date-fns": "^2.17.0",
				"fast-glob": "^3.2.5",
				"sqlstring": "^2.3.2",
				"sqlstring-sqlite": "^0.1.1"
			},
			"bin": {
				"deepkit-sql": "bin/deepkit-sql.js"
			},
			"devDependencies": {
				"@deepkit/app": "^1.0.1-alpha.71",
				"@deepkit/core": "^1.0.1-alpha.65",
				"@deepkit/injector": "^1.0.1-alpha.71",
				"@deepkit/logger": "^1.0.1-alpha.65",
				"@deepkit/orm": "^1.0.1-alpha.71",
				"@deepkit/stopwatch": "^1.0.1-alpha.71",
				"@deepkit/type": "^1.0.1-alpha.71"
			},
			"peerDependencies": {
				"@deepkit/app": "^1.0.1-alpha.13",
				"@deepkit/core": "^1.0.1-alpha.13",
				"@deepkit/injector": "^1.0.1-alpha.13",
				"@deepkit/logger": "^1.0.1-alpha.13",
				"@deepkit/orm": "^1.0.1-alpha.13",
				"@deepkit/stopwatch": "^1.0.1-alpha.13",
				"@deepkit/type": "^1.0.1-alpha.13"
			}
		},
		"../stopwatch": {
			"name": "@deepkit/stopwatch",
			"version": "1.0.1-alpha.75",
			"extraneous": true,
			"license": "MIT",
			"devDependencies": {
				"@deepkit/core": "^1.0.1-alpha.75",
				"@deepkit/type": "^1.0.1-alpha.75"
			},
			"peerDependencies": {
				"@deepkit/core": "^1.0.1-alpha.13",
				"@deepkit/type": "^1.0.1-alpha.13"
			}
		},
		"../topsort": {
			"name": "@deepkit/topsort",
			"version": "1.0.1-alpha.72",
			"extraneous": true,
			"license": "MIT"
		},
		"../type": {
			"name": "@deepkit/type",
			"version": "1.0.1-alpha.75",
			"extraneous": true,
			"license": "MIT",
			"dependencies": {
				"@deepkit/type-spec": "^1.0.1-alpha.74",
				"@types/uuid": "^8.3.0",
				"buffer": "^5.2.1",
				"uuid": "^8.3.2"
			},
			"devDependencies": {
				"@deepkit/core": "^1.0.1-alpha.75",
				"@deepkit/type-compiler": "^1.0.1-alpha.75",
				"@types/lz-string": "^1.3.34",
				"@types/node": "14.14.28",
				"@typescript/vfs": "^1.3.5",
				"lz-string": "^1.4.4"
			},
			"peerDependencies": {
				"@deepkit/core": "^1.0.1-alpha.13"
			}
		},
		"../type-compiler": {
			"name": "@deepkit/type-compiler",
			"version": "1.0.1-alpha.71",
			"extraneous": true,
			"hasInstallScript": true,
			"license": "MIT",
			"dependencies": {
				"@deepkit/type-spec": "^1.0.1-alpha.71",
				"@types/lz-string": "^1.3.34",
				"@typescript/vfs": "^1.3.5",
				"lz-string": "^1.4.4",
				"strip-json-comments": "^3.1.1",
				"ts-clone-node": "^0.3.29"
			},
			"bin": {
				"deepkit-type-install": "dist/cjs/install-transformer.js"
			},
			"devDependencies": {},
			"peerDependencies": {
				"typescript": "~"
			}
		},
		"../type-spec": {
			"name": "@deepkit/type-spec",
			"version": "1.0.1-alpha.71",
			"extraneous": true,
			"license": "MIT"
		},
		"../workflow": {
			"name": "@deepkit/workflow",
			"version": "1.0.1-alpha.71",
			"extraneous": true,
			"license": "MIT",
			"devDependencies": {
				"@deepkit/core": "^1.0.1-alpha.65",
				"@deepkit/event": "^1.0.1-alpha.71",
				"@deepkit/injector": "^1.0.1-alpha.71",
				"@deepkit/stopwatch": "^1.0.1-alpha.71",
				"@deepkit/type": "^1.0.1-alpha.71"
			},
			"peerDependencies": {
				"@deepkit/core": "^1.0.1-alpha.13",
				"@deepkit/event": "^1.0.1-alpha.13",
				"@deepkit/injector": "^1.0.1-alpha.13",
				"@deepkit/stopwatch": "^1.0.1-alpha.13",
				"@deepkit/type": "^1.0.1-alpha.13"
			}
		},
		"node_modules/@types/bson": {
			"version": "4.0.5",
			"dev": true,
			"license": "MIT",
			"dependencies": {
				"@types/node": "*"
			}
		},
		"node_modules/@types/mongodb": {
			"version": "3.5.25",
			"dev": true,
			"license": "MIT",
			"dependencies": {
				"@types/bson": "*",
				"@types/node": "*"
			}
		},
		"node_modules/@types/node": {
			"version": "14.14.28",
			"dev": true,
			"license": "MIT"
		},
		"node_modules/bl": {
			"version": "2.2.1",
			"dev": true,
			"license": "MIT",
			"dependencies": {
				"readable-stream": "^2.3.5",
				"safe-buffer": "^5.1.1"
			}
		},
		"node_modules/bson": {
			"version": "1.1.6",
			"dev": true,
			"license": "Apache-2.0",
			"engines": {
				"node": ">=0.6.19"
			}
		},
		"node_modules/core-util-is": {
			"version": "1.0.2",
			"dev": true,
			"license": "MIT"
		},
		"node_modules/denque": {
			"version": "1.5.1",
			"dev": true,
			"license": "Apache-2.0",
			"engines": {
				"node": ">=0.10"
			}
		},
		"node_modules/inherits": {
			"version": "2.0.4",
			"dev": true,
			"license": "ISC"
		},
		"node_modules/isarray": {
			"version": "1.0.0",
			"dev": true,
			"license": "MIT"
		},
		"node_modules/memory-pager": {
			"version": "1.5.0",
			"license": "MIT"
		},
		"node_modules/mongodb": {
			"version": "3.6.0",
			"dev": true,
			"license": "Apache-2.0",
			"dependencies": {
				"bl": "^2.2.0",
				"bson": "^1.1.4",
				"denque": "^1.4.1",
				"require_optional": "^1.0.1",
				"safe-buffer": "^5.1.2"
			},
			"engines": {
				"node": ">=4"
			},
			"optionalDependencies": {
				"saslprep": "^1.0.0"
			}
		},
		"node_modules/napi-macros": {
			"version": "1.8.2",
			"license": "MIT"
		},
		"node_modules/node-gyp-build": {
			"version": "3.9.0",
			"license": "MIT",
			"bin": {
				"node-gyp-build": "bin.js",
				"node-gyp-build-optional": "optional.js",
				"node-gyp-build-test": "build-test.js"
			}
		},
		"node_modules/process-nextick-args": {
			"version": "2.0.1",
			"dev": true,
			"license": "MIT"
		},
		"node_modules/readable-stream": {
			"version": "2.3.7",
			"dev": true,
			"license": "MIT",
			"dependencies": {
				"core-util-is": "~1.0.0",
				"inherits": "~2.0.3",
				"isarray": "~1.0.0",
				"process-nextick-args": "~2.0.0",
				"safe-buffer": "~5.1.1",
				"string_decoder": "~1.1.1",
				"util-deprecate": "~1.0.1"
			}
		},
		"node_modules/readable-stream/node_modules/safe-buffer": {
			"version": "5.1.2",
			"dev": true,
			"license": "MIT"
		},
		"node_modules/require_optional": {
			"version": "1.0.1",
			"dev": true,
			"license": "Apache-2.0",
			"dependencies": {
				"resolve-from": "^2.0.0",
				"semver": "^5.1.0"
			}
		},
		"node_modules/resolve-from": {
			"version": "2.0.0",
			"dev": true,
			"license": "MIT",
			"engines": {
				"node": ">=0.10.0"
			}
		},
		"node_modules/safe-buffer": {
			"version": "5.2.1",
			"dev": true,
			"funding": [
				{
					"type": "github",
					"url": "https://github.com/sponsors/feross"
				},
				{
					"type": "patreon",
					"url": "https://www.patreon.com/feross"
				},
				{
					"type": "consulting",
					"url": "https://feross.org/support"
				}
			],
			"license": "MIT"
		},
		"node_modules/saslprep": {
			"version": "1.0.3",
			"license": "MIT",
			"dependencies": {
				"sparse-bitfield": "^3.0.3"
			},
			"engines": {
				"node": ">=6"
			}
		},
		"node_modules/semver": {
			"version": "5.7.1",
			"license": "ISC",
			"bin": {
				"semver": "bin/semver"
			}
		},
		"node_modules/sparse-bitfield": {
			"version": "3.0.3",
			"license": "MIT",
			"dependencies": {
				"memory-pager": "^1.0.2"
			}
		},
		"node_modules/string_decoder": {
			"version": "1.1.1",
			"dev": true,
			"license": "MIT",
			"dependencies": {
				"safe-buffer": "~5.1.0"
			}
		},
		"node_modules/string_decoder/node_modules/safe-buffer": {
			"version": "5.1.2",
			"dev": true,
			"license": "MIT"
		},
		"node_modules/turbo-net": {
			"version": "1.4.0",
			"resolved": "git+ssh://git@github.com/deepkit/turbo-net.git#d960414772a5df7db2d6401682638aad710dfca9",
			"hasInstallScript": true,
			"license": "MIT",
			"dependencies": {
				"napi-macros": "^1.3.0",
				"node-gyp-build": "^3.3.0",
				"semver": "^5.5.1",
				"unordered-set": "^2.0.0"
			}
		},
		"node_modules/unordered-set": {
			"version": "2.0.1",
			"license": "MIT"
		},
		"node_modules/util-deprecate": {
			"version": "1.0.2",
			"dev": true,
			"license": "MIT"
		}
	},
	"dependencies": {
		"@types/bson": {
			"version": "4.0.5",
			"dev": true,
			"requires": {
				"@types/node": "*"
			}
		},
		"@types/mongodb": {
			"version": "3.5.25",
			"dev": true,
			"requires": {
				"@types/bson": "*",
				"@types/node": "*"
			}
		},
		"@types/node": {
			"version": "14.14.28",
			"dev": true
		},
		"bl": {
			"version": "2.2.1",
			"dev": true,
			"requires": {
				"readable-stream": "^2.3.5",
				"safe-buffer": "^5.1.1"
			}
		},
		"bson": {
			"version": "1.1.6",
			"dev": true
		},
		"core-util-is": {
			"version": "1.0.2",
			"dev": true
		},
		"denque": {
			"version": "1.5.1",
			"dev": true
		},
		"inherits": {
			"version": "2.0.4",
			"dev": true
		},
		"isarray": {
			"version": "1.0.0",
			"dev": true
		},
		"memory-pager": {
			"version": "1.5.0"
		},
		"mongodb": {
			"version": "3.6.0",
			"dev": true,
			"requires": {
				"bl": "^2.2.0",
				"bson": "^1.1.4",
				"denque": "^1.4.1",
				"require_optional": "^1.0.1",
				"safe-buffer": "^5.1.2",
				"saslprep": "^1.0.0"
			}
		},
		"napi-macros": {
			"version": "1.8.2"
		},
		"node-gyp-build": {
			"version": "3.9.0"
		},
		"process-nextick-args": {
			"version": "2.0.1",
			"dev": true
		},
		"readable-stream": {
			"version": "2.3.7",
			"dev": true,
			"requires": {
				"core-util-is": "~1.0.0",
				"inherits": "~2.0.3",
				"isarray": "~1.0.0",
				"process-nextick-args": "~2.0.0",
				"safe-buffer": "~5.1.1",
				"string_decoder": "~1.1.1",
				"util-deprecate": "~1.0.1"
			},
			"dependencies": {
				"safe-buffer": {
					"version": "5.1.2",
					"dev": true
				}
			}
		},
		"require_optional": {
			"version": "1.0.1",
			"dev": true,
			"requires": {
				"resolve-from": "^2.0.0",
				"semver": "^5.1.0"
			}
		},
		"resolve-from": {
			"version": "2.0.0",
			"dev": true
		},
		"safe-buffer": {
			"version": "5.2.1",
			"dev": true
		},
		"saslprep": {
			"version": "1.0.3",
			"requires": {
				"sparse-bitfield": "^3.0.3"
			}
		},
		"semver": {
			"version": "5.7.1"
		},
		"sparse-bitfield": {
			"version": "3.0.3",
			"requires": {
				"memory-pager": "^1.0.2"
			}
		},
		"string_decoder": {
			"version": "1.1.1",
			"dev": true,
			"requires": {
				"safe-buffer": "~5.1.0"
			},
			"dependencies": {
				"safe-buffer": {
					"version": "5.1.2",
					"dev": true
				}
			}
		},
		"turbo-net": {
			"version": "git+ssh://git@github.com/deepkit/turbo-net.git#d960414772a5df7db2d6401682638aad710dfca9",
			"from": "turbo-net@deepkit/turbo-net#1.5.0",
			"requires": {
				"napi-macros": "^1.3.0",
				"node-gyp-build": "^3.3.0",
				"semver": "^5.5.1",
				"unordered-set": "^2.0.0"
			}
		},
		"unordered-set": {
			"version": "2.0.1"
		},
		"util-deprecate": {
			"version": "1.0.2",
			"dev": true
		}
	}
}
